// !$*UTF8*$!
{
	archiveVersion = 1;
	classes = {
	};
	objectVersion = 48;
	objects = {

/* Begin PBXAggregateTarget section */
		230B47F8200EA87900F46852 /* SwiftLint */ = {
			isa = PBXAggregateTarget;
			buildConfigurationList = 230B47FB200EA87900F46852 /* Build configuration list for PBXAggregateTarget "SwiftLint" */;
			buildPhases = (
				230B47FC200EA89600F46852 /* SwiftLint */,
			);
			dependencies = (
			);
			name = SwiftLint;
			productName = SwiftLint;
		};
		23DC2C7E2014F5DB00270CA3 /* Cleanup whitespace */ = {
			isa = PBXAggregateTarget;
			buildConfigurationList = 23DC2C812014F5DB00270CA3 /* Build configuration list for PBXAggregateTarget "Cleanup whitespace" */;
			buildPhases = (
				23DC2C822014F5E000270CA3 /* ShellScript */,
			);
			dependencies = (
			);
			name = "Cleanup whitespace";
			productName = "Cleanup whitespace";
		};
/* End PBXAggregateTarget section */

/* Begin PBXBuildFile section */
		231FE728201210300077728C /* OperationKeyValueObserverTests.swift in Sources */ = {isa = PBXBuildFile; fileRef = 231FE727201210300077728C /* OperationKeyValueObserverTests.swift */; };
		231FE729201210300077728C /* OperationKeyValueObserverTests.swift in Sources */ = {isa = PBXBuildFile; fileRef = 231FE727201210300077728C /* OperationKeyValueObserverTests.swift */; };
		231FE72A201210300077728C /* OperationKeyValueObserverTests.swift in Sources */ = {isa = PBXBuildFile; fileRef = 231FE727201210300077728C /* OperationKeyValueObserverTests.swift */; };
		232F3AAE206041DE00FC45CB /* Globals.swift in Sources */ = {isa = PBXBuildFile; fileRef = 232F3AAD206041DE00FC45CB /* Globals.swift */; };
		232F3AAF206041DE00FC45CB /* Globals.swift in Sources */ = {isa = PBXBuildFile; fileRef = 232F3AAD206041DE00FC45CB /* Globals.swift */; };
		232F3AB0206041DE00FC45CB /* Globals.swift in Sources */ = {isa = PBXBuildFile; fileRef = 232F3AAD206041DE00FC45CB /* Globals.swift */; };
		232F3AB1206041DE00FC45CB /* Globals.swift in Sources */ = {isa = PBXBuildFile; fileRef = 232F3AAD206041DE00FC45CB /* Globals.swift */; };
		2341308C1F9605F5002BE7FC /* AdvancedOperation.h in Headers */ = {isa = PBXBuildFile; fileRef = 2341308A1F9605F5002BE7FC /* AdvancedOperation.h */; settings = {ATTRIBUTES = (Public, ); }; };
		234130BC1F96076A002BE7FC /* AdvancedOperation.h in Headers */ = {isa = PBXBuildFile; fileRef = 2341308A1F9605F5002BE7FC /* AdvancedOperation.h */; settings = {ATTRIBUTES = (Public, ); }; };
		234130BD1F96076D002BE7FC /* AdvancedOperation.h in Headers */ = {isa = PBXBuildFile; fileRef = 2341308A1F9605F5002BE7FC /* AdvancedOperation.h */; settings = {ATTRIBUTES = (Public, ); }; };
		234130BE1F960770002BE7FC /* AdvancedOperation.h in Headers */ = {isa = PBXBuildFile; fileRef = 2341308A1F9605F5002BE7FC /* AdvancedOperation.h */; settings = {ATTRIBUTES = (Public, ); }; };
		235D08AB206A498400F70142 /* ExclusivityManager.swift in Sources */ = {isa = PBXBuildFile; fileRef = 235D08AA206A494E00F70142 /* ExclusivityManager.swift */; };
		235D08AC206A498400F70142 /* NegatedCondition.swift in Sources */ = {isa = PBXBuildFile; fileRef = 235D08A6206A494D00F70142 /* NegatedCondition.swift */; };
		235D08AD206A498400F70142 /* SilentCondition.swift in Sources */ = {isa = PBXBuildFile; fileRef = 235D08A9206A494E00F70142 /* SilentCondition.swift */; };
		235D08AE206A498400F70142 /* MutuallyExclusiveCondition.swift in Sources */ = {isa = PBXBuildFile; fileRef = 235D08A8206A494E00F70142 /* MutuallyExclusiveCondition.swift */; };
		235D08AF206A498400F70142 /* OperationCondition.swift in Sources */ = {isa = PBXBuildFile; fileRef = 235D08A7206A494E00F70142 /* OperationCondition.swift */; };
		235D08B0206A498400F70142 /* NoCancelledDependenciesCondition.swift in Sources */ = {isa = PBXBuildFile; fileRef = 235D08A4206A494D00F70142 /* NoCancelledDependenciesCondition.swift */; };
		235D08B1206A498400F70142 /* NoFailedDependenciesCondition.swift in Sources */ = {isa = PBXBuildFile; fileRef = 235D08A5206A494D00F70142 /* NoFailedDependenciesCondition.swift */; };
		235D08B2206A498400F70142 /* ExclusivityManager.swift in Sources */ = {isa = PBXBuildFile; fileRef = 235D08AA206A494E00F70142 /* ExclusivityManager.swift */; };
		235D08B3206A498400F70142 /* NegatedCondition.swift in Sources */ = {isa = PBXBuildFile; fileRef = 235D08A6206A494D00F70142 /* NegatedCondition.swift */; };
		235D08B4206A498400F70142 /* SilentCondition.swift in Sources */ = {isa = PBXBuildFile; fileRef = 235D08A9206A494E00F70142 /* SilentCondition.swift */; };
		235D08B5206A498400F70142 /* MutuallyExclusiveCondition.swift in Sources */ = {isa = PBXBuildFile; fileRef = 235D08A8206A494E00F70142 /* MutuallyExclusiveCondition.swift */; };
		235D08B6206A498400F70142 /* OperationCondition.swift in Sources */ = {isa = PBXBuildFile; fileRef = 235D08A7206A494E00F70142 /* OperationCondition.swift */; };
		235D08B7206A498400F70142 /* NoCancelledDependenciesCondition.swift in Sources */ = {isa = PBXBuildFile; fileRef = 235D08A4206A494D00F70142 /* NoCancelledDependenciesCondition.swift */; };
		235D08B8206A498400F70142 /* NoFailedDependenciesCondition.swift in Sources */ = {isa = PBXBuildFile; fileRef = 235D08A5206A494D00F70142 /* NoFailedDependenciesCondition.swift */; };
		235D08B9206A498500F70142 /* ExclusivityManager.swift in Sources */ = {isa = PBXBuildFile; fileRef = 235D08AA206A494E00F70142 /* ExclusivityManager.swift */; };
		235D08BA206A498500F70142 /* NegatedCondition.swift in Sources */ = {isa = PBXBuildFile; fileRef = 235D08A6206A494D00F70142 /* NegatedCondition.swift */; };
		235D08BB206A498500F70142 /* SilentCondition.swift in Sources */ = {isa = PBXBuildFile; fileRef = 235D08A9206A494E00F70142 /* SilentCondition.swift */; };
		235D08BC206A498500F70142 /* MutuallyExclusiveCondition.swift in Sources */ = {isa = PBXBuildFile; fileRef = 235D08A8206A494E00F70142 /* MutuallyExclusiveCondition.swift */; };
		235D08BD206A498500F70142 /* OperationCondition.swift in Sources */ = {isa = PBXBuildFile; fileRef = 235D08A7206A494E00F70142 /* OperationCondition.swift */; };
		235D08BE206A498500F70142 /* NoCancelledDependenciesCondition.swift in Sources */ = {isa = PBXBuildFile; fileRef = 235D08A4206A494D00F70142 /* NoCancelledDependenciesCondition.swift */; };
		235D08BF206A498500F70142 /* NoFailedDependenciesCondition.swift in Sources */ = {isa = PBXBuildFile; fileRef = 235D08A5206A494D00F70142 /* NoFailedDependenciesCondition.swift */; };
		235D08C0206A498500F70142 /* ExclusivityManager.swift in Sources */ = {isa = PBXBuildFile; fileRef = 235D08AA206A494E00F70142 /* ExclusivityManager.swift */; };
		235D08C1206A498500F70142 /* NegatedCondition.swift in Sources */ = {isa = PBXBuildFile; fileRef = 235D08A6206A494D00F70142 /* NegatedCondition.swift */; };
		235D08C2206A498500F70142 /* SilentCondition.swift in Sources */ = {isa = PBXBuildFile; fileRef = 235D08A9206A494E00F70142 /* SilentCondition.swift */; };
		235D08C3206A498500F70142 /* MutuallyExclusiveCondition.swift in Sources */ = {isa = PBXBuildFile; fileRef = 235D08A8206A494E00F70142 /* MutuallyExclusiveCondition.swift */; };
		235D08C4206A498500F70142 /* OperationCondition.swift in Sources */ = {isa = PBXBuildFile; fileRef = 235D08A7206A494E00F70142 /* OperationCondition.swift */; };
		235D08C5206A498500F70142 /* NoCancelledDependenciesCondition.swift in Sources */ = {isa = PBXBuildFile; fileRef = 235D08A4206A494D00F70142 /* NoCancelledDependenciesCondition.swift */; };
		235D08C6206A498500F70142 /* NoFailedDependenciesCondition.swift in Sources */ = {isa = PBXBuildFile; fileRef = 235D08A5206A494D00F70142 /* NoFailedDependenciesCondition.swift */; };
		235D08C9206A6FCA00F70142 /* NoFailedDependenciesConditionTests.swift in Sources */ = {isa = PBXBuildFile; fileRef = 235D08C7206A6FC800F70142 /* NoFailedDependenciesConditionTests.swift */; };
		235D08CA206A6FCA00F70142 /* NoFailedDependenciesConditionTests.swift in Sources */ = {isa = PBXBuildFile; fileRef = 235D08C7206A6FC800F70142 /* NoFailedDependenciesConditionTests.swift */; };
		235D08CB206A6FCA00F70142 /* NoFailedDependenciesConditionTests.swift in Sources */ = {isa = PBXBuildFile; fileRef = 235D08C7206A6FC800F70142 /* NoFailedDependenciesConditionTests.swift */; };
		235D08CC206A6FCA00F70142 /* NoCancelledDependenciesConditionTests.swift in Sources */ = {isa = PBXBuildFile; fileRef = 235D08C8206A6FC900F70142 /* NoCancelledDependenciesConditionTests.swift */; };
		235D08CD206A6FCA00F70142 /* NoCancelledDependenciesConditionTests.swift in Sources */ = {isa = PBXBuildFile; fileRef = 235D08C8206A6FC900F70142 /* NoCancelledDependenciesConditionTests.swift */; };
		235D08CE206A6FCA00F70142 /* NoCancelledDependenciesConditionTests.swift in Sources */ = {isa = PBXBuildFile; fileRef = 235D08C8206A6FC900F70142 /* NoCancelledDependenciesConditionTests.swift */; };
		235D08D1206A941B00F70142 /* OperationStateTests.swift in Sources */ = {isa = PBXBuildFile; fileRef = 235D08D0206A941B00F70142 /* OperationStateTests.swift */; };
		235D08D2206A941B00F70142 /* OperationStateTests.swift in Sources */ = {isa = PBXBuildFile; fileRef = 235D08D0206A941B00F70142 /* OperationStateTests.swift */; };
		235D08D3206A941B00F70142 /* OperationStateTests.swift in Sources */ = {isa = PBXBuildFile; fileRef = 235D08D0206A941B00F70142 /* OperationStateTests.swift */; };
		235F7B09206B883800218F32 /* NegatedConditionTests.swift in Sources */ = {isa = PBXBuildFile; fileRef = 235F7B08206B883800218F32 /* NegatedConditionTests.swift */; };
		235F7B0A206B883800218F32 /* NegatedConditionTests.swift in Sources */ = {isa = PBXBuildFile; fileRef = 235F7B08206B883800218F32 /* NegatedConditionTests.swift */; };
		235F7B0B206B883800218F32 /* NegatedConditionTests.swift in Sources */ = {isa = PBXBuildFile; fileRef = 235F7B08206B883800218F32 /* NegatedConditionTests.swift */; };
		23665C0F200B6E4800A6C921 /* OperationObserverController.swift in Sources */ = {isa = PBXBuildFile; fileRef = 23665C0E200B6E4800A6C921 /* OperationObserverController.swift */; };
		23665C10200B6E4800A6C921 /* OperationObserverController.swift in Sources */ = {isa = PBXBuildFile; fileRef = 23665C0E200B6E4800A6C921 /* OperationObserverController.swift */; };
		23665C11200B6E4800A6C921 /* OperationObserverController.swift in Sources */ = {isa = PBXBuildFile; fileRef = 23665C0E200B6E4800A6C921 /* OperationObserverController.swift */; };
		23665C12200B6E4800A6C921 /* OperationObserverController.swift in Sources */ = {isa = PBXBuildFile; fileRef = 23665C0E200B6E4800A6C921 /* OperationObserverController.swift */; };
		23687028206E36A3004DFC17 /* OperationConditionTests.swift in Sources */ = {isa = PBXBuildFile; fileRef = 23687027206E36A3004DFC17 /* OperationConditionTests.swift */; };
		23687029206E36A3004DFC17 /* OperationConditionTests.swift in Sources */ = {isa = PBXBuildFile; fileRef = 23687027206E36A3004DFC17 /* OperationConditionTests.swift */; };
		2368702A206E36A3004DFC17 /* OperationConditionTests.swift in Sources */ = {isa = PBXBuildFile; fileRef = 23687027206E36A3004DFC17 /* OperationConditionTests.swift */; };
		2368702C206E4BE8004DFC17 /* BlockObserverTests.swift in Sources */ = {isa = PBXBuildFile; fileRef = 2368702B206E4BE8004DFC17 /* BlockObserverTests.swift */; };
		2368702D206E4BE8004DFC17 /* BlockObserverTests.swift in Sources */ = {isa = PBXBuildFile; fileRef = 2368702B206E4BE8004DFC17 /* BlockObserverTests.swift */; };
		2368702E206E4BE8004DFC17 /* BlockObserverTests.swift in Sources */ = {isa = PBXBuildFile; fileRef = 2368702B206E4BE8004DFC17 /* BlockObserverTests.swift */; };
		236F54B6206CDE070079B033 /* OperationErrorCode.swift in Sources */ = {isa = PBXBuildFile; fileRef = 236F54B5206CDE070079B033 /* OperationErrorCode.swift */; };
		236F54B7206CDE070079B033 /* OperationErrorCode.swift in Sources */ = {isa = PBXBuildFile; fileRef = 236F54B5206CDE070079B033 /* OperationErrorCode.swift */; };
		236F54B8206CDE070079B033 /* OperationErrorCode.swift in Sources */ = {isa = PBXBuildFile; fileRef = 236F54B5206CDE070079B033 /* OperationErrorCode.swift */; };
		236F54B9206CDE070079B033 /* OperationErrorCode.swift in Sources */ = {isa = PBXBuildFile; fileRef = 236F54B5206CDE070079B033 /* OperationErrorCode.swift */; };
		23725076200522820000A442 /* AdvancedOperation.framework in Frameworks */ = {isa = PBXBuildFile; fileRef = 2341309A1F960691002BE7FC /* AdvancedOperation.framework */; };
		2372507D200524860000A442 /* AdvancedOperation.swift in Sources */ = {isa = PBXBuildFile; fileRef = 2372507C200524860000A442 /* AdvancedOperation.swift */; };
		2372507E200524860000A442 /* AdvancedOperation.swift in Sources */ = {isa = PBXBuildFile; fileRef = 2372507C200524860000A442 /* AdvancedOperation.swift */; };
		2372507F200524860000A442 /* AdvancedOperation.swift in Sources */ = {isa = PBXBuildFile; fileRef = 2372507C200524860000A442 /* AdvancedOperation.swift */; };
		23725080200524860000A442 /* AdvancedOperation.swift in Sources */ = {isa = PBXBuildFile; fileRef = 2372507C200524860000A442 /* AdvancedOperation.swift */; };
		2372B4331F960DBA00189A32 /* AdvancedOperation.framework in Frameworks */ = {isa = PBXBuildFile; fileRef = 234130871F9605F5002BE7FC /* AdvancedOperation.framework */; };
		2372B4421F960DCB00189A32 /* AdvancedOperation.framework in Frameworks */ = {isa = PBXBuildFile; fileRef = 234130A71F9606B8002BE7FC /* AdvancedOperation.framework */; };
		23830CA320615E7C00F6EBC9 /* NSLock+Utils.swift in Sources */ = {isa = PBXBuildFile; fileRef = 23830CA220615E7C00F6EBC9 /* NSLock+Utils.swift */; };
		23830CA420615E7C00F6EBC9 /* NSLock+Utils.swift in Sources */ = {isa = PBXBuildFile; fileRef = 23830CA220615E7C00F6EBC9 /* NSLock+Utils.swift */; };
		23830CA520615E7C00F6EBC9 /* NSLock+Utils.swift in Sources */ = {isa = PBXBuildFile; fileRef = 23830CA220615E7C00F6EBC9 /* NSLock+Utils.swift */; };
		23830CA620615E7C00F6EBC9 /* NSLock+Utils.swift in Sources */ = {isa = PBXBuildFile; fileRef = 23830CA220615E7C00F6EBC9 /* NSLock+Utils.swift */; };
		2385616C200A6BF80061BAA1 /* GroupOperation.swift in Sources */ = {isa = PBXBuildFile; fileRef = 2385616B200A6BF80061BAA1 /* GroupOperation.swift */; };
		2385616D200A6BF80061BAA1 /* GroupOperation.swift in Sources */ = {isa = PBXBuildFile; fileRef = 2385616B200A6BF80061BAA1 /* GroupOperation.swift */; };
		2385616E200A6BF80061BAA1 /* GroupOperation.swift in Sources */ = {isa = PBXBuildFile; fileRef = 2385616B200A6BF80061BAA1 /* GroupOperation.swift */; };
		2385616F200A6BF80061BAA1 /* GroupOperation.swift in Sources */ = {isa = PBXBuildFile; fileRef = 2385616B200A6BF80061BAA1 /* GroupOperation.swift */; };
		23856171200A6E9A0061BAA1 /* GroupOperationTests.swift in Sources */ = {isa = PBXBuildFile; fileRef = 23856170200A6E9A0061BAA1 /* GroupOperationTests.swift */; };
		23856172200A6E9A0061BAA1 /* GroupOperationTests.swift in Sources */ = {isa = PBXBuildFile; fileRef = 23856170200A6E9A0061BAA1 /* GroupOperationTests.swift */; };
		23856173200A6E9A0061BAA1 /* GroupOperationTests.swift in Sources */ = {isa = PBXBuildFile; fileRef = 23856170200A6E9A0061BAA1 /* GroupOperationTests.swift */; };
		23856175200A87070061BAA1 /* AdvancedOperationQueueTests.swift in Sources */ = {isa = PBXBuildFile; fileRef = 23856174200A87070061BAA1 /* AdvancedOperationQueueTests.swift */; };
		23856176200A87070061BAA1 /* AdvancedOperationQueueTests.swift in Sources */ = {isa = PBXBuildFile; fileRef = 23856174200A87070061BAA1 /* AdvancedOperationQueueTests.swift */; };
		23856177200A87070061BAA1 /* AdvancedOperationQueueTests.swift in Sources */ = {isa = PBXBuildFile; fileRef = 23856174200A87070061BAA1 /* AdvancedOperationQueueTests.swift */; };
		23856179200A873C0061BAA1 /* Mocks.swift in Sources */ = {isa = PBXBuildFile; fileRef = 23856178200A873C0061BAA1 /* Mocks.swift */; };
		2385617A200A873C0061BAA1 /* Mocks.swift in Sources */ = {isa = PBXBuildFile; fileRef = 23856178200A873C0061BAA1 /* Mocks.swift */; };
		2385617B200A873C0061BAA1 /* Mocks.swift in Sources */ = {isa = PBXBuildFile; fileRef = 23856178200A873C0061BAA1 /* Mocks.swift */; };
		23A56BAC200F984400509A65 /* XCTestCase+Utils.swift in Sources */ = {isa = PBXBuildFile; fileRef = 23A56BAB200F984400509A65 /* XCTestCase+Utils.swift */; };
		23A56BAD200F984400509A65 /* XCTestCase+Utils.swift in Sources */ = {isa = PBXBuildFile; fileRef = 23A56BAB200F984400509A65 /* XCTestCase+Utils.swift */; };
		23A56BAE200F984400509A65 /* XCTestCase+Utils.swift in Sources */ = {isa = PBXBuildFile; fileRef = 23A56BAB200F984400509A65 /* XCTestCase+Utils.swift */; };
		23A813B12020CF1E008A98E0 /* AdvancedBlockOperation.swift in Sources */ = {isa = PBXBuildFile; fileRef = 23A813B02020CF1E008A98E0 /* AdvancedBlockOperation.swift */; };
		23A813B22020CF1E008A98E0 /* AdvancedBlockOperation.swift in Sources */ = {isa = PBXBuildFile; fileRef = 23A813B02020CF1E008A98E0 /* AdvancedBlockOperation.swift */; };
		23A813B32020CF1E008A98E0 /* AdvancedBlockOperation.swift in Sources */ = {isa = PBXBuildFile; fileRef = 23A813B02020CF1E008A98E0 /* AdvancedBlockOperation.swift */; };
		23A813B42020CF1E008A98E0 /* AdvancedBlockOperation.swift in Sources */ = {isa = PBXBuildFile; fileRef = 23A813B02020CF1E008A98E0 /* AdvancedBlockOperation.swift */; };
		23A813B62020D111008A98E0 /* AdvancedBlockOperationTests.swift in Sources */ = {isa = PBXBuildFile; fileRef = 23A813B52020D111008A98E0 /* AdvancedBlockOperationTests.swift */; };
		23A813B72020D111008A98E0 /* AdvancedBlockOperationTests.swift in Sources */ = {isa = PBXBuildFile; fileRef = 23A813B52020D111008A98E0 /* AdvancedBlockOperationTests.swift */; };
		23A813B82020D111008A98E0 /* AdvancedBlockOperationTests.swift in Sources */ = {isa = PBXBuildFile; fileRef = 23A813B52020D111008A98E0 /* AdvancedBlockOperationTests.swift */; };
		23AC3ADD2038A050003E1B15 /* OperationUtilsTests.swift in Sources */ = {isa = PBXBuildFile; fileRef = 23AC3ADC2038A050003E1B15 /* OperationUtilsTests.swift */; };
		23AC3ADE2038A050003E1B15 /* OperationUtilsTests.swift in Sources */ = {isa = PBXBuildFile; fileRef = 23AC3ADC2038A050003E1B15 /* OperationUtilsTests.swift */; };
		23AC3ADF2038A050003E1B15 /* OperationUtilsTests.swift in Sources */ = {isa = PBXBuildFile; fileRef = 23AC3ADC2038A050003E1B15 /* OperationUtilsTests.swift */; };
		23CF6E7B205FC4D300808400 /* MutuallyExclusiveConditionTests.swift in Sources */ = {isa = PBXBuildFile; fileRef = 23CF6E7A205FC4D300808400 /* MutuallyExclusiveConditionTests.swift */; };
		23CF6E7C205FC4D300808400 /* MutuallyExclusiveConditionTests.swift in Sources */ = {isa = PBXBuildFile; fileRef = 23CF6E7A205FC4D300808400 /* MutuallyExclusiveConditionTests.swift */; };
		23CF6E7D205FC4D300808400 /* MutuallyExclusiveConditionTests.swift in Sources */ = {isa = PBXBuildFile; fileRef = 23CF6E7A205FC4D300808400 /* MutuallyExclusiveConditionTests.swift */; };
		23F24D1E200771FA00B25A03 /* AdvancedOperationTests.swift in Sources */ = {isa = PBXBuildFile; fileRef = 23F24D1D200771FA00B25A03 /* AdvancedOperationTests.swift */; };
		23F24D1F200771FA00B25A03 /* AdvancedOperationTests.swift in Sources */ = {isa = PBXBuildFile; fileRef = 23F24D1D200771FA00B25A03 /* AdvancedOperationTests.swift */; };
		23F24D20200771FA00B25A03 /* AdvancedOperationTests.swift in Sources */ = {isa = PBXBuildFile; fileRef = 23F24D1D200771FA00B25A03 /* AdvancedOperationTests.swift */; };
		23F24D22200799B800B25A03 /* Operation+Utils.swift in Sources */ = {isa = PBXBuildFile; fileRef = 23F24D21200799B800B25A03 /* Operation+Utils.swift */; };
		23F24D23200799B800B25A03 /* Operation+Utils.swift in Sources */ = {isa = PBXBuildFile; fileRef = 23F24D21200799B800B25A03 /* Operation+Utils.swift */; };
		23F24D24200799B800B25A03 /* Operation+Utils.swift in Sources */ = {isa = PBXBuildFile; fileRef = 23F24D21200799B800B25A03 /* Operation+Utils.swift */; };
		23F24D25200799B800B25A03 /* Operation+Utils.swift in Sources */ = {isa = PBXBuildFile; fileRef = 23F24D21200799B800B25A03 /* Operation+Utils.swift */; };
		23F24D2720079CDE00B25A03 /* DelayOperation.swift in Sources */ = {isa = PBXBuildFile; fileRef = 23F24D2620079CDE00B25A03 /* DelayOperation.swift */; };
		23F24D2820079CDE00B25A03 /* DelayOperation.swift in Sources */ = {isa = PBXBuildFile; fileRef = 23F24D2620079CDE00B25A03 /* DelayOperation.swift */; };
		23F24D2920079CDE00B25A03 /* DelayOperation.swift in Sources */ = {isa = PBXBuildFile; fileRef = 23F24D2620079CDE00B25A03 /* DelayOperation.swift */; };
		23F24D2A20079CDE00B25A03 /* DelayOperation.swift in Sources */ = {isa = PBXBuildFile; fileRef = 23F24D2620079CDE00B25A03 /* DelayOperation.swift */; };
		23F24D2C2007A33F00B25A03 /* DelayOperationTests.swift in Sources */ = {isa = PBXBuildFile; fileRef = 23F24D2B2007A33F00B25A03 /* DelayOperationTests.swift */; };
		23F24D2D2007A33F00B25A03 /* DelayOperationTests.swift in Sources */ = {isa = PBXBuildFile; fileRef = 23F24D2B2007A33F00B25A03 /* DelayOperationTests.swift */; };
		23F24D2E2007A33F00B25A03 /* DelayOperationTests.swift in Sources */ = {isa = PBXBuildFile; fileRef = 23F24D2B2007A33F00B25A03 /* DelayOperationTests.swift */; };
		23F24D302007B0D200B25A03 /* OperationObserving.swift in Sources */ = {isa = PBXBuildFile; fileRef = 23F24D2F2007B0D200B25A03 /* OperationObserving.swift */; };
		23F24D312007B0D200B25A03 /* OperationObserving.swift in Sources */ = {isa = PBXBuildFile; fileRef = 23F24D2F2007B0D200B25A03 /* OperationObserving.swift */; };
		23F24D322007B0D200B25A03 /* OperationObserving.swift in Sources */ = {isa = PBXBuildFile; fileRef = 23F24D2F2007B0D200B25A03 /* OperationObserving.swift */; };
		23F24D332007B0D200B25A03 /* OperationObserving.swift in Sources */ = {isa = PBXBuildFile; fileRef = 23F24D2F2007B0D200B25A03 /* OperationObserving.swift */; };
		23F24D352007BC2100B25A03 /* AdvancedOperationQueue.swift in Sources */ = {isa = PBXBuildFile; fileRef = 23F24D342007BC2100B25A03 /* AdvancedOperationQueue.swift */; };
		23F24D362007BC2100B25A03 /* AdvancedOperationQueue.swift in Sources */ = {isa = PBXBuildFile; fileRef = 23F24D342007BC2100B25A03 /* AdvancedOperationQueue.swift */; };
		23F24D372007BC2100B25A03 /* AdvancedOperationQueue.swift in Sources */ = {isa = PBXBuildFile; fileRef = 23F24D342007BC2100B25A03 /* AdvancedOperationQueue.swift */; };
		23F24D382007BC2100B25A03 /* AdvancedOperationQueue.swift in Sources */ = {isa = PBXBuildFile; fileRef = 23F24D342007BC2100B25A03 /* AdvancedOperationQueue.swift */; };
		23F24D3A2007C03D00B25A03 /* BlockObserver.swift in Sources */ = {isa = PBXBuildFile; fileRef = 23F24D392007C03D00B25A03 /* BlockObserver.swift */; };
		23F24D3B2007C03D00B25A03 /* BlockObserver.swift in Sources */ = {isa = PBXBuildFile; fileRef = 23F24D392007C03D00B25A03 /* BlockObserver.swift */; };
		23F24D3C2007C03D00B25A03 /* BlockObserver.swift in Sources */ = {isa = PBXBuildFile; fileRef = 23F24D392007C03D00B25A03 /* BlockObserver.swift */; };
		23F24D3D2007C03D00B25A03 /* BlockObserver.swift in Sources */ = {isa = PBXBuildFile; fileRef = 23F24D392007C03D00B25A03 /* BlockObserver.swift */; };
/* End PBXBuildFile section */

/* Begin PBXContainerItemProxy section */
		23725077200522820000A442 /* PBXContainerItemProxy */ = {
			isa = PBXContainerItemProxy;
			containerPortal = 2341307E1F9605F5002BE7FC /* Project object */;
			proxyType = 1;
			remoteGlobalIDString = 234130991F960691002BE7FC;
			remoteInfo = "AdvancedOperation macOS";
		};
		2372B4341F960DBA00189A32 /* PBXContainerItemProxy */ = {
			isa = PBXContainerItemProxy;
			containerPortal = 2341307E1F9605F5002BE7FC /* Project object */;
			proxyType = 1;
			remoteGlobalIDString = 234130861F9605F5002BE7FC;
			remoteInfo = "AdvancedOperation iOS";
		};
		2372B4431F960DCB00189A32 /* PBXContainerItemProxy */ = {
			isa = PBXContainerItemProxy;
			containerPortal = 2341307E1F9605F5002BE7FC /* Project object */;
			proxyType = 1;
			remoteGlobalIDString = 234130A61F9606B8002BE7FC;
			remoteInfo = "AdvancedOperation tvOS";
		};
/* End PBXContainerItemProxy section */

/* Begin PBXFileReference section */
		231FE727201210300077728C /* OperationKeyValueObserverTests.swift */ = {isa = PBXFileReference; lastKnownFileType = sourcecode.swift; path = OperationKeyValueObserverTests.swift; sourceTree = "<group>"; };
		232F3AAD206041DE00FC45CB /* Globals.swift */ = {isa = PBXFileReference; lastKnownFileType = sourcecode.swift; path = Globals.swift; sourceTree = "<group>"; };
		234130871F9605F5002BE7FC /* AdvancedOperation.framework */ = {isa = PBXFileReference; explicitFileType = wrapper.framework; includeInIndex = 0; path = AdvancedOperation.framework; sourceTree = BUILT_PRODUCTS_DIR; };
		2341308A1F9605F5002BE7FC /* AdvancedOperation.h */ = {isa = PBXFileReference; lastKnownFileType = sourcecode.c.h; path = AdvancedOperation.h; sourceTree = "<group>"; };
		2341308B1F9605F5002BE7FC /* Info.plist */ = {isa = PBXFileReference; lastKnownFileType = text.plist.xml; path = Info.plist; sourceTree = "<group>"; };
		2341309A1F960691002BE7FC /* AdvancedOperation.framework */ = {isa = PBXFileReference; explicitFileType = wrapper.framework; includeInIndex = 0; path = AdvancedOperation.framework; sourceTree = BUILT_PRODUCTS_DIR; };
		234130A71F9606B8002BE7FC /* AdvancedOperation.framework */ = {isa = PBXFileReference; explicitFileType = wrapper.framework; includeInIndex = 0; path = AdvancedOperation.framework; sourceTree = BUILT_PRODUCTS_DIR; };
		234130B41F9606CD002BE7FC /* AdvancedOperation.framework */ = {isa = PBXFileReference; explicitFileType = wrapper.framework; includeInIndex = 0; path = AdvancedOperation.framework; sourceTree = BUILT_PRODUCTS_DIR; };
		234130B71F9606CD002BE7FC /* Info-tvOS.plist */ = {isa = PBXFileReference; lastKnownFileType = text.plist.xml; path = "Info-tvOS.plist"; sourceTree = "<group>"; };
		235D08A4206A494D00F70142 /* NoCancelledDependenciesCondition.swift */ = {isa = PBXFileReference; lastKnownFileType = sourcecode.swift; path = NoCancelledDependenciesCondition.swift; sourceTree = "<group>"; };
		235D08A5206A494D00F70142 /* NoFailedDependenciesCondition.swift */ = {isa = PBXFileReference; lastKnownFileType = sourcecode.swift; path = NoFailedDependenciesCondition.swift; sourceTree = "<group>"; };
		235D08A6206A494D00F70142 /* NegatedCondition.swift */ = {isa = PBXFileReference; lastKnownFileType = sourcecode.swift; path = NegatedCondition.swift; sourceTree = "<group>"; };
		235D08A7206A494E00F70142 /* OperationCondition.swift */ = {isa = PBXFileReference; lastKnownFileType = sourcecode.swift; path = OperationCondition.swift; sourceTree = "<group>"; };
		235D08A8206A494E00F70142 /* MutuallyExclusiveCondition.swift */ = {isa = PBXFileReference; lastKnownFileType = sourcecode.swift; path = MutuallyExclusiveCondition.swift; sourceTree = "<group>"; };
		235D08A9206A494E00F70142 /* SilentCondition.swift */ = {isa = PBXFileReference; lastKnownFileType = sourcecode.swift; path = SilentCondition.swift; sourceTree = "<group>"; };
		235D08AA206A494E00F70142 /* ExclusivityManager.swift */ = {isa = PBXFileReference; lastKnownFileType = sourcecode.swift; path = ExclusivityManager.swift; sourceTree = "<group>"; };
		235D08C7206A6FC800F70142 /* NoFailedDependenciesConditionTests.swift */ = {isa = PBXFileReference; fileEncoding = 4; lastKnownFileType = sourcecode.swift; path = NoFailedDependenciesConditionTests.swift; sourceTree = "<group>"; };
		235D08C8206A6FC900F70142 /* NoCancelledDependenciesConditionTests.swift */ = {isa = PBXFileReference; fileEncoding = 4; lastKnownFileType = sourcecode.swift; path = NoCancelledDependenciesConditionTests.swift; sourceTree = "<group>"; };
		235D08D0206A941B00F70142 /* OperationStateTests.swift */ = {isa = PBXFileReference; lastKnownFileType = sourcecode.swift; path = OperationStateTests.swift; sourceTree = "<group>"; };
		235F7B08206B883800218F32 /* NegatedConditionTests.swift */ = {isa = PBXFileReference; lastKnownFileType = sourcecode.swift; path = NegatedConditionTests.swift; sourceTree = "<group>"; };
		23665C0E200B6E4800A6C921 /* OperationObserverController.swift */ = {isa = PBXFileReference; lastKnownFileType = sourcecode.swift; path = OperationObserverController.swift; sourceTree = "<group>"; };
		23687027206E36A3004DFC17 /* OperationConditionTests.swift */ = {isa = PBXFileReference; lastKnownFileType = sourcecode.swift; path = OperationConditionTests.swift; sourceTree = "<group>"; };
		2368702B206E4BE8004DFC17 /* BlockObserverTests.swift */ = {isa = PBXFileReference; lastKnownFileType = sourcecode.swift; path = BlockObserverTests.swift; sourceTree = "<group>"; };
		236F54B5206CDE070079B033 /* OperationErrorCode.swift */ = {isa = PBXFileReference; lastKnownFileType = sourcecode.swift; path = OperationErrorCode.swift; sourceTree = "<group>"; };
		23725071200522820000A442 /* AdvancedOperation Tests macOS.xctest */ = {isa = PBXFileReference; explicitFileType = wrapper.cfbundle; includeInIndex = 0; path = "AdvancedOperation Tests macOS.xctest"; sourceTree = BUILT_PRODUCTS_DIR; };
		2372507C200524860000A442 /* AdvancedOperation.swift */ = {isa = PBXFileReference; lastKnownFileType = sourcecode.swift; path = AdvancedOperation.swift; sourceTree = "<group>"; };
		237250812005258D0000A442 /* IDETemplateMacros.plist */ = {isa = PBXFileReference; lastKnownFileType = text.plist.xml; name = IDETemplateMacros.plist; path = AdvancedOperation.xcodeproj/xcshareddata/IDETemplateMacros.plist; sourceTree = SOURCE_ROOT; };
		2372B42E1F960DBA00189A32 /* AdvancedOperation Tests iOS.xctest */ = {isa = PBXFileReference; explicitFileType = wrapper.cfbundle; includeInIndex = 0; path = "AdvancedOperation Tests iOS.xctest"; sourceTree = BUILT_PRODUCTS_DIR; };
		2372B4321F960DBA00189A32 /* Info-Tests.plist */ = {isa = PBXFileReference; lastKnownFileType = text.plist.xml; path = "Info-Tests.plist"; sourceTree = "<group>"; };
		2372B43D1F960DCB00189A32 /* AdvancedOperation Tests tvOS.xctest */ = {isa = PBXFileReference; explicitFileType = wrapper.cfbundle; includeInIndex = 0; path = "AdvancedOperation Tests tvOS.xctest"; sourceTree = BUILT_PRODUCTS_DIR; };
		23830CA220615E7C00F6EBC9 /* NSLock+Utils.swift */ = {isa = PBXFileReference; lastKnownFileType = sourcecode.swift; path = "NSLock+Utils.swift"; sourceTree = "<group>"; };
		2385616B200A6BF80061BAA1 /* GroupOperation.swift */ = {isa = PBXFileReference; lastKnownFileType = sourcecode.swift; path = GroupOperation.swift; sourceTree = "<group>"; };
		23856170200A6E9A0061BAA1 /* GroupOperationTests.swift */ = {isa = PBXFileReference; lastKnownFileType = sourcecode.swift; path = GroupOperationTests.swift; sourceTree = "<group>"; };
		23856174200A87070061BAA1 /* AdvancedOperationQueueTests.swift */ = {isa = PBXFileReference; lastKnownFileType = sourcecode.swift; path = AdvancedOperationQueueTests.swift; sourceTree = "<group>"; };
		23856178200A873C0061BAA1 /* Mocks.swift */ = {isa = PBXFileReference; lastKnownFileType = sourcecode.swift; path = Mocks.swift; sourceTree = "<group>"; };
		2385617C200A8DC50061BAA1 /* Package.swift */ = {isa = PBXFileReference; lastKnownFileType = sourcecode.swift; path = Package.swift; sourceTree = SOURCE_ROOT; };
		23A56BAB200F984400509A65 /* XCTestCase+Utils.swift */ = {isa = PBXFileReference; lastKnownFileType = sourcecode.swift; path = "XCTestCase+Utils.swift"; sourceTree = "<group>"; };
		23A813B02020CF1E008A98E0 /* AdvancedBlockOperation.swift */ = {isa = PBXFileReference; lastKnownFileType = sourcecode.swift; path = AdvancedBlockOperation.swift; sourceTree = "<group>"; };
		23A813B52020D111008A98E0 /* AdvancedBlockOperationTests.swift */ = {isa = PBXFileReference; lastKnownFileType = sourcecode.swift; path = AdvancedBlockOperationTests.swift; sourceTree = "<group>"; };
		23AC3ADC2038A050003E1B15 /* OperationUtilsTests.swift */ = {isa = PBXFileReference; lastKnownFileType = sourcecode.swift; path = OperationUtilsTests.swift; sourceTree = "<group>"; };
		23CF6E7A205FC4D300808400 /* MutuallyExclusiveConditionTests.swift */ = {isa = PBXFileReference; lastKnownFileType = sourcecode.swift; path = MutuallyExclusiveConditionTests.swift; sourceTree = "<group>"; };
		23F24D1D200771FA00B25A03 /* AdvancedOperationTests.swift */ = {isa = PBXFileReference; lastKnownFileType = sourcecode.swift; path = AdvancedOperationTests.swift; sourceTree = "<group>"; };
		23F24D21200799B800B25A03 /* Operation+Utils.swift */ = {isa = PBXFileReference; lastKnownFileType = sourcecode.swift; path = "Operation+Utils.swift"; sourceTree = "<group>"; };
		23F24D2620079CDE00B25A03 /* DelayOperation.swift */ = {isa = PBXFileReference; lastKnownFileType = sourcecode.swift; path = DelayOperation.swift; sourceTree = "<group>"; };
		23F24D2B2007A33F00B25A03 /* DelayOperationTests.swift */ = {isa = PBXFileReference; lastKnownFileType = sourcecode.swift; path = DelayOperationTests.swift; sourceTree = "<group>"; };
		23F24D2F2007B0D200B25A03 /* OperationObserving.swift */ = {isa = PBXFileReference; lastKnownFileType = sourcecode.swift; path = OperationObserving.swift; sourceTree = "<group>"; };
		23F24D342007BC2100B25A03 /* AdvancedOperationQueue.swift */ = {isa = PBXFileReference; lastKnownFileType = sourcecode.swift; path = AdvancedOperationQueue.swift; sourceTree = "<group>"; };
		23F24D392007C03D00B25A03 /* BlockObserver.swift */ = {isa = PBXFileReference; lastKnownFileType = sourcecode.swift; path = BlockObserver.swift; sourceTree = "<group>"; };
/* End PBXFileReference section */

/* Begin PBXFrameworksBuildPhase section */
		234130831F9605F5002BE7FC /* Frameworks */ = {
			isa = PBXFrameworksBuildPhase;
			buildActionMask = 2147483647;
			files = (
			);
			runOnlyForDeploymentPostprocessing = 0;
		};
		234130961F960691002BE7FC /* Frameworks */ = {
			isa = PBXFrameworksBuildPhase;
			buildActionMask = 2147483647;
			files = (
			);
			runOnlyForDeploymentPostprocessing = 0;
		};
		234130A31F9606B8002BE7FC /* Frameworks */ = {
			isa = PBXFrameworksBuildPhase;
			buildActionMask = 2147483647;
			files = (
			);
			runOnlyForDeploymentPostprocessing = 0;
		};
		234130B01F9606CD002BE7FC /* Frameworks */ = {
			isa = PBXFrameworksBuildPhase;
			buildActionMask = 2147483647;
			files = (
			);
			runOnlyForDeploymentPostprocessing = 0;
		};
		2372506E200522820000A442 /* Frameworks */ = {
			isa = PBXFrameworksBuildPhase;
			buildActionMask = 2147483647;
			files = (
				23725076200522820000A442 /* AdvancedOperation.framework in Frameworks */,
			);
			runOnlyForDeploymentPostprocessing = 0;
		};
		2372B42B1F960DBA00189A32 /* Frameworks */ = {
			isa = PBXFrameworksBuildPhase;
			buildActionMask = 2147483647;
			files = (
				2372B4331F960DBA00189A32 /* AdvancedOperation.framework in Frameworks */,
			);
			runOnlyForDeploymentPostprocessing = 0;
		};
		2372B43A1F960DCB00189A32 /* Frameworks */ = {
			isa = PBXFrameworksBuildPhase;
			buildActionMask = 2147483647;
			files = (
				2372B4421F960DCB00189A32 /* AdvancedOperation.framework in Frameworks */,
			);
			runOnlyForDeploymentPostprocessing = 0;
		};
/* End PBXFrameworksBuildPhase section */

/* Begin PBXGroup section */
		230B47FD200EABEE00F46852 /* AdvancedOperationTests */ = {
			isa = PBXGroup;
			children = (
				235D08CF206A80ED00F70142 /* Conditions */,
				23A813B52020D111008A98E0 /* AdvancedBlockOperationTests.swift */,
				23856174200A87070061BAA1 /* AdvancedOperationQueueTests.swift */,
				23F24D1D200771FA00B25A03 /* AdvancedOperationTests.swift */,
				23F24D2B2007A33F00B25A03 /* DelayOperationTests.swift */,
				23856170200A6E9A0061BAA1 /* GroupOperationTests.swift */,
				23856178200A873C0061BAA1 /* Mocks.swift */,
				231FE727201210300077728C /* OperationKeyValueObserverTests.swift */,
				23A56BAB200F984400509A65 /* XCTestCase+Utils.swift */,
				23AC3ADC2038A050003E1B15 /* OperationUtilsTests.swift */,
				235D08D0206A941B00F70142 /* OperationStateTests.swift */,
				2368702B206E4BE8004DFC17 /* BlockObserverTests.swift */,
			);
			path = AdvancedOperationTests;
			sourceTree = "<group>";
		};
		2341307D1F9605F5002BE7FC = {
			isa = PBXGroup;
			children = (
				234130881F9605F5002BE7FC /* Products */,
				234130921F960612002BE7FC /* Sources */,
				234130941F96061E002BE7FC /* Support */,
				234130931F960618002BE7FC /* Tests */,
			);
			sourceTree = "<group>";
		};
		234130881F9605F5002BE7FC /* Products */ = {
			isa = PBXGroup;
			children = (
				234130871F9605F5002BE7FC /* AdvancedOperation.framework */,
				2341309A1F960691002BE7FC /* AdvancedOperation.framework */,
				234130A71F9606B8002BE7FC /* AdvancedOperation.framework */,
				234130B41F9606CD002BE7FC /* AdvancedOperation.framework */,
				2372B42E1F960DBA00189A32 /* AdvancedOperation Tests iOS.xctest */,
				2372B43D1F960DCB00189A32 /* AdvancedOperation Tests tvOS.xctest */,
				23725071200522820000A442 /* AdvancedOperation Tests macOS.xctest */,
			);
			name = Products;
			sourceTree = "<group>";
		};
		234130921F960612002BE7FC /* Sources */ = {
			isa = PBXGroup;
			children = (
				236F54BA206CE5390079B033 /* Operations */,
				235D08A3206A494600F70142 /* Conditions */,
				23A813B02020CF1E008A98E0 /* AdvancedBlockOperation.swift */,
				2372507C200524860000A442 /* AdvancedOperation.swift */,
				23F24D342007BC2100B25A03 /* AdvancedOperationQueue.swift */,
				23F24D392007C03D00B25A03 /* BlockObserver.swift */,
				2385616B200A6BF80061BAA1 /* GroupOperation.swift */,
				23F24D21200799B800B25A03 /* Operation+Utils.swift */,
				23665C0E200B6E4800A6C921 /* OperationObserverController.swift */,
				23F24D2F2007B0D200B25A03 /* OperationObserving.swift */,
				232F3AAD206041DE00FC45CB /* Globals.swift */,
				23830CA220615E7C00F6EBC9 /* NSLock+Utils.swift */,
				236F54B5206CDE070079B033 /* OperationErrorCode.swift */,
			);
			path = Sources;
			sourceTree = "<group>";
		};
		234130931F960618002BE7FC /* Tests */ = {
			isa = PBXGroup;
			children = (
				230B47FD200EABEE00F46852 /* AdvancedOperationTests */,
			);
			path = Tests;
			sourceTree = "<group>";
		};
		234130941F96061E002BE7FC /* Support */ = {
			isa = PBXGroup;
			children = (
				2385617C200A8DC50061BAA1 /* Package.swift */,
				237250812005258D0000A442 /* IDETemplateMacros.plist */,
				2341308A1F9605F5002BE7FC /* AdvancedOperation.h */,
				2372B4321F960DBA00189A32 /* Info-Tests.plist */,
				234130B71F9606CD002BE7FC /* Info-tvOS.plist */,
				2341308B1F9605F5002BE7FC /* Info.plist */,
			);
			path = Support;
			sourceTree = "<group>";
		};
		235D08A3206A494600F70142 /* Conditions */ = {
			isa = PBXGroup;
			children = (
				235D08AA206A494E00F70142 /* ExclusivityManager.swift */,
				235D08A6206A494D00F70142 /* NegatedCondition.swift */,
				235D08A9206A494E00F70142 /* SilentCondition.swift */,
				235D08A8206A494E00F70142 /* MutuallyExclusiveCondition.swift */,
				235D08A7206A494E00F70142 /* OperationCondition.swift */,
				235D08A4206A494D00F70142 /* NoCancelledDependenciesCondition.swift */,
				235D08A5206A494D00F70142 /* NoFailedDependenciesCondition.swift */,
			);
			path = Conditions;
			sourceTree = "<group>";
		};
		235D08CF206A80ED00F70142 /* Conditions */ = {
			isa = PBXGroup;
			children = (
				23CF6E7A205FC4D300808400 /* MutuallyExclusiveConditionTests.swift */,
				235D08C8206A6FC900F70142 /* NoCancelledDependenciesConditionTests.swift */,
				235D08C7206A6FC800F70142 /* NoFailedDependenciesConditionTests.swift */,
				235F7B08206B883800218F32 /* NegatedConditionTests.swift */,
				23687027206E36A3004DFC17 /* OperationConditionTests.swift */,
			);
			path = Conditions;
			sourceTree = "<group>";
		};
		236F54BA206CE5390079B033 /* Operations */ = {
			isa = PBXGroup;
			children = (
				23F24D2620079CDE00B25A03 /* DelayOperation.swift */,
			);
			path = Operations;
			sourceTree = "<group>";
		};
/* End PBXGroup section */

/* Begin PBXHeadersBuildPhase section */
		234130841F9605F5002BE7FC /* Headers */ = {
			isa = PBXHeadersBuildPhase;
			buildActionMask = 2147483647;
			files = (
				2341308C1F9605F5002BE7FC /* AdvancedOperation.h in Headers */,
			);
			runOnlyForDeploymentPostprocessing = 0;
		};
		234130971F960691002BE7FC /* Headers */ = {
			isa = PBXHeadersBuildPhase;
			buildActionMask = 2147483647;
			files = (
				234130BC1F96076A002BE7FC /* AdvancedOperation.h in Headers */,
			);
			runOnlyForDeploymentPostprocessing = 0;
		};
		234130A41F9606B8002BE7FC /* Headers */ = {
			isa = PBXHeadersBuildPhase;
			buildActionMask = 2147483647;
			files = (
				234130BD1F96076D002BE7FC /* AdvancedOperation.h in Headers */,
			);
			runOnlyForDeploymentPostprocessing = 0;
		};
		234130B11F9606CD002BE7FC /* Headers */ = {
			isa = PBXHeadersBuildPhase;
			buildActionMask = 2147483647;
			files = (
				234130BE1F960770002BE7FC /* AdvancedOperation.h in Headers */,
			);
			runOnlyForDeploymentPostprocessing = 0;
		};
/* End PBXHeadersBuildPhase section */

/* Begin PBXNativeTarget section */
		234130861F9605F5002BE7FC /* AdvancedOperation iOS */ = {
			isa = PBXNativeTarget;
			buildConfigurationList = 2341308F1F9605F5002BE7FC /* Build configuration list for PBXNativeTarget "AdvancedOperation iOS" */;
			buildPhases = (
				234130821F9605F5002BE7FC /* Sources */,
				234130831F9605F5002BE7FC /* Frameworks */,
				234130841F9605F5002BE7FC /* Headers */,
				234130851F9605F5002BE7FC /* Resources */,
			);
			buildRules = (
			);
			dependencies = (
			);
			name = "AdvancedOperation iOS";
			productName = AdvancedOperation;
			productReference = 234130871F9605F5002BE7FC /* AdvancedOperation.framework */;
			productType = "com.apple.product-type.framework";
		};
		234130991F960691002BE7FC /* AdvancedOperation macOS */ = {
			isa = PBXNativeTarget;
			buildConfigurationList = 2341309F1F960691002BE7FC /* Build configuration list for PBXNativeTarget "AdvancedOperation macOS" */;
			buildPhases = (
				234130951F960691002BE7FC /* Sources */,
				234130961F960691002BE7FC /* Frameworks */,
				234130971F960691002BE7FC /* Headers */,
				234130981F960691002BE7FC /* Resources */,
			);
			buildRules = (
			);
			dependencies = (
			);
			name = "AdvancedOperation macOS";
			productName = AdvancedOperation;
			productReference = 2341309A1F960691002BE7FC /* AdvancedOperation.framework */;
			productType = "com.apple.product-type.framework";
		};
		234130A61F9606B8002BE7FC /* AdvancedOperation tvOS */ = {
			isa = PBXNativeTarget;
			buildConfigurationList = 234130AC1F9606B8002BE7FC /* Build configuration list for PBXNativeTarget "AdvancedOperation tvOS" */;
			buildPhases = (
				234130A21F9606B8002BE7FC /* Sources */,
				234130A31F9606B8002BE7FC /* Frameworks */,
				234130A41F9606B8002BE7FC /* Headers */,
				234130A51F9606B8002BE7FC /* Resources */,
			);
			buildRules = (
			);
			dependencies = (
			);
			name = "AdvancedOperation tvOS";
			productName = AdvancedOperation;
			productReference = 234130A71F9606B8002BE7FC /* AdvancedOperation.framework */;
			productType = "com.apple.product-type.framework";
		};
		234130B31F9606CD002BE7FC /* AdvancedOperation watchOS */ = {
			isa = PBXNativeTarget;
			buildConfigurationList = 234130B91F9606CD002BE7FC /* Build configuration list for PBXNativeTarget "AdvancedOperation watchOS" */;
			buildPhases = (
				234130AF1F9606CD002BE7FC /* Sources */,
				234130B01F9606CD002BE7FC /* Frameworks */,
				234130B11F9606CD002BE7FC /* Headers */,
				234130B21F9606CD002BE7FC /* Resources */,
			);
			buildRules = (
			);
			dependencies = (
			);
			name = "AdvancedOperation watchOS";
			productName = AdvancedOperation;
			productReference = 234130B41F9606CD002BE7FC /* AdvancedOperation.framework */;
			productType = "com.apple.product-type.framework";
		};
		23725070200522820000A442 /* AdvancedOperation Tests macOS */ = {
			isa = PBXNativeTarget;
			buildConfigurationList = 23725079200522820000A442 /* Build configuration list for PBXNativeTarget "AdvancedOperation Tests macOS" */;
			buildPhases = (
				2372506D200522820000A442 /* Sources */,
				2372506E200522820000A442 /* Frameworks */,
				2372506F200522820000A442 /* Resources */,
			);
			buildRules = (
			);
			dependencies = (
				23725078200522820000A442 /* PBXTargetDependency */,
			);
			name = "AdvancedOperation Tests macOS";
			productName = "AdvancedOperation Tests macOS";
			productReference = 23725071200522820000A442 /* AdvancedOperation Tests macOS.xctest */;
			productType = "com.apple.product-type.bundle.unit-test";
		};
		2372B42D1F960DBA00189A32 /* AdvancedOperation Tests iOS */ = {
			isa = PBXNativeTarget;
			buildConfigurationList = 2372B4381F960DBA00189A32 /* Build configuration list for PBXNativeTarget "AdvancedOperation Tests iOS" */;
			buildPhases = (
				2372B42A1F960DBA00189A32 /* Sources */,
				2372B42B1F960DBA00189A32 /* Frameworks */,
				2372B42C1F960DBA00189A32 /* Resources */,
			);
			buildRules = (
			);
			dependencies = (
				2372B4351F960DBA00189A32 /* PBXTargetDependency */,
			);
			name = "AdvancedOperation Tests iOS";
			productName = "AdvancedOperation Tests iOS";
			productReference = 2372B42E1F960DBA00189A32 /* AdvancedOperation Tests iOS.xctest */;
			productType = "com.apple.product-type.bundle.unit-test";
		};
		2372B43C1F960DCB00189A32 /* AdvancedOperation Tests tvOS */ = {
			isa = PBXNativeTarget;
			buildConfigurationList = 2372B4451F960DCB00189A32 /* Build configuration list for PBXNativeTarget "AdvancedOperation Tests tvOS" */;
			buildPhases = (
				2372B4391F960DCB00189A32 /* Sources */,
				2372B43A1F960DCB00189A32 /* Frameworks */,
				2372B43B1F960DCB00189A32 /* Resources */,
			);
			buildRules = (
			);
			dependencies = (
				2372B4441F960DCB00189A32 /* PBXTargetDependency */,
			);
			name = "AdvancedOperation Tests tvOS";
			productName = "AdvancedOperation Tests tvOS";
			productReference = 2372B43D1F960DCB00189A32 /* AdvancedOperation Tests tvOS.xctest */;
			productType = "com.apple.product-type.bundle.unit-test";
		};
/* End PBXNativeTarget section */

/* Begin PBXProject section */
		2341307E1F9605F5002BE7FC /* Project object */ = {
			isa = PBXProject;
			attributes = {
				LastSwiftUpdateCheck = 0920;
				LastUpgradeCheck = 0930;
				ORGANIZATIONNAME = Tinrobots;
				TargetAttributes = {
					230B47F8200EA87900F46852 = {
						CreatedOnToolsVersion = 9.2;
						ProvisioningStyle = Automatic;
					};
					234130861F9605F5002BE7FC = {
						CreatedOnToolsVersion = 9.1;
						LastSwiftMigration = 0920;
						ProvisioningStyle = Automatic;
					};
					234130991F960691002BE7FC = {
						CreatedOnToolsVersion = 9.1;
						LastSwiftMigration = 0920;
						ProvisioningStyle = Automatic;
					};
					234130A61F9606B8002BE7FC = {
						CreatedOnToolsVersion = 9.1;
						LastSwiftMigration = 0920;
						ProvisioningStyle = Automatic;
					};
					234130B31F9606CD002BE7FC = {
						CreatedOnToolsVersion = 9.1;
						LastSwiftMigration = 0920;
						ProvisioningStyle = Automatic;
					};
					23725070200522820000A442 = {
						CreatedOnToolsVersion = 9.2;
						LastSwiftMigration = 0920;
						ProvisioningStyle = Automatic;
					};
					2372B42D1F960DBA00189A32 = {
						CreatedOnToolsVersion = 9.1;
						LastSwiftMigration = 0920;
						ProvisioningStyle = Automatic;
					};
					2372B43C1F960DCB00189A32 = {
						CreatedOnToolsVersion = 9.1;
						LastSwiftMigration = 0920;
						ProvisioningStyle = Automatic;
					};
					23DC2C7E2014F5DB00270CA3 = {
						CreatedOnToolsVersion = 9.2;
						ProvisioningStyle = Automatic;
					};
				};
			};
			buildConfigurationList = 234130811F9605F5002BE7FC /* Build configuration list for PBXProject "AdvancedOperation" */;
			compatibilityVersion = "Xcode 8.0";
			developmentRegion = en;
			hasScannedForEncodings = 0;
			knownRegions = (
				en,
			);
			mainGroup = 2341307D1F9605F5002BE7FC;
			productRefGroup = 234130881F9605F5002BE7FC /* Products */;
			projectDirPath = "";
			projectRoot = "";
			targets = (
				234130861F9605F5002BE7FC /* AdvancedOperation iOS */,
				234130991F960691002BE7FC /* AdvancedOperation macOS */,
				234130A61F9606B8002BE7FC /* AdvancedOperation tvOS */,
				234130B31F9606CD002BE7FC /* AdvancedOperation watchOS */,
				2372B42D1F960DBA00189A32 /* AdvancedOperation Tests iOS */,
				2372B43C1F960DCB00189A32 /* AdvancedOperation Tests tvOS */,
				23725070200522820000A442 /* AdvancedOperation Tests macOS */,
				230B47F8200EA87900F46852 /* SwiftLint */,
				23DC2C7E2014F5DB00270CA3 /* Cleanup whitespace */,
			);
		};
/* End PBXProject section */

/* Begin PBXResourcesBuildPhase section */
		234130851F9605F5002BE7FC /* Resources */ = {
			isa = PBXResourcesBuildPhase;
			buildActionMask = 2147483647;
			files = (
			);
			runOnlyForDeploymentPostprocessing = 0;
		};
		234130981F960691002BE7FC /* Resources */ = {
			isa = PBXResourcesBuildPhase;
			buildActionMask = 2147483647;
			files = (
			);
			runOnlyForDeploymentPostprocessing = 0;
		};
		234130A51F9606B8002BE7FC /* Resources */ = {
			isa = PBXResourcesBuildPhase;
			buildActionMask = 2147483647;
			files = (
			);
			runOnlyForDeploymentPostprocessing = 0;
		};
		234130B21F9606CD002BE7FC /* Resources */ = {
			isa = PBXResourcesBuildPhase;
			buildActionMask = 2147483647;
			files = (
			);
			runOnlyForDeploymentPostprocessing = 0;
		};
		2372506F200522820000A442 /* Resources */ = {
			isa = PBXResourcesBuildPhase;
			buildActionMask = 2147483647;
			files = (
			);
			runOnlyForDeploymentPostprocessing = 0;
		};
		2372B42C1F960DBA00189A32 /* Resources */ = {
			isa = PBXResourcesBuildPhase;
			buildActionMask = 2147483647;
			files = (
			);
			runOnlyForDeploymentPostprocessing = 0;
		};
		2372B43B1F960DCB00189A32 /* Resources */ = {
			isa = PBXResourcesBuildPhase;
			buildActionMask = 2147483647;
			files = (
			);
			runOnlyForDeploymentPostprocessing = 0;
		};
/* End PBXResourcesBuildPhase section */

/* Begin PBXShellScriptBuildPhase section */
		230B47FC200EA89600F46852 /* SwiftLint */ = {
			isa = PBXShellScriptBuildPhase;
			buildActionMask = 2147483647;
			files = (
			);
			inputPaths = (
			);
			name = SwiftLint;
			outputPaths = (
			);
			runOnlyForDeploymentPostprocessing = 0;
			shellPath = /bin/sh;
			shellScript = "if which swiftlint >/dev/null; then\nswiftlint\nelse\necho \"warning: SwiftLint not installed, download from https://github.com/realm/SwiftLint\"\nfi";
		};
		23DC2C822014F5E000270CA3 /* ShellScript */ = {
			isa = PBXShellScriptBuildPhase;
			buildActionMask = 2147483647;
			files = (
			);
			inputPaths = (
			);
			outputPaths = (
			);
			runOnlyForDeploymentPostprocessing = 0;
			shellPath = /bin/sh;
			shellScript = "#!/bin/sh\ndirectories=(Sources Tests)\n\nfor directory in \"${directories[@]}\"\ndo\necho \"Cleaning whitespace in directory: $directory\"\nfind $directory -iregex '.*\\.swift' -exec sed -E -i '' -e 's/[[:blank:]]*$//' {} \\;\ndone";
		};
/* End PBXShellScriptBuildPhase section */

/* Begin PBXSourcesBuildPhase section */
		234130821F9605F5002BE7FC /* Sources */ = {
			isa = PBXSourcesBuildPhase;
			buildActionMask = 2147483647;
			files = (
				23F24D2720079CDE00B25A03 /* DelayOperation.swift in Sources */,
				2372507D200524860000A442 /* AdvancedOperation.swift in Sources */,
				23F24D22200799B800B25A03 /* Operation+Utils.swift in Sources */,
				235D08AB206A498400F70142 /* ExclusivityManager.swift in Sources */,
				232F3AAE206041DE00FC45CB /* Globals.swift in Sources */,
				235D08AC206A498400F70142 /* NegatedCondition.swift in Sources */,
				235D08AE206A498400F70142 /* MutuallyExclusiveCondition.swift in Sources */,
				23830CA320615E7C00F6EBC9 /* NSLock+Utils.swift in Sources */,
				23A813B12020CF1E008A98E0 /* AdvancedBlockOperation.swift in Sources */,
				235D08B0206A498400F70142 /* NoCancelledDependenciesCondition.swift in Sources */,
				23F24D302007B0D200B25A03 /* OperationObserving.swift in Sources */,
				23665C0F200B6E4800A6C921 /* OperationObserverController.swift in Sources */,
				236F54B6206CDE070079B033 /* OperationErrorCode.swift in Sources */,
				235D08B1206A498400F70142 /* NoFailedDependenciesCondition.swift in Sources */,
				235D08AF206A498400F70142 /* OperationCondition.swift in Sources */,
				2385616C200A6BF80061BAA1 /* GroupOperation.swift in Sources */,
				23F24D352007BC2100B25A03 /* AdvancedOperationQueue.swift in Sources */,
				235D08AD206A498400F70142 /* SilentCondition.swift in Sources */,
				23F24D3A2007C03D00B25A03 /* BlockObserver.swift in Sources */,
			);
			runOnlyForDeploymentPostprocessing = 0;
		};
		234130951F960691002BE7FC /* Sources */ = {
			isa = PBXSourcesBuildPhase;
			buildActionMask = 2147483647;
			files = (
				23F24D2820079CDE00B25A03 /* DelayOperation.swift in Sources */,
				2372507E200524860000A442 /* AdvancedOperation.swift in Sources */,
				23F24D23200799B800B25A03 /* Operation+Utils.swift in Sources */,
				235D08B2206A498400F70142 /* ExclusivityManager.swift in Sources */,
				232F3AAF206041DE00FC45CB /* Globals.swift in Sources */,
				235D08B3206A498400F70142 /* NegatedCondition.swift in Sources */,
				235D08B5206A498400F70142 /* MutuallyExclusiveCondition.swift in Sources */,
				23830CA420615E7C00F6EBC9 /* NSLock+Utils.swift in Sources */,
				23A813B22020CF1E008A98E0 /* AdvancedBlockOperation.swift in Sources */,
				235D08B7206A498400F70142 /* NoCancelledDependenciesCondition.swift in Sources */,
				23F24D312007B0D200B25A03 /* OperationObserving.swift in Sources */,
				23665C10200B6E4800A6C921 /* OperationObserverController.swift in Sources */,
				236F54B7206CDE070079B033 /* OperationErrorCode.swift in Sources */,
				235D08B8206A498400F70142 /* NoFailedDependenciesCondition.swift in Sources */,
				235D08B6206A498400F70142 /* OperationCondition.swift in Sources */,
				2385616D200A6BF80061BAA1 /* GroupOperation.swift in Sources */,
				23F24D362007BC2100B25A03 /* AdvancedOperationQueue.swift in Sources */,
				235D08B4206A498400F70142 /* SilentCondition.swift in Sources */,
				23F24D3B2007C03D00B25A03 /* BlockObserver.swift in Sources */,
			);
			runOnlyForDeploymentPostprocessing = 0;
		};
		234130A21F9606B8002BE7FC /* Sources */ = {
			isa = PBXSourcesBuildPhase;
			buildActionMask = 2147483647;
			files = (
				23F24D2920079CDE00B25A03 /* DelayOperation.swift in Sources */,
				2372507F200524860000A442 /* AdvancedOperation.swift in Sources */,
				23F24D24200799B800B25A03 /* Operation+Utils.swift in Sources */,
				235D08B9206A498500F70142 /* ExclusivityManager.swift in Sources */,
				232F3AB0206041DE00FC45CB /* Globals.swift in Sources */,
				235D08BA206A498500F70142 /* NegatedCondition.swift in Sources */,
				235D08BC206A498500F70142 /* MutuallyExclusiveCondition.swift in Sources */,
				23830CA520615E7C00F6EBC9 /* NSLock+Utils.swift in Sources */,
				23A813B32020CF1E008A98E0 /* AdvancedBlockOperation.swift in Sources */,
				235D08BE206A498500F70142 /* NoCancelledDependenciesCondition.swift in Sources */,
				23F24D322007B0D200B25A03 /* OperationObserving.swift in Sources */,
				23665C11200B6E4800A6C921 /* OperationObserverController.swift in Sources */,
				236F54B8206CDE070079B033 /* OperationErrorCode.swift in Sources */,
				235D08BF206A498500F70142 /* NoFailedDependenciesCondition.swift in Sources */,
				235D08BD206A498500F70142 /* OperationCondition.swift in Sources */,
				2385616E200A6BF80061BAA1 /* GroupOperation.swift in Sources */,
				23F24D372007BC2100B25A03 /* AdvancedOperationQueue.swift in Sources */,
				235D08BB206A498500F70142 /* SilentCondition.swift in Sources */,
				23F24D3C2007C03D00B25A03 /* BlockObserver.swift in Sources */,
			);
			runOnlyForDeploymentPostprocessing = 0;
		};
		234130AF1F9606CD002BE7FC /* Sources */ = {
			isa = PBXSourcesBuildPhase;
			buildActionMask = 2147483647;
			files = (
				23F24D2A20079CDE00B25A03 /* DelayOperation.swift in Sources */,
				23725080200524860000A442 /* AdvancedOperation.swift in Sources */,
				23F24D25200799B800B25A03 /* Operation+Utils.swift in Sources */,
				235D08C0206A498500F70142 /* ExclusivityManager.swift in Sources */,
				232F3AB1206041DE00FC45CB /* Globals.swift in Sources */,
				235D08C1206A498500F70142 /* NegatedCondition.swift in Sources */,
				235D08C3206A498500F70142 /* MutuallyExclusiveCondition.swift in Sources */,
				23830CA620615E7C00F6EBC9 /* NSLock+Utils.swift in Sources */,
				23A813B42020CF1E008A98E0 /* AdvancedBlockOperation.swift in Sources */,
				235D08C5206A498500F70142 /* NoCancelledDependenciesCondition.swift in Sources */,
				23F24D332007B0D200B25A03 /* OperationObserving.swift in Sources */,
				23665C12200B6E4800A6C921 /* OperationObserverController.swift in Sources */,
				236F54B9206CDE070079B033 /* OperationErrorCode.swift in Sources */,
				235D08C6206A498500F70142 /* NoFailedDependenciesCondition.swift in Sources */,
				235D08C4206A498500F70142 /* OperationCondition.swift in Sources */,
				2385616F200A6BF80061BAA1 /* GroupOperation.swift in Sources */,
				23F24D382007BC2100B25A03 /* AdvancedOperationQueue.swift in Sources */,
				235D08C2206A498500F70142 /* SilentCondition.swift in Sources */,
				23F24D3D2007C03D00B25A03 /* BlockObserver.swift in Sources */,
			);
			runOnlyForDeploymentPostprocessing = 0;
		};
		2372506D200522820000A442 /* Sources */ = {
			isa = PBXSourcesBuildPhase;
			buildActionMask = 2147483647;
			files = (
				23F24D2E2007A33F00B25A03 /* DelayOperationTests.swift in Sources */,
				23856177200A87070061BAA1 /* AdvancedOperationQueueTests.swift in Sources */,
				23A813B82020D111008A98E0 /* AdvancedBlockOperationTests.swift in Sources */,
				235D08CE206A6FCA00F70142 /* NoCancelledDependenciesConditionTests.swift in Sources */,
				235D08CB206A6FCA00F70142 /* NoFailedDependenciesConditionTests.swift in Sources */,
				2368702A206E36A3004DFC17 /* OperationConditionTests.swift in Sources */,
				23A56BAE200F984400509A65 /* XCTestCase+Utils.swift in Sources */,
				23CF6E7D205FC4D300808400 /* MutuallyExclusiveConditionTests.swift in Sources */,
				231FE72A201210300077728C /* OperationKeyValueObserverTests.swift in Sources */,
				2368702E206E4BE8004DFC17 /* BlockObserverTests.swift in Sources */,
				23F24D20200771FA00B25A03 /* AdvancedOperationTests.swift in Sources */,
				235D08D3206A941B00F70142 /* OperationStateTests.swift in Sources */,
				23AC3ADF2038A050003E1B15 /* OperationUtilsTests.swift in Sources */,
				23856173200A6E9A0061BAA1 /* GroupOperationTests.swift in Sources */,
				235F7B0B206B883800218F32 /* NegatedConditionTests.swift in Sources */,
				2385617B200A873C0061BAA1 /* Mocks.swift in Sources */,
			);
			runOnlyForDeploymentPostprocessing = 0;
		};
		2372B42A1F960DBA00189A32 /* Sources */ = {
			isa = PBXSourcesBuildPhase;
			buildActionMask = 2147483647;
			files = (
				23F24D2C2007A33F00B25A03 /* DelayOperationTests.swift in Sources */,
				23856175200A87070061BAA1 /* AdvancedOperationQueueTests.swift in Sources */,
				23A813B62020D111008A98E0 /* AdvancedBlockOperationTests.swift in Sources */,
				235D08CC206A6FCA00F70142 /* NoCancelledDependenciesConditionTests.swift in Sources */,
				235D08C9206A6FCA00F70142 /* NoFailedDependenciesConditionTests.swift in Sources */,
				23687028206E36A3004DFC17 /* OperationConditionTests.swift in Sources */,
				23A56BAC200F984400509A65 /* XCTestCase+Utils.swift in Sources */,
				23CF6E7B205FC4D300808400 /* MutuallyExclusiveConditionTests.swift in Sources */,
				231FE728201210300077728C /* OperationKeyValueObserverTests.swift in Sources */,
				2368702C206E4BE8004DFC17 /* BlockObserverTests.swift in Sources */,
				23F24D1E200771FA00B25A03 /* AdvancedOperationTests.swift in Sources */,
				235D08D1206A941B00F70142 /* OperationStateTests.swift in Sources */,
				23AC3ADD2038A050003E1B15 /* OperationUtilsTests.swift in Sources */,
				23856171200A6E9A0061BAA1 /* GroupOperationTests.swift in Sources */,
				235F7B09206B883800218F32 /* NegatedConditionTests.swift in Sources */,
				23856179200A873C0061BAA1 /* Mocks.swift in Sources */,
			);
			runOnlyForDeploymentPostprocessing = 0;
		};
		2372B4391F960DCB00189A32 /* Sources */ = {
			isa = PBXSourcesBuildPhase;
			buildActionMask = 2147483647;
			files = (
				23F24D2D2007A33F00B25A03 /* DelayOperationTests.swift in Sources */,
				23856176200A87070061BAA1 /* AdvancedOperationQueueTests.swift in Sources */,
				23A813B72020D111008A98E0 /* AdvancedBlockOperationTests.swift in Sources */,
				235D08CD206A6FCA00F70142 /* NoCancelledDependenciesConditionTests.swift in Sources */,
				235D08CA206A6FCA00F70142 /* NoFailedDependenciesConditionTests.swift in Sources */,
				23687029206E36A3004DFC17 /* OperationConditionTests.swift in Sources */,
				23A56BAD200F984400509A65 /* XCTestCase+Utils.swift in Sources */,
				23CF6E7C205FC4D300808400 /* MutuallyExclusiveConditionTests.swift in Sources */,
				231FE729201210300077728C /* OperationKeyValueObserverTests.swift in Sources */,
				2368702D206E4BE8004DFC17 /* BlockObserverTests.swift in Sources */,
				23F24D1F200771FA00B25A03 /* AdvancedOperationTests.swift in Sources */,
				235D08D2206A941B00F70142 /* OperationStateTests.swift in Sources */,
				23AC3ADE2038A050003E1B15 /* OperationUtilsTests.swift in Sources */,
				23856172200A6E9A0061BAA1 /* GroupOperationTests.swift in Sources */,
				235F7B0A206B883800218F32 /* NegatedConditionTests.swift in Sources */,
				2385617A200A873C0061BAA1 /* Mocks.swift in Sources */,
			);
			runOnlyForDeploymentPostprocessing = 0;
		};
/* End PBXSourcesBuildPhase section */

/* Begin PBXTargetDependency section */
		23725078200522820000A442 /* PBXTargetDependency */ = {
			isa = PBXTargetDependency;
			target = 234130991F960691002BE7FC /* AdvancedOperation macOS */;
			targetProxy = 23725077200522820000A442 /* PBXContainerItemProxy */;
		};
		2372B4351F960DBA00189A32 /* PBXTargetDependency */ = {
			isa = PBXTargetDependency;
			target = 234130861F9605F5002BE7FC /* AdvancedOperation iOS */;
			targetProxy = 2372B4341F960DBA00189A32 /* PBXContainerItemProxy */;
		};
		2372B4441F960DCB00189A32 /* PBXTargetDependency */ = {
			isa = PBXTargetDependency;
			target = 234130A61F9606B8002BE7FC /* AdvancedOperation tvOS */;
			targetProxy = 2372B4431F960DCB00189A32 /* PBXContainerItemProxy */;
		};
/* End PBXTargetDependency section */

/* Begin XCBuildConfiguration section */
		230B47F9200EA87900F46852 /* Debug */ = {
			isa = XCBuildConfiguration;
			buildSettings = {
				CODE_SIGN_STYLE = Automatic;
				PRODUCT_NAME = "$(TARGET_NAME)";
			};
			name = Debug;
		};
		230B47FA200EA87900F46852 /* Release */ = {
			isa = XCBuildConfiguration;
			buildSettings = {
				CODE_SIGN_STYLE = Automatic;
				PRODUCT_NAME = "$(TARGET_NAME)";
			};
			name = Release;
		};
		2341308D1F9605F5002BE7FC /* Debug */ = {
			isa = XCBuildConfiguration;
			buildSettings = {
				ALWAYS_SEARCH_USER_PATHS = NO;
				CLANG_ANALYZER_NONNULL = YES;
				CLANG_ANALYZER_NUMBER_OBJECT_CONVERSION = YES_AGGRESSIVE;
				CLANG_CXX_LANGUAGE_STANDARD = "gnu++14";
				CLANG_CXX_LIBRARY = "libc++";
				CLANG_ENABLE_MODULES = YES;
				CLANG_ENABLE_OBJC_ARC = YES;
				CLANG_WARN_BLOCK_CAPTURE_AUTORELEASING = YES;
				CLANG_WARN_BOOL_CONVERSION = YES;
				CLANG_WARN_COMMA = YES;
				CLANG_WARN_CONSTANT_CONVERSION = YES;
				CLANG_WARN_DEPRECATED_OBJC_IMPLEMENTATIONS = YES;
				CLANG_WARN_DIRECT_OBJC_ISA_USAGE = YES_ERROR;
				CLANG_WARN_DOCUMENTATION_COMMENTS = YES;
				CLANG_WARN_EMPTY_BODY = YES;
				CLANG_WARN_ENUM_CONVERSION = YES;
				CLANG_WARN_INFINITE_RECURSION = YES;
				CLANG_WARN_INT_CONVERSION = YES;
				CLANG_WARN_NON_LITERAL_NULL_CONVERSION = YES;
				CLANG_WARN_OBJC_IMPLICIT_RETAIN_SELF = YES;
				CLANG_WARN_OBJC_LITERAL_CONVERSION = YES;
				CLANG_WARN_OBJC_ROOT_CLASS = YES_ERROR;
				CLANG_WARN_RANGE_LOOP_ANALYSIS = YES;
				CLANG_WARN_STRICT_PROTOTYPES = YES;
				CLANG_WARN_SUSPICIOUS_MOVE = YES;
				CLANG_WARN_UNGUARDED_AVAILABILITY = YES_AGGRESSIVE;
				CLANG_WARN_UNREACHABLE_CODE = YES;
				CLANG_WARN__DUPLICATE_METHOD_MATCH = YES;
				CODE_SIGN_IDENTITY = "iPhone Developer";
				COPY_PHASE_STRIP = NO;
				CURRENT_PROJECT_VERSION = 1;
				DEBUG_INFORMATION_FORMAT = dwarf;
				ENABLE_STRICT_OBJC_MSGSEND = YES;
				ENABLE_TESTABILITY = YES;
				GCC_C_LANGUAGE_STANDARD = gnu11;
				GCC_DYNAMIC_NO_PIC = NO;
				GCC_NO_COMMON_BLOCKS = YES;
				GCC_OPTIMIZATION_LEVEL = 0;
				GCC_PREPROCESSOR_DEFINITIONS = (
					"DEBUG=1",
					"$(inherited)",
				);
				GCC_WARN_64_TO_32_BIT_CONVERSION = YES;
				GCC_WARN_ABOUT_RETURN_TYPE = YES_ERROR;
				GCC_WARN_UNDECLARED_SELECTOR = YES;
				GCC_WARN_UNINITIALIZED_AUTOS = YES_AGGRESSIVE;
				GCC_WARN_UNUSED_FUNCTION = YES;
				GCC_WARN_UNUSED_VARIABLE = YES;
				IPHONEOS_DEPLOYMENT_TARGET = 10.0;
				MACOSX_DEPLOYMENT_TARGET = 10.12;
				MTL_ENABLE_DEBUG_INFO = YES;
				ONLY_ACTIVE_ARCH = YES;
				SDKROOT = iphoneos;
				SWIFT_ACTIVE_COMPILATION_CONDITIONS = DEBUG;
				SWIFT_OPTIMIZATION_LEVEL = "-Onone";
				VERSIONING_SYSTEM = "apple-generic";
				VERSION_INFO_PREFIX = "";
			};
			name = Debug;
		};
		2341308E1F9605F5002BE7FC /* Release */ = {
			isa = XCBuildConfiguration;
			buildSettings = {
				ALWAYS_SEARCH_USER_PATHS = NO;
				CLANG_ANALYZER_NONNULL = YES;
				CLANG_ANALYZER_NUMBER_OBJECT_CONVERSION = YES_AGGRESSIVE;
				CLANG_CXX_LANGUAGE_STANDARD = "gnu++14";
				CLANG_CXX_LIBRARY = "libc++";
				CLANG_ENABLE_MODULES = YES;
				CLANG_ENABLE_OBJC_ARC = YES;
				CLANG_WARN_BLOCK_CAPTURE_AUTORELEASING = YES;
				CLANG_WARN_BOOL_CONVERSION = YES;
				CLANG_WARN_COMMA = YES;
				CLANG_WARN_CONSTANT_CONVERSION = YES;
				CLANG_WARN_DEPRECATED_OBJC_IMPLEMENTATIONS = YES;
				CLANG_WARN_DIRECT_OBJC_ISA_USAGE = YES_ERROR;
				CLANG_WARN_DOCUMENTATION_COMMENTS = YES;
				CLANG_WARN_EMPTY_BODY = YES;
				CLANG_WARN_ENUM_CONVERSION = YES;
				CLANG_WARN_INFINITE_RECURSION = YES;
				CLANG_WARN_INT_CONVERSION = YES;
				CLANG_WARN_NON_LITERAL_NULL_CONVERSION = YES;
				CLANG_WARN_OBJC_IMPLICIT_RETAIN_SELF = YES;
				CLANG_WARN_OBJC_LITERAL_CONVERSION = YES;
				CLANG_WARN_OBJC_ROOT_CLASS = YES_ERROR;
				CLANG_WARN_RANGE_LOOP_ANALYSIS = YES;
				CLANG_WARN_STRICT_PROTOTYPES = YES;
				CLANG_WARN_SUSPICIOUS_MOVE = YES;
				CLANG_WARN_UNGUARDED_AVAILABILITY = YES_AGGRESSIVE;
				CLANG_WARN_UNREACHABLE_CODE = YES;
				CLANG_WARN__DUPLICATE_METHOD_MATCH = YES;
				CODE_SIGN_IDENTITY = "iPhone Developer";
				COPY_PHASE_STRIP = NO;
				CURRENT_PROJECT_VERSION = 1;
				DEBUG_INFORMATION_FORMAT = "dwarf-with-dsym";
				ENABLE_NS_ASSERTIONS = NO;
				ENABLE_STRICT_OBJC_MSGSEND = YES;
				GCC_C_LANGUAGE_STANDARD = gnu11;
				GCC_NO_COMMON_BLOCKS = YES;
				GCC_WARN_64_TO_32_BIT_CONVERSION = YES;
				GCC_WARN_ABOUT_RETURN_TYPE = YES_ERROR;
				GCC_WARN_UNDECLARED_SELECTOR = YES;
				GCC_WARN_UNINITIALIZED_AUTOS = YES_AGGRESSIVE;
				GCC_WARN_UNUSED_FUNCTION = YES;
				GCC_WARN_UNUSED_VARIABLE = YES;
				IPHONEOS_DEPLOYMENT_TARGET = 10.0;
				MACOSX_DEPLOYMENT_TARGET = 10.12;
				MTL_ENABLE_DEBUG_INFO = NO;
				SDKROOT = iphoneos;
				SWIFT_OPTIMIZATION_LEVEL = "-Owholemodule";
				VALIDATE_PRODUCT = YES;
				VERSIONING_SYSTEM = "apple-generic";
				VERSION_INFO_PREFIX = "";
			};
			name = Release;
		};
		234130901F9605F5002BE7FC /* Debug */ = {
			isa = XCBuildConfiguration;
			buildSettings = {
				APPLICATION_EXTENSION_API_ONLY = YES;
				BITCODE_GENERATION_MODE = marker;
				CLANG_ENABLE_MODULES = YES;
				CODE_SIGN_IDENTITY = "";
				CODE_SIGN_STYLE = Automatic;
				DEFINES_MODULE = YES;
				DYLIB_COMPATIBILITY_VERSION = 1;
				DYLIB_CURRENT_VERSION = 1;
				DYLIB_INSTALL_NAME_BASE = "@rpath";
				INFOPLIST_FILE = Support/Info.plist;
				INSTALL_PATH = "$(LOCAL_LIBRARY_DIR)/Frameworks";
				IPHONEOS_DEPLOYMENT_TARGET = 11.0;
				LD_RUNPATH_SEARCH_PATHS = "$(inherited) @executable_path/Frameworks @loader_path/Frameworks";
				PRODUCT_BUNDLE_IDENTIFIER = org.tinrobots.AdvancedOperation;
				PRODUCT_NAME = AdvancedOperation;
				SKIP_INSTALL = YES;
				SWIFT_OPTIMIZATION_LEVEL = "-Onone";
				SWIFT_VERSION = 4.0;
				TARGETED_DEVICE_FAMILY = "1,2";
			};
			name = Debug;
		};
		234130911F9605F5002BE7FC /* Release */ = {
			isa = XCBuildConfiguration;
			buildSettings = {
				APPLICATION_EXTENSION_API_ONLY = YES;
				BITCODE_GENERATION_MODE = bitcode;
				CLANG_ENABLE_MODULES = YES;
				CODE_SIGN_IDENTITY = "";
				CODE_SIGN_STYLE = Automatic;
				DEFINES_MODULE = YES;
				DYLIB_COMPATIBILITY_VERSION = 1;
				DYLIB_CURRENT_VERSION = 1;
				DYLIB_INSTALL_NAME_BASE = "@rpath";
				INFOPLIST_FILE = Support/Info.plist;
				INSTALL_PATH = "$(LOCAL_LIBRARY_DIR)/Frameworks";
				IPHONEOS_DEPLOYMENT_TARGET = 11.0;
				LD_RUNPATH_SEARCH_PATHS = "$(inherited) @executable_path/Frameworks @loader_path/Frameworks";
				PRODUCT_BUNDLE_IDENTIFIER = org.tinrobots.AdvancedOperation;
				PRODUCT_NAME = AdvancedOperation;
				SKIP_INSTALL = YES;
				SWIFT_VERSION = 4.0;
				TARGETED_DEVICE_FAMILY = "1,2";
			};
			name = Release;
		};
		234130A01F960691002BE7FC /* Debug */ = {
			isa = XCBuildConfiguration;
			buildSettings = {
				APPLICATION_EXTENSION_API_ONLY = YES;
				CLANG_ENABLE_MODULES = YES;
				CODE_SIGN_IDENTITY = "-";
				CODE_SIGN_STYLE = Automatic;
				COMBINE_HIDPI_IMAGES = YES;
				DEFINES_MODULE = YES;
				DYLIB_COMPATIBILITY_VERSION = 1;
				DYLIB_CURRENT_VERSION = 1;
				DYLIB_INSTALL_NAME_BASE = "@rpath";
				FRAMEWORK_VERSION = A;
				INFOPLIST_FILE = Support/Info.plist;
				INSTALL_PATH = "$(LOCAL_LIBRARY_DIR)/Frameworks";
				LD_RUNPATH_SEARCH_PATHS = "$(inherited) @executable_path/../Frameworks @loader_path/Frameworks";
				MACOSX_DEPLOYMENT_TARGET = 10.13;
				PRODUCT_BUNDLE_IDENTIFIER = org.tinrobots.AdvancedOperation;
				PRODUCT_NAME = AdvancedOperation;
				SDKROOT = macosx;
				SKIP_INSTALL = YES;
				SWIFT_OPTIMIZATION_LEVEL = "-Onone";
				SWIFT_VERSION = 4.0;
			};
			name = Debug;
		};
		234130A11F960691002BE7FC /* Release */ = {
			isa = XCBuildConfiguration;
			buildSettings = {
				APPLICATION_EXTENSION_API_ONLY = YES;
				CLANG_ENABLE_MODULES = YES;
				CODE_SIGN_IDENTITY = "-";
				CODE_SIGN_STYLE = Automatic;
				COMBINE_HIDPI_IMAGES = YES;
				DEFINES_MODULE = YES;
				DYLIB_COMPATIBILITY_VERSION = 1;
				DYLIB_CURRENT_VERSION = 1;
				DYLIB_INSTALL_NAME_BASE = "@rpath";
				FRAMEWORK_VERSION = A;
				INFOPLIST_FILE = Support/Info.plist;
				INSTALL_PATH = "$(LOCAL_LIBRARY_DIR)/Frameworks";
				LD_RUNPATH_SEARCH_PATHS = "$(inherited) @executable_path/../Frameworks @loader_path/Frameworks";
				MACOSX_DEPLOYMENT_TARGET = 10.13;
				PRODUCT_BUNDLE_IDENTIFIER = org.tinrobots.AdvancedOperation;
				PRODUCT_NAME = AdvancedOperation;
				SDKROOT = macosx;
				SKIP_INSTALL = YES;
				SWIFT_VERSION = 4.0;
			};
			name = Release;
		};
		234130AD1F9606B8002BE7FC /* Debug */ = {
			isa = XCBuildConfiguration;
			buildSettings = {
				APPLICATION_EXTENSION_API_ONLY = YES;
				CLANG_ENABLE_MODULES = YES;
				CODE_SIGN_IDENTITY = "";
				CODE_SIGN_STYLE = Automatic;
				DEFINES_MODULE = YES;
				DYLIB_COMPATIBILITY_VERSION = 1;
				DYLIB_CURRENT_VERSION = 1;
				DYLIB_INSTALL_NAME_BASE = "@rpath";
				INFOPLIST_FILE = Support/Info.plist;
				INSTALL_PATH = "$(LOCAL_LIBRARY_DIR)/Frameworks";
				LD_RUNPATH_SEARCH_PATHS = "$(inherited) @executable_path/Frameworks @loader_path/Frameworks";
				PRODUCT_BUNDLE_IDENTIFIER = org.tinrobots.AdvancedOperation;
				PRODUCT_NAME = AdvancedOperation;
				SDKROOT = appletvos;
				SKIP_INSTALL = YES;
				SWIFT_OPTIMIZATION_LEVEL = "-Onone";
				SWIFT_VERSION = 4.0;
				TARGETED_DEVICE_FAMILY = 3;
				TVOS_DEPLOYMENT_TARGET = 11.0;
			};
			name = Debug;
		};
		234130AE1F9606B8002BE7FC /* Release */ = {
			isa = XCBuildConfiguration;
			buildSettings = {
				APPLICATION_EXTENSION_API_ONLY = YES;
				CLANG_ENABLE_MODULES = YES;
				CODE_SIGN_IDENTITY = "";
				CODE_SIGN_STYLE = Automatic;
				DEFINES_MODULE = YES;
				DYLIB_COMPATIBILITY_VERSION = 1;
				DYLIB_CURRENT_VERSION = 1;
				DYLIB_INSTALL_NAME_BASE = "@rpath";
				INFOPLIST_FILE = Support/Info.plist;
				INSTALL_PATH = "$(LOCAL_LIBRARY_DIR)/Frameworks";
				LD_RUNPATH_SEARCH_PATHS = "$(inherited) @executable_path/Frameworks @loader_path/Frameworks";
				PRODUCT_BUNDLE_IDENTIFIER = org.tinrobots.AdvancedOperation;
				PRODUCT_NAME = AdvancedOperation;
				SDKROOT = appletvos;
				SKIP_INSTALL = YES;
				SWIFT_VERSION = 4.0;
				TARGETED_DEVICE_FAMILY = 3;
				TVOS_DEPLOYMENT_TARGET = 11.0;
			};
			name = Release;
		};
		234130BA1F9606CD002BE7FC /* Debug */ = {
			isa = XCBuildConfiguration;
			buildSettings = {
				APPLICATION_EXTENSION_API_ONLY = YES;
				CLANG_ENABLE_MODULES = YES;
				CODE_SIGN_IDENTITY = "";
				CODE_SIGN_STYLE = Automatic;
				DEFINES_MODULE = YES;
				DYLIB_COMPATIBILITY_VERSION = 1;
				DYLIB_CURRENT_VERSION = 1;
				DYLIB_INSTALL_NAME_BASE = "@rpath";
				INFOPLIST_FILE = Support/Info.plist;
				INSTALL_PATH = "$(LOCAL_LIBRARY_DIR)/Frameworks";
				LD_RUNPATH_SEARCH_PATHS = "$(inherited) @executable_path/Frameworks @loader_path/Frameworks";
				PRODUCT_BUNDLE_IDENTIFIER = org.tinrobots.AdvancedOperation;
				PRODUCT_NAME = AdvancedOperation;
				SDKROOT = watchos;
				SKIP_INSTALL = YES;
				SWIFT_OPTIMIZATION_LEVEL = "-Onone";
				SWIFT_VERSION = 4.0;
				TARGETED_DEVICE_FAMILY = 4;
				WATCHOS_DEPLOYMENT_TARGET = 4.0;
			};
			name = Debug;
		};
		234130BB1F9606CD002BE7FC /* Release */ = {
			isa = XCBuildConfiguration;
			buildSettings = {
				APPLICATION_EXTENSION_API_ONLY = YES;
				CLANG_ENABLE_MODULES = YES;
				CODE_SIGN_IDENTITY = "";
				CODE_SIGN_STYLE = Automatic;
				DEFINES_MODULE = YES;
				DYLIB_COMPATIBILITY_VERSION = 1;
				DYLIB_CURRENT_VERSION = 1;
				DYLIB_INSTALL_NAME_BASE = "@rpath";
				INFOPLIST_FILE = Support/Info.plist;
				INSTALL_PATH = "$(LOCAL_LIBRARY_DIR)/Frameworks";
				LD_RUNPATH_SEARCH_PATHS = "$(inherited) @executable_path/Frameworks @loader_path/Frameworks";
				PRODUCT_BUNDLE_IDENTIFIER = org.tinrobots.AdvancedOperation;
				PRODUCT_NAME = AdvancedOperation;
				SDKROOT = watchos;
				SKIP_INSTALL = YES;
				SWIFT_VERSION = 4.0;
				TARGETED_DEVICE_FAMILY = 4;
				WATCHOS_DEPLOYMENT_TARGET = 4.0;
			};
			name = Release;
		};
		2372507A200522820000A442 /* Debug */ = {
			isa = XCBuildConfiguration;
			buildSettings = {
				ALWAYS_EMBED_SWIFT_STANDARD_LIBRARIES = YES;
				CLANG_ENABLE_MODULES = YES;
				CODE_SIGN_IDENTITY = "-";
				CODE_SIGN_STYLE = Automatic;
				COMBINE_HIDPI_IMAGES = YES;
				INFOPLIST_FILE = "Support/Info-Tests.plist";
				IPHONEOS_DEPLOYMENT_TARGET = 11.0;
				LD_RUNPATH_SEARCH_PATHS = "$(inherited) @executable_path/../Frameworks @loader_path/../Frameworks";
				MACOSX_DEPLOYMENT_TARGET = 10.13;
				PRODUCT_BUNDLE_IDENTIFIER = "org.tinrobots.AdvancedOperation-Tests-macOS";
				PRODUCT_NAME = "$(TARGET_NAME)";
				SDKROOT = macosx;
				SWIFT_OPTIMIZATION_LEVEL = "-Onone";
				SWIFT_VERSION = 4.0;
			};
			name = Debug;
		};
		2372507B200522820000A442 /* Release */ = {
			isa = XCBuildConfiguration;
			buildSettings = {
				ALWAYS_EMBED_SWIFT_STANDARD_LIBRARIES = YES;
				CLANG_ENABLE_MODULES = YES;
				CODE_SIGN_IDENTITY = "-";
				CODE_SIGN_STYLE = Automatic;
				COMBINE_HIDPI_IMAGES = YES;
				INFOPLIST_FILE = "Support/Info-Tests.plist";
				IPHONEOS_DEPLOYMENT_TARGET = 11.0;
				LD_RUNPATH_SEARCH_PATHS = "$(inherited) @executable_path/../Frameworks @loader_path/../Frameworks";
				MACOSX_DEPLOYMENT_TARGET = 10.13;
				PRODUCT_BUNDLE_IDENTIFIER = "org.tinrobots.AdvancedOperation-Tests-macOS";
				PRODUCT_NAME = "$(TARGET_NAME)";
				SDKROOT = macosx;
				SWIFT_VERSION = 4.0;
			};
			name = Release;
		};
		2372B4361F960DBA00189A32 /* Debug */ = {
			isa = XCBuildConfiguration;
			buildSettings = {
				ALWAYS_EMBED_SWIFT_STANDARD_LIBRARIES = YES;
				CLANG_ENABLE_MODULES = YES;
				CODE_SIGN_STYLE = Automatic;
				INFOPLIST_FILE = "Support/Info-Tests.plist";
				IPHONEOS_DEPLOYMENT_TARGET = 11.0;
				LD_RUNPATH_SEARCH_PATHS = "$(inherited) @executable_path/Frameworks @loader_path/Frameworks";
				PRODUCT_BUNDLE_IDENTIFIER = "org.tinrobots.AdvancedOperation-Tests-iOS";
				PRODUCT_NAME = "$(TARGET_NAME)";
				SWIFT_OPTIMIZATION_LEVEL = "-Onone";
				SWIFT_VERSION = 4.0;
				TARGETED_DEVICE_FAMILY = "1,2";
			};
			name = Debug;
		};
		2372B4371F960DBA00189A32 /* Release */ = {
			isa = XCBuildConfiguration;
			buildSettings = {
				ALWAYS_EMBED_SWIFT_STANDARD_LIBRARIES = YES;
				CLANG_ENABLE_MODULES = YES;
				CODE_SIGN_STYLE = Automatic;
				INFOPLIST_FILE = "Support/Info-Tests.plist";
				IPHONEOS_DEPLOYMENT_TARGET = 11.0;
				LD_RUNPATH_SEARCH_PATHS = "$(inherited) @executable_path/Frameworks @loader_path/Frameworks";
				PRODUCT_BUNDLE_IDENTIFIER = "org.tinrobots.AdvancedOperation-Tests-iOS";
				PRODUCT_NAME = "$(TARGET_NAME)";
				SWIFT_VERSION = 4.0;
				TARGETED_DEVICE_FAMILY = "1,2";
			};
			name = Release;
		};
		2372B4461F960DCB00189A32 /* Debug */ = {
			isa = XCBuildConfiguration;
			buildSettings = {
				ALWAYS_EMBED_SWIFT_STANDARD_LIBRARIES = YES;
				CLANG_ENABLE_MODULES = YES;
				CODE_SIGN_STYLE = Automatic;
				INFOPLIST_FILE = "Support/Info-Tests.plist";
				IPHONEOS_DEPLOYMENT_TARGET = 11.0;
				LD_RUNPATH_SEARCH_PATHS = "$(inherited) @executable_path/Frameworks @loader_path/Frameworks";
				PRODUCT_BUNDLE_IDENTIFIER = "org.tinrobots.AdvancedOperation-Tests-tvOS";
				PRODUCT_NAME = "$(TARGET_NAME)";
				SDKROOT = appletvos;
				SWIFT_OPTIMIZATION_LEVEL = "-Onone";
				SWIFT_VERSION = 4.0;
				TARGETED_DEVICE_FAMILY = 3;
				TVOS_DEPLOYMENT_TARGET = 11.0;
			};
			name = Debug;
		};
		2372B4471F960DCB00189A32 /* Release */ = {
			isa = XCBuildConfiguration;
			buildSettings = {
				ALWAYS_EMBED_SWIFT_STANDARD_LIBRARIES = YES;
				CLANG_ENABLE_MODULES = YES;
				CODE_SIGN_STYLE = Automatic;
				INFOPLIST_FILE = "Support/Info-Tests.plist";
				IPHONEOS_DEPLOYMENT_TARGET = 11.0;
				LD_RUNPATH_SEARCH_PATHS = "$(inherited) @executable_path/Frameworks @loader_path/Frameworks";
				PRODUCT_BUNDLE_IDENTIFIER = "org.tinrobots.AdvancedOperation-Tests-tvOS";
				PRODUCT_NAME = "$(TARGET_NAME)";
				SDKROOT = appletvos;
				SWIFT_VERSION = 4.0;
				TARGETED_DEVICE_FAMILY = 3;
				TVOS_DEPLOYMENT_TARGET = 11.0;
			};
			name = Release;
		};
		23DC2C7F2014F5DB00270CA3 /* Debug */ = {
			isa = XCBuildConfiguration;
			buildSettings = {
				CODE_SIGN_STYLE = Automatic;
				PRODUCT_NAME = "$(TARGET_NAME)";
			};
			name = Debug;
		};
		23DC2C802014F5DB00270CA3 /* Release */ = {
			isa = XCBuildConfiguration;
			buildSettings = {
				CODE_SIGN_STYLE = Automatic;
				PRODUCT_NAME = "$(TARGET_NAME)";
			};
			name = Release;
		};
/* End XCBuildConfiguration section */

/* Begin XCConfigurationList section */
		230B47FB200EA87900F46852 /* Build configuration list for PBXAggregateTarget "SwiftLint" */ = {
			isa = XCConfigurationList;
			buildConfigurations = (
				230B47F9200EA87900F46852 /* Debug */,
				230B47FA200EA87900F46852 /* Release */,
			);
			defaultConfigurationIsVisible = 0;
			defaultConfigurationName = Release;
		};
		234130811F9605F5002BE7FC /* Build configuration list for PBXProject "AdvancedOperation" */ = {
			isa = XCConfigurationList;
			buildConfigurations = (
				2341308D1F9605F5002BE7FC /* Debug */,
				2341308E1F9605F5002BE7FC /* Release */,
			);
			defaultConfigurationIsVisible = 0;
			defaultConfigurationName = Release;
		};
		2341308F1F9605F5002BE7FC /* Build configuration list for PBXNativeTarget "AdvancedOperation iOS" */ = {
			isa = XCConfigurationList;
			buildConfigurations = (
				234130901F9605F5002BE7FC /* Debug */,
				234130911F9605F5002BE7FC /* Release */,
			);
			defaultConfigurationIsVisible = 0;
			defaultConfigurationName = Release;
		};
		2341309F1F960691002BE7FC /* Build configuration list for PBXNativeTarget "AdvancedOperation macOS" */ = {
			isa = XCConfigurationList;
			buildConfigurations = (
				234130A01F960691002BE7FC /* Debug */,
				234130A11F960691002BE7FC /* Release */,
			);
			defaultConfigurationIsVisible = 0;
			defaultConfigurationName = Release;
		};
		234130AC1F9606B8002BE7FC /* Build configuration list for PBXNativeTarget "AdvancedOperation tvOS" */ = {
			isa = XCConfigurationList;
			buildConfigurations = (
				234130AD1F9606B8002BE7FC /* Debug */,
				234130AE1F9606B8002BE7FC /* Release */,
			);
			defaultConfigurationIsVisible = 0;
			defaultConfigurationName = Release;
		};
		234130B91F9606CD002BE7FC /* Build configuration list for PBXNativeTarget "AdvancedOperation watchOS" */ = {
			isa = XCConfigurationList;
			buildConfigurations = (
				234130BA1F9606CD002BE7FC /* Debug */,
				234130BB1F9606CD002BE7FC /* Release */,
			);
			defaultConfigurationIsVisible = 0;
			defaultConfigurationName = Release;
		};
		23725079200522820000A442 /* Build configuration list for PBXNativeTarget "AdvancedOperation Tests macOS" */ = {
			isa = XCConfigurationList;
			buildConfigurations = (
				2372507A200522820000A442 /* Debug */,
				2372507B200522820000A442 /* Release */,
			);
			defaultConfigurationIsVisible = 0;
			defaultConfigurationName = Release;
		};
		2372B4381F960DBA00189A32 /* Build configuration list for PBXNativeTarget "AdvancedOperation Tests iOS" */ = {
			isa = XCConfigurationList;
			buildConfigurations = (
				2372B4361F960DBA00189A32 /* Debug */,
				2372B4371F960DBA00189A32 /* Release */,
			);
			defaultConfigurationIsVisible = 0;
			defaultConfigurationName = Release;
		};
		2372B4451F960DCB00189A32 /* Build configuration list for PBXNativeTarget "AdvancedOperation Tests tvOS" */ = {
			isa = XCConfigurationList;
			buildConfigurations = (
				2372B4461F960DCB00189A32 /* Debug */,
				2372B4471F960DCB00189A32 /* Release */,
			);
			defaultConfigurationIsVisible = 0;
			defaultConfigurationName = Release;
		};
		23DC2C812014F5DB00270CA3 /* Build configuration list for PBXAggregateTarget "Cleanup whitespace" */ = {
			isa = XCConfigurationList;
			buildConfigurations = (
				23DC2C7F2014F5DB00270CA3 /* Debug */,
				23DC2C802014F5DB00270CA3 /* Release */,
			);
			defaultConfigurationIsVisible = 0;
			defaultConfigurationName = Release;
		};
/* End XCConfigurationList section */
	};
	rootObject = 2341307E1F9605F5002BE7FC /* Project object */;
}
