// !$*UTF8*$!
{
	archiveVersion = 1;
	classes = {
	};
	objectVersion = 48;
	objects = {

/* Begin PBXAggregateTarget section */
		230B47F8200EA87900F46852 /* SwiftLint */ = {
			isa = PBXAggregateTarget;
			buildConfigurationList = 230B47FB200EA87900F46852 /* Build configuration list for PBXAggregateTarget "SwiftLint" */;
			buildPhases = (
				230B47FC200EA89600F46852 /* SwiftLint */,
			);
			dependencies = (
			);
			name = SwiftLint;
			productName = SwiftLint;
		};
		23DC2C7E2014F5DB00270CA3 /* Cleanup whitespace */ = {
			isa = PBXAggregateTarget;
			buildConfigurationList = 23DC2C812014F5DB00270CA3 /* Build configuration list for PBXAggregateTarget "Cleanup whitespace" */;
			buildPhases = (
				23DC2C822014F5E000270CA3 /* ShellScript */,
			);
			dependencies = (
			);
			name = "Cleanup whitespace";
			productName = "Cleanup whitespace";
		};
/* End PBXAggregateTarget section */

/* Begin PBXBuildFile section */
		064B0D8423F4032100C8331F /* GroupOperation.swift in Sources */ = {isa = PBXBuildFile; fileRef = 064B0D8323F4032100C8331F /* GroupOperation.swift */; };
		064B0D8523F4032100C8331F /* GroupOperation.swift in Sources */ = {isa = PBXBuildFile; fileRef = 064B0D8323F4032100C8331F /* GroupOperation.swift */; };
		064B0D8623F4032200C8331F /* GroupOperation.swift in Sources */ = {isa = PBXBuildFile; fileRef = 064B0D8323F4032100C8331F /* GroupOperation.swift */; };
		064B0D8723F4032200C8331F /* GroupOperation.swift in Sources */ = {isa = PBXBuildFile; fileRef = 064B0D8323F4032100C8331F /* GroupOperation.swift */; };
		064B0D8D23F4168500C8331F /* GroupOperationTests.swift in Sources */ = {isa = PBXBuildFile; fileRef = 064B0D8823F4166300C8331F /* GroupOperationTests.swift */; };
		064B0D8E23F4168600C8331F /* GroupOperationTests.swift in Sources */ = {isa = PBXBuildFile; fileRef = 064B0D8823F4166300C8331F /* GroupOperationTests.swift */; };
		064B0D8F23F4168600C8331F /* GroupOperationTests.swift in Sources */ = {isa = PBXBuildFile; fileRef = 064B0D8823F4166300C8331F /* GroupOperationTests.swift */; };
		067C482623D60EE800F73096 /* KVOCrashWorkaround.swift in Sources */ = {isa = PBXBuildFile; fileRef = 067C482523D60EE800F73096 /* KVOCrashWorkaround.swift */; };
		067C482723D60EE800F73096 /* KVOCrashWorkaround.swift in Sources */ = {isa = PBXBuildFile; fileRef = 067C482523D60EE800F73096 /* KVOCrashWorkaround.swift */; };
		067C482823D60EE800F73096 /* KVOCrashWorkaround.swift in Sources */ = {isa = PBXBuildFile; fileRef = 067C482523D60EE800F73096 /* KVOCrashWorkaround.swift */; };
		067C482923D60EE800F73096 /* KVOCrashWorkaround.swift in Sources */ = {isa = PBXBuildFile; fileRef = 067C482523D60EE800F73096 /* KVOCrashWorkaround.swift */; };
		06B3D10223D9E9F3005EBDD8 /* AdvancedOperation.swift in Sources */ = {isa = PBXBuildFile; fileRef = 06B3D10123D9E9F3005EBDD8 /* AdvancedOperation.swift */; };
		06B3D10323D9E9F3005EBDD8 /* AdvancedOperation.swift in Sources */ = {isa = PBXBuildFile; fileRef = 06B3D10123D9E9F3005EBDD8 /* AdvancedOperation.swift */; };
		06B3D10423D9E9F3005EBDD8 /* AdvancedOperation.swift in Sources */ = {isa = PBXBuildFile; fileRef = 06B3D10123D9E9F3005EBDD8 /* AdvancedOperation.swift */; };
		06B3D10523D9E9F3005EBDD8 /* AdvancedOperation.swift in Sources */ = {isa = PBXBuildFile; fileRef = 06B3D10123D9E9F3005EBDD8 /* AdvancedOperation.swift */; };
		06C92B4B23D0A9FF000D12C8 /* AsynchronousBlockOperation.swift in Sources */ = {isa = PBXBuildFile; fileRef = 06C92B4A23D0A9FF000D12C8 /* AsynchronousBlockOperation.swift */; };
		06C92B4C23D0A9FF000D12C8 /* AsynchronousBlockOperation.swift in Sources */ = {isa = PBXBuildFile; fileRef = 06C92B4A23D0A9FF000D12C8 /* AsynchronousBlockOperation.swift */; };
		06C92B4D23D0A9FF000D12C8 /* AsynchronousBlockOperation.swift in Sources */ = {isa = PBXBuildFile; fileRef = 06C92B4A23D0A9FF000D12C8 /* AsynchronousBlockOperation.swift */; };
		06C92B4E23D0A9FF000D12C8 /* AsynchronousBlockOperation.swift in Sources */ = {isa = PBXBuildFile; fileRef = 06C92B4A23D0A9FF000D12C8 /* AsynchronousBlockOperation.swift */; };
		06C92B5423D0AB06000D12C8 /* AsynchronousBlockOperationTests.swift in Sources */ = {isa = PBXBuildFile; fileRef = 06C92B4F23D0AAEA000D12C8 /* AsynchronousBlockOperationTests.swift */; };
		06C92B5523D0AB06000D12C8 /* AsynchronousBlockOperationTests.swift in Sources */ = {isa = PBXBuildFile; fileRef = 06C92B4F23D0AAEA000D12C8 /* AsynchronousBlockOperationTests.swift */; };
		06C92B5623D0AB07000D12C8 /* AsynchronousBlockOperationTests.swift in Sources */ = {isa = PBXBuildFile; fileRef = 06C92B4F23D0AAEA000D12C8 /* AsynchronousBlockOperationTests.swift */; };
		06E3140125272222003ED9E3 /* XCTestCase+Utils.swift in Sources */ = {isa = PBXBuildFile; fileRef = 06E3140025272222003ED9E3 /* XCTestCase+Utils.swift */; };
		06E3140225272222003ED9E3 /* XCTestCase+Utils.swift in Sources */ = {isa = PBXBuildFile; fileRef = 06E3140025272222003ED9E3 /* XCTestCase+Utils.swift */; };
		06E3140325272222003ED9E3 /* XCTestCase+Utils.swift in Sources */ = {isa = PBXBuildFile; fileRef = 06E3140025272222003ED9E3 /* XCTestCase+Utils.swift */; };
		2341308C1F9605F5002BE7FC /* AdvancedOperation.h in Headers */ = {isa = PBXBuildFile; fileRef = 2341308A1F9605F5002BE7FC /* AdvancedOperation.h */; settings = {ATTRIBUTES = (Public, ); }; };
		234130BC1F96076A002BE7FC /* AdvancedOperation.h in Headers */ = {isa = PBXBuildFile; fileRef = 2341308A1F9605F5002BE7FC /* AdvancedOperation.h */; settings = {ATTRIBUTES = (Public, ); }; };
		234130BD1F96076D002BE7FC /* AdvancedOperation.h in Headers */ = {isa = PBXBuildFile; fileRef = 2341308A1F9605F5002BE7FC /* AdvancedOperation.h */; settings = {ATTRIBUTES = (Public, ); }; };
		234130BE1F960770002BE7FC /* AdvancedOperation.h in Headers */ = {isa = PBXBuildFile; fileRef = 2341308A1F9605F5002BE7FC /* AdvancedOperation.h */; settings = {ATTRIBUTES = (Public, ); }; };
		235D08D1206A941B00F70142 /* OperationStateTests.swift in Sources */ = {isa = PBXBuildFile; fileRef = 235D08D0206A941B00F70142 /* OperationStateTests.swift */; };
		235D08D2206A941B00F70142 /* OperationStateTests.swift in Sources */ = {isa = PBXBuildFile; fileRef = 235D08D0206A941B00F70142 /* OperationStateTests.swift */; };
		235D08D3206A941B00F70142 /* OperationStateTests.swift in Sources */ = {isa = PBXBuildFile; fileRef = 235D08D0206A941B00F70142 /* OperationStateTests.swift */; };
		23725076200522820000A442 /* AdvancedOperation.framework in Frameworks */ = {isa = PBXBuildFile; fileRef = 2341309A1F960691002BE7FC /* AdvancedOperation.framework */; };
		2372B4331F960DBA00189A32 /* AdvancedOperation.framework in Frameworks */ = {isa = PBXBuildFile; fileRef = 234130871F9605F5002BE7FC /* AdvancedOperation.framework */; };
		2372B4421F960DCB00189A32 /* AdvancedOperation.framework in Frameworks */ = {isa = PBXBuildFile; fileRef = 234130A71F9606B8002BE7FC /* AdvancedOperation.framework */; };
		23856179200A873C0061BAA1 /* Mocks.swift in Sources */ = {isa = PBXBuildFile; fileRef = 23856178200A873C0061BAA1 /* Mocks.swift */; };
		2385617A200A873C0061BAA1 /* Mocks.swift in Sources */ = {isa = PBXBuildFile; fileRef = 23856178200A873C0061BAA1 /* Mocks.swift */; };
		2385617B200A873C0061BAA1 /* Mocks.swift in Sources */ = {isa = PBXBuildFile; fileRef = 23856178200A873C0061BAA1 /* Mocks.swift */; };
		23AC3ADD2038A050003E1B15 /* OperationUtilsTests.swift in Sources */ = {isa = PBXBuildFile; fileRef = 23AC3ADC2038A050003E1B15 /* OperationUtilsTests.swift */; };
		23AC3ADE2038A050003E1B15 /* OperationUtilsTests.swift in Sources */ = {isa = PBXBuildFile; fileRef = 23AC3ADC2038A050003E1B15 /* OperationUtilsTests.swift */; };
		23AC3ADF2038A050003E1B15 /* OperationUtilsTests.swift in Sources */ = {isa = PBXBuildFile; fileRef = 23AC3ADC2038A050003E1B15 /* OperationUtilsTests.swift */; };
		23F24D22200799B800B25A03 /* Operation+Utils.swift in Sources */ = {isa = PBXBuildFile; fileRef = 23F24D21200799B800B25A03 /* Operation+Utils.swift */; };
		23F24D23200799B800B25A03 /* Operation+Utils.swift in Sources */ = {isa = PBXBuildFile; fileRef = 23F24D21200799B800B25A03 /* Operation+Utils.swift */; };
		23F24D24200799B800B25A03 /* Operation+Utils.swift in Sources */ = {isa = PBXBuildFile; fileRef = 23F24D21200799B800B25A03 /* Operation+Utils.swift */; };
		23F24D25200799B800B25A03 /* Operation+Utils.swift in Sources */ = {isa = PBXBuildFile; fileRef = 23F24D21200799B800B25A03 /* Operation+Utils.swift */; };
		D2093D36236606F400230A2A /* AsynchronousOperationTests.swift in Sources */ = {isa = PBXBuildFile; fileRef = D2093D35236606F400230A2A /* AsynchronousOperationTests.swift */; };
		D2093D37236606F400230A2A /* AsynchronousOperationTests.swift in Sources */ = {isa = PBXBuildFile; fileRef = D2093D35236606F400230A2A /* AsynchronousOperationTests.swift */; };
		D2093D38236606F400230A2A /* AsynchronousOperationTests.swift in Sources */ = {isa = PBXBuildFile; fileRef = D2093D35236606F400230A2A /* AsynchronousOperationTests.swift */; };
		D20C3013242E4D310007341B /* TECHNOTES.md in Resources */ = {isa = PBXBuildFile; fileRef = D20C3012242E4D300007341B /* TECHNOTES.md */; };
		D21C5D8423D3674E005F8D51 /* AsynchronousOperation.swift in Sources */ = {isa = PBXBuildFile; fileRef = D21C5D8323D3674E005F8D51 /* AsynchronousOperation.swift */; };
		D21C5D8523D3674E005F8D51 /* AsynchronousOperation.swift in Sources */ = {isa = PBXBuildFile; fileRef = D21C5D8323D3674E005F8D51 /* AsynchronousOperation.swift */; };
		D21C5D8623D3674E005F8D51 /* AsynchronousOperation.swift in Sources */ = {isa = PBXBuildFile; fileRef = D21C5D8323D3674E005F8D51 /* AsynchronousOperation.swift */; };
		D21C5D8723D3674E005F8D51 /* AsynchronousOperation.swift in Sources */ = {isa = PBXBuildFile; fileRef = D21C5D8323D3674E005F8D51 /* AsynchronousOperation.swift */; };
		D268F3F52471338100003666 /* ProgressReportingTests.swift in Sources */ = {isa = PBXBuildFile; fileRef = D268F3F42471338100003666 /* ProgressReportingTests.swift */; };
		D268F3F62471338100003666 /* ProgressReportingTests.swift in Sources */ = {isa = PBXBuildFile; fileRef = D268F3F42471338100003666 /* ProgressReportingTests.swift */; };
		D268F3F72471338100003666 /* ProgressReportingTests.swift in Sources */ = {isa = PBXBuildFile; fileRef = D268F3F42471338100003666 /* ProgressReportingTests.swift */; };
		D26DBDEA2481060200A69E28 /* FailableAsyncOperation.swift in Sources */ = {isa = PBXBuildFile; fileRef = D26DBDE92481060200A69E28 /* FailableAsyncOperation.swift */; };
		D26DBDEB2481060200A69E28 /* FailableAsyncOperation.swift in Sources */ = {isa = PBXBuildFile; fileRef = D26DBDE92481060200A69E28 /* FailableAsyncOperation.swift */; };
		D26DBDEC2481060200A69E28 /* FailableAsyncOperation.swift in Sources */ = {isa = PBXBuildFile; fileRef = D26DBDE92481060200A69E28 /* FailableAsyncOperation.swift */; };
		D26DBDED2481060200A69E28 /* FailableAsyncOperation.swift in Sources */ = {isa = PBXBuildFile; fileRef = D26DBDE92481060200A69E28 /* FailableAsyncOperation.swift */; };
		D29FE43D24801A7900DA97AA /* FailableAsynchronousOperationTests.swift in Sources */ = {isa = PBXBuildFile; fileRef = D29FE43924801A7900DA97AA /* FailableAsynchronousOperationTests.swift */; };
		D29FE43E24801A7900DA97AA /* FailableAsynchronousOperationTests.swift in Sources */ = {isa = PBXBuildFile; fileRef = D29FE43924801A7900DA97AA /* FailableAsynchronousOperationTests.swift */; };
		D29FE43F24801A7900DA97AA /* FailableAsynchronousOperationTests.swift in Sources */ = {isa = PBXBuildFile; fileRef = D29FE43924801A7900DA97AA /* FailableAsynchronousOperationTests.swift */; };
		D29FE44124801AE600DA97AA /* ResultOperation.swift in Sources */ = {isa = PBXBuildFile; fileRef = D29FE44024801AE600DA97AA /* ResultOperation.swift */; };
		D29FE44224801AE600DA97AA /* ResultOperation.swift in Sources */ = {isa = PBXBuildFile; fileRef = D29FE44024801AE600DA97AA /* ResultOperation.swift */; };
		D29FE44324801AE600DA97AA /* ResultOperation.swift in Sources */ = {isa = PBXBuildFile; fileRef = D29FE44024801AE600DA97AA /* ResultOperation.swift */; };
		D29FE44424801AE600DA97AA /* ResultOperation.swift in Sources */ = {isa = PBXBuildFile; fileRef = D29FE44024801AE600DA97AA /* ResultOperation.swift */; };
		D29FE44624801D2000DA97AA /* ResultOperationTests.swift in Sources */ = {isa = PBXBuildFile; fileRef = D29FE44524801D1F00DA97AA /* ResultOperationTests.swift */; };
		D29FE44724801D2000DA97AA /* ResultOperationTests.swift in Sources */ = {isa = PBXBuildFile; fileRef = D29FE44524801D1F00DA97AA /* ResultOperationTests.swift */; };
		D29FE44824801D2000DA97AA /* ResultOperationTests.swift in Sources */ = {isa = PBXBuildFile; fileRef = D29FE44524801D1F00DA97AA /* ResultOperationTests.swift */; };
		D2CA6BA4247D59A200A71630 /* Atomic.swift in Sources */ = {isa = PBXBuildFile; fileRef = D2CA6BA3247D59A200A71630 /* Atomic.swift */; };
		D2CA6BA5247D59A200A71630 /* Atomic.swift in Sources */ = {isa = PBXBuildFile; fileRef = D2CA6BA3247D59A200A71630 /* Atomic.swift */; };
		D2CA6BA6247D59A200A71630 /* Atomic.swift in Sources */ = {isa = PBXBuildFile; fileRef = D2CA6BA3247D59A200A71630 /* Atomic.swift */; };
		D2CA6BA7247D59A200A71630 /* Atomic.swift in Sources */ = {isa = PBXBuildFile; fileRef = D2CA6BA3247D59A200A71630 /* Atomic.swift */; };
		D2F96AAE25FE53630085641B /* AdvancedOperation_Tests_watchOS.swift in Sources */ = {isa = PBXBuildFile; fileRef = D2F96AAD25FE53630085641B /* AdvancedOperation_Tests_watchOS.swift */; };
		D2F96AB025FE53630085641B /* AdvancedOperation.framework in Frameworks */ = {isa = PBXBuildFile; fileRef = 234130B41F9606CD002BE7FC /* AdvancedOperation.framework */; };
		D2F96AB725FE54270085641B /* GroupOperationTests.swift in Sources */ = {isa = PBXBuildFile; fileRef = 064B0D8823F4166300C8331F /* GroupOperationTests.swift */; };
		D2F96AB825FE54270085641B /* ResultOperationTests.swift in Sources */ = {isa = PBXBuildFile; fileRef = D29FE44524801D1F00DA97AA /* ResultOperationTests.swift */; };
		D2F96AB925FE54270085641B /* AsynchronousBlockOperationTests.swift in Sources */ = {isa = PBXBuildFile; fileRef = 06C92B4F23D0AAEA000D12C8 /* AsynchronousBlockOperationTests.swift */; };
		D2F96ABA25FE54270085641B /* FailableAsynchronousOperationTests.swift in Sources */ = {isa = PBXBuildFile; fileRef = D29FE43924801A7900DA97AA /* FailableAsynchronousOperationTests.swift */; };
		D2F96ABB25FE542B0085641B /* OperationUtilsTests.swift in Sources */ = {isa = PBXBuildFile; fileRef = 23AC3ADC2038A050003E1B15 /* OperationUtilsTests.swift */; };
		D2F96ABC25FE542B0085641B /* ProgressReportingTests.swift in Sources */ = {isa = PBXBuildFile; fileRef = D268F3F42471338100003666 /* ProgressReportingTests.swift */; };
		D2F96ABD25FE542B0085641B /* AsynchronousOperationTests.swift in Sources */ = {isa = PBXBuildFile; fileRef = D2093D35236606F400230A2A /* AsynchronousOperationTests.swift */; };
		D2F96ABE25FE542B0085641B /* OperationStateTests.swift in Sources */ = {isa = PBXBuildFile; fileRef = 235D08D0206A941B00F70142 /* OperationStateTests.swift */; };
		D2F96ABF25FE54300085641B /* Mocks.swift in Sources */ = {isa = PBXBuildFile; fileRef = 23856178200A873C0061BAA1 /* Mocks.swift */; };
		D2F96AC025FE54300085641B /* XCTestCase+Utils.swift in Sources */ = {isa = PBXBuildFile; fileRef = 06E3140025272222003ED9E3 /* XCTestCase+Utils.swift */; };
/* End PBXBuildFile section */

/* Begin PBXContainerItemProxy section */
		23725077200522820000A442 /* PBXContainerItemProxy */ = {
			isa = PBXContainerItemProxy;
			containerPortal = 2341307E1F9605F5002BE7FC /* Project object */;
			proxyType = 1;
			remoteGlobalIDString = 234130991F960691002BE7FC;
			remoteInfo = "AdvancedOperation macOS";
		};
		2372B4341F960DBA00189A32 /* PBXContainerItemProxy */ = {
			isa = PBXContainerItemProxy;
			containerPortal = 2341307E1F9605F5002BE7FC /* Project object */;
			proxyType = 1;
			remoteGlobalIDString = 234130861F9605F5002BE7FC;
			remoteInfo = "AdvancedOperation iOS";
		};
		2372B4431F960DCB00189A32 /* PBXContainerItemProxy */ = {
			isa = PBXContainerItemProxy;
			containerPortal = 2341307E1F9605F5002BE7FC /* Project object */;
			proxyType = 1;
			remoteGlobalIDString = 234130A61F9606B8002BE7FC;
			remoteInfo = "AdvancedOperation tvOS";
		};
		D2F96AB125FE53630085641B /* PBXContainerItemProxy */ = {
			isa = PBXContainerItemProxy;
			containerPortal = 2341307E1F9605F5002BE7FC /* Project object */;
			proxyType = 1;
			remoteGlobalIDString = 234130B31F9606CD002BE7FC;
			remoteInfo = "AdvancedOperation watchOS";
		};
/* End PBXContainerItemProxy section */

/* Begin PBXFileReference section */
		060BD361239A76AC0098E835 /* AdvancedOperation tvOS.xctestplan */ = {isa = PBXFileReference; lastKnownFileType = text; path = "AdvancedOperation tvOS.xctestplan"; sourceTree = "<group>"; };
		0622C311239A717D004F3FA5 /* AdvancedOperation macOS.xctestplan */ = {isa = PBXFileReference; lastKnownFileType = text; path = "AdvancedOperation macOS.xctestplan"; sourceTree = "<group>"; };
		0622C314239A7428004F3FA5 /* AdvancedOperation iOS.xctestplan */ = {isa = PBXFileReference; lastKnownFileType = text; path = "AdvancedOperation iOS.xctestplan"; sourceTree = "<group>"; };
		064B0D8323F4032100C8331F /* GroupOperation.swift */ = {isa = PBXFileReference; lastKnownFileType = sourcecode.swift; path = GroupOperation.swift; sourceTree = "<group>"; };
		064B0D8823F4166300C8331F /* GroupOperationTests.swift */ = {isa = PBXFileReference; lastKnownFileType = sourcecode.swift; path = GroupOperationTests.swift; sourceTree = "<group>"; };
		067C482523D60EE800F73096 /* KVOCrashWorkaround.swift */ = {isa = PBXFileReference; lastKnownFileType = sourcecode.swift; path = KVOCrashWorkaround.swift; sourceTree = "<group>"; };
		06B3D10123D9E9F3005EBDD8 /* AdvancedOperation.swift */ = {isa = PBXFileReference; lastKnownFileType = sourcecode.swift; path = AdvancedOperation.swift; sourceTree = "<group>"; };
		06C92B4A23D0A9FF000D12C8 /* AsynchronousBlockOperation.swift */ = {isa = PBXFileReference; lastKnownFileType = sourcecode.swift; path = AsynchronousBlockOperation.swift; sourceTree = "<group>"; };
		06C92B4F23D0AAEA000D12C8 /* AsynchronousBlockOperationTests.swift */ = {isa = PBXFileReference; lastKnownFileType = sourcecode.swift; path = AsynchronousBlockOperationTests.swift; sourceTree = "<group>"; };
		06E3140025272222003ED9E3 /* XCTestCase+Utils.swift */ = {isa = PBXFileReference; lastKnownFileType = sourcecode.swift; path = "XCTestCase+Utils.swift"; sourceTree = "<group>"; };
		234130871F9605F5002BE7FC /* AdvancedOperation.framework */ = {isa = PBXFileReference; explicitFileType = wrapper.framework; includeInIndex = 0; path = AdvancedOperation.framework; sourceTree = BUILT_PRODUCTS_DIR; };
		2341308A1F9605F5002BE7FC /* AdvancedOperation.h */ = {isa = PBXFileReference; lastKnownFileType = sourcecode.c.h; path = AdvancedOperation.h; sourceTree = "<group>"; };
		2341308B1F9605F5002BE7FC /* Info.plist */ = {isa = PBXFileReference; lastKnownFileType = text.plist.xml; path = Info.plist; sourceTree = "<group>"; };
		2341309A1F960691002BE7FC /* AdvancedOperation.framework */ = {isa = PBXFileReference; explicitFileType = wrapper.framework; includeInIndex = 0; path = AdvancedOperation.framework; sourceTree = BUILT_PRODUCTS_DIR; };
		234130A71F9606B8002BE7FC /* AdvancedOperation.framework */ = {isa = PBXFileReference; explicitFileType = wrapper.framework; includeInIndex = 0; path = AdvancedOperation.framework; sourceTree = BUILT_PRODUCTS_DIR; };
		234130B41F9606CD002BE7FC /* AdvancedOperation.framework */ = {isa = PBXFileReference; explicitFileType = wrapper.framework; includeInIndex = 0; path = AdvancedOperation.framework; sourceTree = BUILT_PRODUCTS_DIR; };
		234130B71F9606CD002BE7FC /* Info-tvOS.plist */ = {isa = PBXFileReference; lastKnownFileType = text.plist.xml; path = "Info-tvOS.plist"; sourceTree = "<group>"; };
		235D08D0206A941B00F70142 /* OperationStateTests.swift */ = {isa = PBXFileReference; lastKnownFileType = sourcecode.swift; path = OperationStateTests.swift; sourceTree = "<group>"; };
		23725071200522820000A442 /* AdvancedOperation Tests macOS.xctest */ = {isa = PBXFileReference; explicitFileType = wrapper.cfbundle; includeInIndex = 0; path = "AdvancedOperation Tests macOS.xctest"; sourceTree = BUILT_PRODUCTS_DIR; };
		237250812005258D0000A442 /* IDETemplateMacros.plist */ = {isa = PBXFileReference; lastKnownFileType = text.plist.xml; name = IDETemplateMacros.plist; path = AdvancedOperation.xcodeproj/xcshareddata/IDETemplateMacros.plist; sourceTree = SOURCE_ROOT; };
		2372B42E1F960DBA00189A32 /* AdvancedOperation Tests iOS.xctest */ = {isa = PBXFileReference; explicitFileType = wrapper.cfbundle; includeInIndex = 0; path = "AdvancedOperation Tests iOS.xctest"; sourceTree = BUILT_PRODUCTS_DIR; };
		2372B4321F960DBA00189A32 /* Info-Tests.plist */ = {isa = PBXFileReference; lastKnownFileType = text.plist.xml; path = "Info-Tests.plist"; sourceTree = "<group>"; };
		2372B43D1F960DCB00189A32 /* AdvancedOperation Tests tvOS.xctest */ = {isa = PBXFileReference; explicitFileType = wrapper.cfbundle; includeInIndex = 0; path = "AdvancedOperation Tests tvOS.xctest"; sourceTree = BUILT_PRODUCTS_DIR; };
		2382D97D22BE4A3C0082FFDD /* README.md */ = {isa = PBXFileReference; lastKnownFileType = net.daringfireball.markdown; path = README.md; sourceTree = SOURCE_ROOT; };
		23856178200A873C0061BAA1 /* Mocks.swift */ = {isa = PBXFileReference; lastKnownFileType = sourcecode.swift; path = Mocks.swift; sourceTree = "<group>"; };
		2385617C200A8DC50061BAA1 /* Package.swift */ = {isa = PBXFileReference; lastKnownFileType = sourcecode.swift; path = Package.swift; sourceTree = SOURCE_ROOT; };
		23A1A85720F4AD9100EA3350 /* CHANGELOG.md */ = {isa = PBXFileReference; lastKnownFileType = net.daringfireball.markdown; path = CHANGELOG.md; sourceTree = SOURCE_ROOT; };
		23AC3ADC2038A050003E1B15 /* OperationUtilsTests.swift */ = {isa = PBXFileReference; lastKnownFileType = sourcecode.swift; path = OperationUtilsTests.swift; sourceTree = "<group>"; };
		23BAA540236B460400411F5B /* ci.yml */ = {isa = PBXFileReference; lastKnownFileType = text.yaml; path = ci.yml; sourceTree = "<group>"; };
		23F24D21200799B800B25A03 /* Operation+Utils.swift */ = {isa = PBXFileReference; lastKnownFileType = sourcecode.swift; path = "Operation+Utils.swift"; sourceTree = "<group>"; };
		D2093D35236606F400230A2A /* AsynchronousOperationTests.swift */ = {isa = PBXFileReference; lastKnownFileType = sourcecode.swift; path = AsynchronousOperationTests.swift; sourceTree = "<group>"; };
		D20C3012242E4D300007341B /* TECHNOTES.md */ = {isa = PBXFileReference; fileEncoding = 4; lastKnownFileType = net.daringfireball.markdown; path = TECHNOTES.md; sourceTree = SOURCE_ROOT; };
		D21C5D8323D3674E005F8D51 /* AsynchronousOperation.swift */ = {isa = PBXFileReference; lastKnownFileType = sourcecode.swift; path = AsynchronousOperation.swift; sourceTree = "<group>"; };
		D254E22323C3A68800A1586E /* LICENSE.md */ = {isa = PBXFileReference; lastKnownFileType = net.daringfireball.markdown; path = LICENSE.md; sourceTree = SOURCE_ROOT; };
		D268F3F42471338100003666 /* ProgressReportingTests.swift */ = {isa = PBXFileReference; lastKnownFileType = sourcecode.swift; path = ProgressReportingTests.swift; sourceTree = "<group>"; };
		D26DBDE92481060200A69E28 /* FailableAsyncOperation.swift */ = {isa = PBXFileReference; lastKnownFileType = sourcecode.swift; path = FailableAsyncOperation.swift; sourceTree = "<group>"; };
		D29FE43924801A7900DA97AA /* FailableAsynchronousOperationTests.swift */ = {isa = PBXFileReference; fileEncoding = 4; lastKnownFileType = sourcecode.swift; path = FailableAsynchronousOperationTests.swift; sourceTree = "<group>"; };
		D29FE44024801AE600DA97AA /* ResultOperation.swift */ = {isa = PBXFileReference; fileEncoding = 4; lastKnownFileType = sourcecode.swift; path = ResultOperation.swift; sourceTree = "<group>"; };
		D29FE44524801D1F00DA97AA /* ResultOperationTests.swift */ = {isa = PBXFileReference; fileEncoding = 4; lastKnownFileType = sourcecode.swift; path = ResultOperationTests.swift; sourceTree = "<group>"; };
		D2CA6BA3247D59A200A71630 /* Atomic.swift */ = {isa = PBXFileReference; lastKnownFileType = sourcecode.swift; path = Atomic.swift; sourceTree = "<group>"; };
		D2F96AAB25FE53630085641B /* AdvancedOperation Tests watchOS.xctest */ = {isa = PBXFileReference; explicitFileType = wrapper.cfbundle; includeInIndex = 0; path = "AdvancedOperation Tests watchOS.xctest"; sourceTree = BUILT_PRODUCTS_DIR; };
		D2F96AAD25FE53630085641B /* AdvancedOperation_Tests_watchOS.swift */ = {isa = PBXFileReference; lastKnownFileType = sourcecode.swift; path = AdvancedOperation_Tests_watchOS.swift; sourceTree = "<group>"; };
		D2F96AAF25FE53630085641B /* Info.plist */ = {isa = PBXFileReference; lastKnownFileType = text.plist.xml; path = Info.plist; sourceTree = "<group>"; };
		D2F96AB625FE53A90085641B /* AdvancedOperation watchOS.xctestplan */ = {isa = PBXFileReference; lastKnownFileType = text; path = "AdvancedOperation watchOS.xctestplan"; sourceTree = "<group>"; };
/* End PBXFileReference section */

/* Begin PBXFrameworksBuildPhase section */
		234130831F9605F5002BE7FC /* Frameworks */ = {
			isa = PBXFrameworksBuildPhase;
			buildActionMask = 2147483647;
			files = (
			);
			runOnlyForDeploymentPostprocessing = 0;
		};
		234130961F960691002BE7FC /* Frameworks */ = {
			isa = PBXFrameworksBuildPhase;
			buildActionMask = 2147483647;
			files = (
			);
			runOnlyForDeploymentPostprocessing = 0;
		};
		234130A31F9606B8002BE7FC /* Frameworks */ = {
			isa = PBXFrameworksBuildPhase;
			buildActionMask = 2147483647;
			files = (
			);
			runOnlyForDeploymentPostprocessing = 0;
		};
		234130B01F9606CD002BE7FC /* Frameworks */ = {
			isa = PBXFrameworksBuildPhase;
			buildActionMask = 2147483647;
			files = (
			);
			runOnlyForDeploymentPostprocessing = 0;
		};
		2372506E200522820000A442 /* Frameworks */ = {
			isa = PBXFrameworksBuildPhase;
			buildActionMask = 2147483647;
			files = (
				23725076200522820000A442 /* AdvancedOperation.framework in Frameworks */,
			);
			runOnlyForDeploymentPostprocessing = 0;
		};
		2372B42B1F960DBA00189A32 /* Frameworks */ = {
			isa = PBXFrameworksBuildPhase;
			buildActionMask = 2147483647;
			files = (
				2372B4331F960DBA00189A32 /* AdvancedOperation.framework in Frameworks */,
			);
			runOnlyForDeploymentPostprocessing = 0;
		};
		2372B43A1F960DCB00189A32 /* Frameworks */ = {
			isa = PBXFrameworksBuildPhase;
			buildActionMask = 2147483647;
			files = (
				2372B4421F960DCB00189A32 /* AdvancedOperation.framework in Frameworks */,
			);
			runOnlyForDeploymentPostprocessing = 0;
		};
		D2F96AA825FE53630085641B /* Frameworks */ = {
			isa = PBXFrameworksBuildPhase;
			buildActionMask = 2147483647;
			files = (
				D2F96AB025FE53630085641B /* AdvancedOperation.framework in Frameworks */,
			);
			runOnlyForDeploymentPostprocessing = 0;
		};
/* End PBXFrameworksBuildPhase section */

/* Begin PBXGroup section */
		060ED17723F568230005CC63 /* Operations */ = {
			isa = PBXGroup;
			children = (
				06C92B4F23D0AAEA000D12C8 /* AsynchronousBlockOperationTests.swift */,
				D29FE43924801A7900DA97AA /* FailableAsynchronousOperationTests.swift */,
				064B0D8823F4166300C8331F /* GroupOperationTests.swift */,
				D29FE44524801D1F00DA97AA /* ResultOperationTests.swift */,
			);
			path = Operations;
			sourceTree = "<group>";
		};
		060ED17823F568340005CC63 /* Core */ = {
			isa = PBXGroup;
			children = (
				D2093D35236606F400230A2A /* AsynchronousOperationTests.swift */,
				235D08D0206A941B00F70142 /* OperationStateTests.swift */,
				23AC3ADC2038A050003E1B15 /* OperationUtilsTests.swift */,
				D268F3F42471338100003666 /* ProgressReportingTests.swift */,
			);
			path = Core;
			sourceTree = "<group>";
		};
		0622C313239A71CE004F3FA5 /* TestPlans */ = {
			isa = PBXGroup;
			children = (
				D2F96AB625FE53A90085641B /* AdvancedOperation watchOS.xctestplan */,
				0622C311239A717D004F3FA5 /* AdvancedOperation macOS.xctestplan */,
				060BD361239A76AC0098E835 /* AdvancedOperation tvOS.xctestplan */,
				0622C314239A7428004F3FA5 /* AdvancedOperation iOS.xctestplan */,
			);
			path = TestPlans;
			sourceTree = "<group>";
		};
		230B47FD200EABEE00F46852 /* AdvancedOperationTests */ = {
			isa = PBXGroup;
			children = (
				060ED17723F568230005CC63 /* Operations */,
				060ED17823F568340005CC63 /* Core */,
				23BAA53E236B42BA00411F5B /* Helpers */,
			);
			path = AdvancedOperationTests;
			sourceTree = "<group>";
		};
		2341307D1F9605F5002BE7FC = {
			isa = PBXGroup;
			children = (
				D2F96AAC25FE53630085641B /* AdvancedOperation Tests watchOS */,
				234130881F9605F5002BE7FC /* Products */,
				234130921F960612002BE7FC /* Sources */,
				234130941F96061E002BE7FC /* Support */,
				234130931F960618002BE7FC /* Tests */,
			);
			sourceTree = "<group>";
		};
		234130881F9605F5002BE7FC /* Products */ = {
			isa = PBXGroup;
			children = (
				234130871F9605F5002BE7FC /* AdvancedOperation.framework */,
				2341309A1F960691002BE7FC /* AdvancedOperation.framework */,
				234130A71F9606B8002BE7FC /* AdvancedOperation.framework */,
				234130B41F9606CD002BE7FC /* AdvancedOperation.framework */,
				2372B42E1F960DBA00189A32 /* AdvancedOperation Tests iOS.xctest */,
				2372B43D1F960DCB00189A32 /* AdvancedOperation Tests tvOS.xctest */,
				23725071200522820000A442 /* AdvancedOperation Tests macOS.xctest */,
				D2F96AAB25FE53630085641B /* AdvancedOperation Tests watchOS.xctest */,
			);
			name = Products;
			sourceTree = "<group>";
		};
		234130921F960612002BE7FC /* Sources */ = {
			isa = PBXGroup;
			children = (
				D20DF7E823F88096007C0522 /* Utils */,
				D25DB58423F4A3CB002B91C5 /* Core */,
				D25DB58323F4A3B9002B91C5 /* Operations */,
			);
			path = Sources;
			sourceTree = "<group>";
		};
		234130931F960618002BE7FC /* Tests */ = {
			isa = PBXGroup;
			children = (
				0622C313239A71CE004F3FA5 /* TestPlans */,
				230B47FD200EABEE00F46852 /* AdvancedOperationTests */,
			);
			path = Tests;
			sourceTree = "<group>";
		};
		234130941F96061E002BE7FC /* Support */ = {
			isa = PBXGroup;
			children = (
				D20C3012242E4D300007341B /* TECHNOTES.md */,
				2341308A1F9605F5002BE7FC /* AdvancedOperation.h */,
				23A1A85720F4AD9100EA3350 /* CHANGELOG.md */,
				237250812005258D0000A442 /* IDETemplateMacros.plist */,
				2372B4321F960DBA00189A32 /* Info-Tests.plist */,
				234130B71F9606CD002BE7FC /* Info-tvOS.plist */,
				2341308B1F9605F5002BE7FC /* Info.plist */,
				D254E22323C3A68800A1586E /* LICENSE.md */,
				2385617C200A8DC50061BAA1 /* Package.swift */,
				2382D97D22BE4A3C0082FFDD /* README.md */,
				23BAA53F236B460400411F5B /* workflows */,
			);
			path = Support;
			sourceTree = "<group>";
		};
		23BAA53E236B42BA00411F5B /* Helpers */ = {
			isa = PBXGroup;
			children = (
				23856178200A873C0061BAA1 /* Mocks.swift */,
				06E3140025272222003ED9E3 /* XCTestCase+Utils.swift */,
			);
			path = Helpers;
			sourceTree = "<group>";
		};
		23BAA53F236B460400411F5B /* workflows */ = {
			isa = PBXGroup;
			children = (
				23BAA540236B460400411F5B /* ci.yml */,
			);
			name = workflows;
			path = .github/workflows;
			sourceTree = SOURCE_ROOT;
		};
		D20DF7E823F88096007C0522 /* Utils */ = {
			isa = PBXGroup;
			children = (
				067C482523D60EE800F73096 /* KVOCrashWorkaround.swift */,
			);
			path = Utils;
			sourceTree = "<group>";
		};
		D25DB58323F4A3B9002B91C5 /* Operations */ = {
			isa = PBXGroup;
			children = (
				D29FE44024801AE600DA97AA /* ResultOperation.swift */,
				06C92B4A23D0A9FF000D12C8 /* AsynchronousBlockOperation.swift */,
				064B0D8323F4032100C8331F /* GroupOperation.swift */,
				D26DBDE92481060200A69E28 /* FailableAsyncOperation.swift */,
			);
			path = Operations;
			sourceTree = "<group>";
		};
		D25DB58423F4A3CB002B91C5 /* Core */ = {
			isa = PBXGroup;
			children = (
				06B3D10123D9E9F3005EBDD8 /* AdvancedOperation.swift */,
				D21C5D8323D3674E005F8D51 /* AsynchronousOperation.swift */,
				23F24D21200799B800B25A03 /* Operation+Utils.swift */,
				D2CA6BA3247D59A200A71630 /* Atomic.swift */,
			);
			path = Core;
			sourceTree = "<group>";
		};
		D2F96AAC25FE53630085641B /* AdvancedOperation Tests watchOS */ = {
			isa = PBXGroup;
			children = (
				D2F96AAD25FE53630085641B /* AdvancedOperation_Tests_watchOS.swift */,
				D2F96AAF25FE53630085641B /* Info.plist */,
			);
			path = "AdvancedOperation Tests watchOS";
			sourceTree = "<group>";
		};
/* End PBXGroup section */

/* Begin PBXHeadersBuildPhase section */
		234130841F9605F5002BE7FC /* Headers */ = {
			isa = PBXHeadersBuildPhase;
			buildActionMask = 2147483647;
			files = (
				2341308C1F9605F5002BE7FC /* AdvancedOperation.h in Headers */,
			);
			runOnlyForDeploymentPostprocessing = 0;
		};
		234130971F960691002BE7FC /* Headers */ = {
			isa = PBXHeadersBuildPhase;
			buildActionMask = 2147483647;
			files = (
				234130BC1F96076A002BE7FC /* AdvancedOperation.h in Headers */,
			);
			runOnlyForDeploymentPostprocessing = 0;
		};
		234130A41F9606B8002BE7FC /* Headers */ = {
			isa = PBXHeadersBuildPhase;
			buildActionMask = 2147483647;
			files = (
				234130BD1F96076D002BE7FC /* AdvancedOperation.h in Headers */,
			);
			runOnlyForDeploymentPostprocessing = 0;
		};
		234130B11F9606CD002BE7FC /* Headers */ = {
			isa = PBXHeadersBuildPhase;
			buildActionMask = 2147483647;
			files = (
				234130BE1F960770002BE7FC /* AdvancedOperation.h in Headers */,
			);
			runOnlyForDeploymentPostprocessing = 0;
		};
/* End PBXHeadersBuildPhase section */

/* Begin PBXNativeTarget section */
		234130861F9605F5002BE7FC /* AdvancedOperation iOS */ = {
			isa = PBXNativeTarget;
			buildConfigurationList = 2341308F1F9605F5002BE7FC /* Build configuration list for PBXNativeTarget "AdvancedOperation iOS" */;
			buildPhases = (
				234130821F9605F5002BE7FC /* Sources */,
				234130831F9605F5002BE7FC /* Frameworks */,
				234130841F9605F5002BE7FC /* Headers */,
				234130851F9605F5002BE7FC /* Resources */,
			);
			buildRules = (
			);
			dependencies = (
			);
			name = "AdvancedOperation iOS";
			productName = AdvancedOperation;
			productReference = 234130871F9605F5002BE7FC /* AdvancedOperation.framework */;
			productType = "com.apple.product-type.framework";
		};
		234130991F960691002BE7FC /* AdvancedOperation macOS */ = {
			isa = PBXNativeTarget;
			buildConfigurationList = 2341309F1F960691002BE7FC /* Build configuration list for PBXNativeTarget "AdvancedOperation macOS" */;
			buildPhases = (
				234130951F960691002BE7FC /* Sources */,
				234130961F960691002BE7FC /* Frameworks */,
				234130971F960691002BE7FC /* Headers */,
				234130981F960691002BE7FC /* Resources */,
			);
			buildRules = (
			);
			dependencies = (
			);
			name = "AdvancedOperation macOS";
			productName = AdvancedOperation;
			productReference = 2341309A1F960691002BE7FC /* AdvancedOperation.framework */;
			productType = "com.apple.product-type.framework";
		};
		234130A61F9606B8002BE7FC /* AdvancedOperation tvOS */ = {
			isa = PBXNativeTarget;
			buildConfigurationList = 234130AC1F9606B8002BE7FC /* Build configuration list for PBXNativeTarget "AdvancedOperation tvOS" */;
			buildPhases = (
				234130A21F9606B8002BE7FC /* Sources */,
				234130A31F9606B8002BE7FC /* Frameworks */,
				234130A41F9606B8002BE7FC /* Headers */,
				234130A51F9606B8002BE7FC /* Resources */,
			);
			buildRules = (
			);
			dependencies = (
			);
			name = "AdvancedOperation tvOS";
			productName = AdvancedOperation;
			productReference = 234130A71F9606B8002BE7FC /* AdvancedOperation.framework */;
			productType = "com.apple.product-type.framework";
		};
		234130B31F9606CD002BE7FC /* AdvancedOperation watchOS */ = {
			isa = PBXNativeTarget;
			buildConfigurationList = 234130B91F9606CD002BE7FC /* Build configuration list for PBXNativeTarget "AdvancedOperation watchOS" */;
			buildPhases = (
				234130AF1F9606CD002BE7FC /* Sources */,
				234130B01F9606CD002BE7FC /* Frameworks */,
				234130B11F9606CD002BE7FC /* Headers */,
				234130B21F9606CD002BE7FC /* Resources */,
			);
			buildRules = (
			);
			dependencies = (
			);
			name = "AdvancedOperation watchOS";
			productName = AdvancedOperation;
			productReference = 234130B41F9606CD002BE7FC /* AdvancedOperation.framework */;
			productType = "com.apple.product-type.framework";
		};
		23725070200522820000A442 /* AdvancedOperation Tests macOS */ = {
			isa = PBXNativeTarget;
			buildConfigurationList = 23725079200522820000A442 /* Build configuration list for PBXNativeTarget "AdvancedOperation Tests macOS" */;
			buildPhases = (
				2372506D200522820000A442 /* Sources */,
				2372506E200522820000A442 /* Frameworks */,
				2372506F200522820000A442 /* Resources */,
			);
			buildRules = (
			);
			dependencies = (
				23725078200522820000A442 /* PBXTargetDependency */,
			);
			name = "AdvancedOperation Tests macOS";
			productName = "AdvancedOperation Tests macOS";
			productReference = 23725071200522820000A442 /* AdvancedOperation Tests macOS.xctest */;
			productType = "com.apple.product-type.bundle.unit-test";
		};
		2372B42D1F960DBA00189A32 /* AdvancedOperation Tests iOS */ = {
			isa = PBXNativeTarget;
			buildConfigurationList = 2372B4381F960DBA00189A32 /* Build configuration list for PBXNativeTarget "AdvancedOperation Tests iOS" */;
			buildPhases = (
				2372B42A1F960DBA00189A32 /* Sources */,
				2372B42B1F960DBA00189A32 /* Frameworks */,
				2372B42C1F960DBA00189A32 /* Resources */,
			);
			buildRules = (
			);
			dependencies = (
				2372B4351F960DBA00189A32 /* PBXTargetDependency */,
			);
			name = "AdvancedOperation Tests iOS";
			productName = "AdvancedOperation Tests iOS";
			productReference = 2372B42E1F960DBA00189A32 /* AdvancedOperation Tests iOS.xctest */;
			productType = "com.apple.product-type.bundle.unit-test";
		};
		2372B43C1F960DCB00189A32 /* AdvancedOperation Tests tvOS */ = {
			isa = PBXNativeTarget;
			buildConfigurationList = 2372B4451F960DCB00189A32 /* Build configuration list for PBXNativeTarget "AdvancedOperation Tests tvOS" */;
			buildPhases = (
				2372B4391F960DCB00189A32 /* Sources */,
				2372B43A1F960DCB00189A32 /* Frameworks */,
				2372B43B1F960DCB00189A32 /* Resources */,
			);
			buildRules = (
			);
			dependencies = (
				2372B4441F960DCB00189A32 /* PBXTargetDependency */,
			);
			name = "AdvancedOperation Tests tvOS";
			productName = "AdvancedOperation Tests tvOS";
			productReference = 2372B43D1F960DCB00189A32 /* AdvancedOperation Tests tvOS.xctest */;
			productType = "com.apple.product-type.bundle.unit-test";
		};
		D2F96AAA25FE53630085641B /* AdvancedOperation Tests watchOS */ = {
			isa = PBXNativeTarget;
			buildConfigurationList = D2F96AB525FE53630085641B /* Build configuration list for PBXNativeTarget "AdvancedOperation Tests watchOS" */;
			buildPhases = (
				D2F96AA725FE53630085641B /* Sources */,
				D2F96AA825FE53630085641B /* Frameworks */,
				D2F96AA925FE53630085641B /* Resources */,
			);
			buildRules = (
			);
			dependencies = (
				D2F96AB225FE53630085641B /* PBXTargetDependency */,
			);
			name = "AdvancedOperation Tests watchOS";
			productName = "AdvancedOperation Tests watchOS";
			productReference = D2F96AAB25FE53630085641B /* AdvancedOperation Tests watchOS.xctest */;
			productType = "com.apple.product-type.bundle.unit-test";
		};
/* End PBXNativeTarget section */

/* Begin PBXProject section */
		2341307E1F9605F5002BE7FC /* Project object */ = {
			isa = PBXProject;
			attributes = {
				LastSwiftUpdateCheck = 1250;
				LastUpgradeCheck = 1200;
				ORGANIZATIONNAME = "Alessandro Marzoli";
				TargetAttributes = {
					230B47F8200EA87900F46852 = {
						CreatedOnToolsVersion = 9.2;
						ProvisioningStyle = Automatic;
					};
					234130861F9605F5002BE7FC = {
						CreatedOnToolsVersion = 9.1;
						LastSwiftMigration = 1020;
						ProvisioningStyle = Automatic;
					};
					234130991F960691002BE7FC = {
						CreatedOnToolsVersion = 9.1;
						LastSwiftMigration = 1020;
						ProvisioningStyle = Automatic;
					};
					234130A61F9606B8002BE7FC = {
						CreatedOnToolsVersion = 9.1;
						LastSwiftMigration = 0920;
						ProvisioningStyle = Automatic;
					};
					234130B31F9606CD002BE7FC = {
						CreatedOnToolsVersion = 9.1;
						LastSwiftMigration = 0920;
						ProvisioningStyle = Automatic;
					};
					23725070200522820000A442 = {
						CreatedOnToolsVersion = 9.2;
						LastSwiftMigration = 1140;
						ProvisioningStyle = Automatic;
					};
					2372B42D1F960DBA00189A32 = {
						CreatedOnToolsVersion = 9.1;
						LastSwiftMigration = 1140;
						ProvisioningStyle = Automatic;
					};
					2372B43C1F960DCB00189A32 = {
						CreatedOnToolsVersion = 9.1;
						LastSwiftMigration = 1140;
						ProvisioningStyle = Automatic;
					};
					23DC2C7E2014F5DB00270CA3 = {
						CreatedOnToolsVersion = 9.2;
						ProvisioningStyle = Automatic;
					};
					D2F96AAA25FE53630085641B = {
						CreatedOnToolsVersion = 12.5;
						ProvisioningStyle = Automatic;
					};
				};
			};
			buildConfigurationList = 234130811F9605F5002BE7FC /* Build configuration list for PBXProject "AdvancedOperation" */;
			compatibilityVersion = "Xcode 8.0";
			developmentRegion = en;
			hasScannedForEncodings = 0;
			knownRegions = (
				en,
				Base,
			);
			mainGroup = 2341307D1F9605F5002BE7FC;
			productRefGroup = 234130881F9605F5002BE7FC /* Products */;
			projectDirPath = "";
			projectRoot = "";
			targets = (
				234130861F9605F5002BE7FC /* AdvancedOperation iOS */,
				234130991F960691002BE7FC /* AdvancedOperation macOS */,
				234130A61F9606B8002BE7FC /* AdvancedOperation tvOS */,
				234130B31F9606CD002BE7FC /* AdvancedOperation watchOS */,
				2372B42D1F960DBA00189A32 /* AdvancedOperation Tests iOS */,
				2372B43C1F960DCB00189A32 /* AdvancedOperation Tests tvOS */,
				23725070200522820000A442 /* AdvancedOperation Tests macOS */,
				D2F96AAA25FE53630085641B /* AdvancedOperation Tests watchOS */,
				230B47F8200EA87900F46852 /* SwiftLint */,
				23DC2C7E2014F5DB00270CA3 /* Cleanup whitespace */,
			);
		};
/* End PBXProject section */

/* Begin PBXResourcesBuildPhase section */
		234130851F9605F5002BE7FC /* Resources */ = {
			isa = PBXResourcesBuildPhase;
			buildActionMask = 2147483647;
			files = (
				D20C3013242E4D310007341B /* TECHNOTES.md in Resources */,
			);
			runOnlyForDeploymentPostprocessing = 0;
		};
		234130981F960691002BE7FC /* Resources */ = {
			isa = PBXResourcesBuildPhase;
			buildActionMask = 2147483647;
			files = (
			);
			runOnlyForDeploymentPostprocessing = 0;
		};
		234130A51F9606B8002BE7FC /* Resources */ = {
			isa = PBXResourcesBuildPhase;
			buildActionMask = 2147483647;
			files = (
			);
			runOnlyForDeploymentPostprocessing = 0;
		};
		234130B21F9606CD002BE7FC /* Resources */ = {
			isa = PBXResourcesBuildPhase;
			buildActionMask = 2147483647;
			files = (
			);
			runOnlyForDeploymentPostprocessing = 0;
		};
		2372506F200522820000A442 /* Resources */ = {
			isa = PBXResourcesBuildPhase;
			buildActionMask = 2147483647;
			files = (
			);
			runOnlyForDeploymentPostprocessing = 0;
		};
		2372B42C1F960DBA00189A32 /* Resources */ = {
			isa = PBXResourcesBuildPhase;
			buildActionMask = 2147483647;
			files = (
			);
			runOnlyForDeploymentPostprocessing = 0;
		};
		2372B43B1F960DCB00189A32 /* Resources */ = {
			isa = PBXResourcesBuildPhase;
			buildActionMask = 2147483647;
			files = (
			);
			runOnlyForDeploymentPostprocessing = 0;
		};
		D2F96AA925FE53630085641B /* Resources */ = {
			isa = PBXResourcesBuildPhase;
			buildActionMask = 2147483647;
			files = (
			);
			runOnlyForDeploymentPostprocessing = 0;
		};
/* End PBXResourcesBuildPhase section */

/* Begin PBXShellScriptBuildPhase section */
		230B47FC200EA89600F46852 /* SwiftLint */ = {
			isa = PBXShellScriptBuildPhase;
			buildActionMask = 2147483647;
			files = (
			);
			inputPaths = (
			);
			name = SwiftLint;
			outputPaths = (
			);
			runOnlyForDeploymentPostprocessing = 0;
			shellPath = /bin/sh;
			shellScript = "if which swiftlint >/dev/null; then\nswiftlint\nelse\necho \"warning: SwiftLint not installed, download from https://github.com/realm/SwiftLint\"\nfi\n";
		};
		23DC2C822014F5E000270CA3 /* ShellScript */ = {
			isa = PBXShellScriptBuildPhase;
			buildActionMask = 2147483647;
			files = (
			);
			inputPaths = (
			);
			outputPaths = (
			);
			runOnlyForDeploymentPostprocessing = 0;
			shellPath = /bin/sh;
			shellScript = "#!/bin/sh\ndirectories=(Sources Tests)\n\nfor directory in \"${directories[@]}\"\ndo\necho \"Cleaning whitespace in directory: $directory\"\nfind $directory -iregex '.*\\.swift' -exec sed -E -i '' -e 's/[[:blank:]]*$//' {} \\;\ndone\n";
		};
/* End PBXShellScriptBuildPhase section */

/* Begin PBXSourcesBuildPhase section */
		234130821F9605F5002BE7FC /* Sources */ = {
			isa = PBXSourcesBuildPhase;
			buildActionMask = 2147483647;
			files = (
				D29FE44124801AE600DA97AA /* ResultOperation.swift in Sources */,
				064B0D8423F4032100C8331F /* GroupOperation.swift in Sources */,
				06B3D10223D9E9F3005EBDD8 /* AdvancedOperation.swift in Sources */,
				067C482623D60EE800F73096 /* KVOCrashWorkaround.swift in Sources */,
				06C92B4B23D0A9FF000D12C8 /* AsynchronousBlockOperation.swift in Sources */,
				23F24D22200799B800B25A03 /* Operation+Utils.swift in Sources */,
				D2CA6BA4247D59A200A71630 /* Atomic.swift in Sources */,
				D26DBDEA2481060200A69E28 /* FailableAsyncOperation.swift in Sources */,
				D21C5D8423D3674E005F8D51 /* AsynchronousOperation.swift in Sources */,
			);
			runOnlyForDeploymentPostprocessing = 0;
		};
		234130951F960691002BE7FC /* Sources */ = {
			isa = PBXSourcesBuildPhase;
			buildActionMask = 2147483647;
			files = (
				D29FE44224801AE600DA97AA /* ResultOperation.swift in Sources */,
				064B0D8523F4032100C8331F /* GroupOperation.swift in Sources */,
				06B3D10323D9E9F3005EBDD8 /* AdvancedOperation.swift in Sources */,
				067C482723D60EE800F73096 /* KVOCrashWorkaround.swift in Sources */,
				06C92B4C23D0A9FF000D12C8 /* AsynchronousBlockOperation.swift in Sources */,
				23F24D23200799B800B25A03 /* Operation+Utils.swift in Sources */,
				D2CA6BA5247D59A200A71630 /* Atomic.swift in Sources */,
				D26DBDEB2481060200A69E28 /* FailableAsyncOperation.swift in Sources */,
				D21C5D8523D3674E005F8D51 /* AsynchronousOperation.swift in Sources */,
			);
			runOnlyForDeploymentPostprocessing = 0;
		};
		234130A21F9606B8002BE7FC /* Sources */ = {
			isa = PBXSourcesBuildPhase;
			buildActionMask = 2147483647;
			files = (
				D29FE44324801AE600DA97AA /* ResultOperation.swift in Sources */,
				064B0D8623F4032200C8331F /* GroupOperation.swift in Sources */,
				06B3D10423D9E9F3005EBDD8 /* AdvancedOperation.swift in Sources */,
				067C482823D60EE800F73096 /* KVOCrashWorkaround.swift in Sources */,
				06C92B4D23D0A9FF000D12C8 /* AsynchronousBlockOperation.swift in Sources */,
				23F24D24200799B800B25A03 /* Operation+Utils.swift in Sources */,
				D2CA6BA6247D59A200A71630 /* Atomic.swift in Sources */,
				D26DBDEC2481060200A69E28 /* FailableAsyncOperation.swift in Sources */,
				D21C5D8623D3674E005F8D51 /* AsynchronousOperation.swift in Sources */,
			);
			runOnlyForDeploymentPostprocessing = 0;
		};
		234130AF1F9606CD002BE7FC /* Sources */ = {
			isa = PBXSourcesBuildPhase;
			buildActionMask = 2147483647;
			files = (
				D29FE44424801AE600DA97AA /* ResultOperation.swift in Sources */,
				064B0D8723F4032200C8331F /* GroupOperation.swift in Sources */,
				06B3D10523D9E9F3005EBDD8 /* AdvancedOperation.swift in Sources */,
				067C482923D60EE800F73096 /* KVOCrashWorkaround.swift in Sources */,
				06C92B4E23D0A9FF000D12C8 /* AsynchronousBlockOperation.swift in Sources */,
				23F24D25200799B800B25A03 /* Operation+Utils.swift in Sources */,
				D2CA6BA7247D59A200A71630 /* Atomic.swift in Sources */,
				D26DBDED2481060200A69E28 /* FailableAsyncOperation.swift in Sources */,
				D21C5D8723D3674E005F8D51 /* AsynchronousOperation.swift in Sources */,
			);
			runOnlyForDeploymentPostprocessing = 0;
		};
		2372506D200522820000A442 /* Sources */ = {
			isa = PBXSourcesBuildPhase;
			buildActionMask = 2147483647;
			files = (
				064B0D8F23F4168600C8331F /* GroupOperationTests.swift in Sources */,
				D2093D38236606F400230A2A /* AsynchronousOperationTests.swift in Sources */,
				06C92B5623D0AB07000D12C8 /* AsynchronousBlockOperationTests.swift in Sources */,
				D268F3F72471338100003666 /* ProgressReportingTests.swift in Sources */,
				06E3140325272222003ED9E3 /* XCTestCase+Utils.swift in Sources */,
				235D08D3206A941B00F70142 /* OperationStateTests.swift in Sources */,
				23AC3ADF2038A050003E1B15 /* OperationUtilsTests.swift in Sources */,
				2385617B200A873C0061BAA1 /* Mocks.swift in Sources */,
				D29FE44824801D2000DA97AA /* ResultOperationTests.swift in Sources */,
				D29FE43F24801A7900DA97AA /* FailableAsynchronousOperationTests.swift in Sources */,
			);
			runOnlyForDeploymentPostprocessing = 0;
		};
		2372B42A1F960DBA00189A32 /* Sources */ = {
			isa = PBXSourcesBuildPhase;
			buildActionMask = 2147483647;
			files = (
				064B0D8D23F4168500C8331F /* GroupOperationTests.swift in Sources */,
				D2093D36236606F400230A2A /* AsynchronousOperationTests.swift in Sources */,
				06C92B5423D0AB06000D12C8 /* AsynchronousBlockOperationTests.swift in Sources */,
				D268F3F52471338100003666 /* ProgressReportingTests.swift in Sources */,
				06E3140125272222003ED9E3 /* XCTestCase+Utils.swift in Sources */,
				235D08D1206A941B00F70142 /* OperationStateTests.swift in Sources */,
				23AC3ADD2038A050003E1B15 /* OperationUtilsTests.swift in Sources */,
				23856179200A873C0061BAA1 /* Mocks.swift in Sources */,
				D29FE44624801D2000DA97AA /* ResultOperationTests.swift in Sources */,
				D29FE43D24801A7900DA97AA /* FailableAsynchronousOperationTests.swift in Sources */,
			);
			runOnlyForDeploymentPostprocessing = 0;
		};
		2372B4391F960DCB00189A32 /* Sources */ = {
			isa = PBXSourcesBuildPhase;
			buildActionMask = 2147483647;
			files = (
				064B0D8E23F4168600C8331F /* GroupOperationTests.swift in Sources */,
				D2093D37236606F400230A2A /* AsynchronousOperationTests.swift in Sources */,
				06C92B5523D0AB06000D12C8 /* AsynchronousBlockOperationTests.swift in Sources */,
				D268F3F62471338100003666 /* ProgressReportingTests.swift in Sources */,
				06E3140225272222003ED9E3 /* XCTestCase+Utils.swift in Sources */,
				235D08D2206A941B00F70142 /* OperationStateTests.swift in Sources */,
				23AC3ADE2038A050003E1B15 /* OperationUtilsTests.swift in Sources */,
				2385617A200A873C0061BAA1 /* Mocks.swift in Sources */,
				D29FE44724801D2000DA97AA /* ResultOperationTests.swift in Sources */,
				D29FE43E24801A7900DA97AA /* FailableAsynchronousOperationTests.swift in Sources */,
			);
			runOnlyForDeploymentPostprocessing = 0;
		};
		D2F96AA725FE53630085641B /* Sources */ = {
			isa = PBXSourcesBuildPhase;
			buildActionMask = 2147483647;
			files = (
				D2F96AAE25FE53630085641B /* AdvancedOperation_Tests_watchOS.swift in Sources */,
				D2F96ABE25FE542B0085641B /* OperationStateTests.swift in Sources */,
				D2F96AB825FE54270085641B /* ResultOperationTests.swift in Sources */,
				D2F96ABA25FE54270085641B /* FailableAsynchronousOperationTests.swift in Sources */,
				D2F96ABC25FE542B0085641B /* ProgressReportingTests.swift in Sources */,
				D2F96AC025FE54300085641B /* XCTestCase+Utils.swift in Sources */,
				D2F96AB725FE54270085641B /* GroupOperationTests.swift in Sources */,
				D2F96AB925FE54270085641B /* AsynchronousBlockOperationTests.swift in Sources */,
				D2F96ABD25FE542B0085641B /* AsynchronousOperationTests.swift in Sources */,
				D2F96ABB25FE542B0085641B /* OperationUtilsTests.swift in Sources */,
				D2F96ABF25FE54300085641B /* Mocks.swift in Sources */,
			);
			runOnlyForDeploymentPostprocessing = 0;
		};
/* End PBXSourcesBuildPhase section */

/* Begin PBXTargetDependency section */
		23725078200522820000A442 /* PBXTargetDependency */ = {
			isa = PBXTargetDependency;
			target = 234130991F960691002BE7FC /* AdvancedOperation macOS */;
			targetProxy = 23725077200522820000A442 /* PBXContainerItemProxy */;
		};
		2372B4351F960DBA00189A32 /* PBXTargetDependency */ = {
			isa = PBXTargetDependency;
			target = 234130861F9605F5002BE7FC /* AdvancedOperation iOS */;
			targetProxy = 2372B4341F960DBA00189A32 /* PBXContainerItemProxy */;
		};
		2372B4441F960DCB00189A32 /* PBXTargetDependency */ = {
			isa = PBXTargetDependency;
			target = 234130A61F9606B8002BE7FC /* AdvancedOperation tvOS */;
			targetProxy = 2372B4431F960DCB00189A32 /* PBXContainerItemProxy */;
		};
		D2F96AB225FE53630085641B /* PBXTargetDependency */ = {
			isa = PBXTargetDependency;
			target = 234130B31F9606CD002BE7FC /* AdvancedOperation watchOS */;
			targetProxy = D2F96AB125FE53630085641B /* PBXContainerItemProxy */;
		};
/* End PBXTargetDependency section */

/* Begin XCBuildConfiguration section */
		230B47F9200EA87900F46852 /* Debug */ = {
			isa = XCBuildConfiguration;
			buildSettings = {
				CODE_SIGN_STYLE = Automatic;
				PRODUCT_NAME = "$(TARGET_NAME)";
			};
			name = Debug;
		};
		230B47FA200EA87900F46852 /* Release */ = {
			isa = XCBuildConfiguration;
			buildSettings = {
				CODE_SIGN_STYLE = Automatic;
				PRODUCT_NAME = "$(TARGET_NAME)";
			};
			name = Release;
		};
		2341308D1F9605F5002BE7FC /* Debug */ = {
			isa = XCBuildConfiguration;
			buildSettings = {
				ALWAYS_SEARCH_USER_PATHS = NO;
				CLANG_ANALYZER_NONNULL = YES;
				CLANG_ANALYZER_NUMBER_OBJECT_CONVERSION = YES_AGGRESSIVE;
				CLANG_CXX_LANGUAGE_STANDARD = "gnu++14";
				CLANG_CXX_LIBRARY = "libc++";
				CLANG_ENABLE_MODULES = YES;
				CLANG_ENABLE_OBJC_ARC = YES;
				CLANG_WARN_BLOCK_CAPTURE_AUTORELEASING = YES;
				CLANG_WARN_BOOL_CONVERSION = YES;
				CLANG_WARN_COMMA = YES;
				CLANG_WARN_CONSTANT_CONVERSION = YES;
				CLANG_WARN_DEPRECATED_OBJC_IMPLEMENTATIONS = YES;
				CLANG_WARN_DIRECT_OBJC_ISA_USAGE = YES_ERROR;
				CLANG_WARN_DOCUMENTATION_COMMENTS = YES;
				CLANG_WARN_EMPTY_BODY = YES;
				CLANG_WARN_ENUM_CONVERSION = YES;
				CLANG_WARN_INFINITE_RECURSION = YES;
				CLANG_WARN_INT_CONVERSION = YES;
				CLANG_WARN_NON_LITERAL_NULL_CONVERSION = YES;
				CLANG_WARN_OBJC_IMPLICIT_RETAIN_SELF = YES;
				CLANG_WARN_OBJC_LITERAL_CONVERSION = YES;
				CLANG_WARN_OBJC_ROOT_CLASS = YES_ERROR;
				CLANG_WARN_QUOTED_INCLUDE_IN_FRAMEWORK_HEADER = YES;
				CLANG_WARN_RANGE_LOOP_ANALYSIS = YES;
				CLANG_WARN_STRICT_PROTOTYPES = YES;
				CLANG_WARN_SUSPICIOUS_MOVE = YES;
				CLANG_WARN_UNGUARDED_AVAILABILITY = YES_AGGRESSIVE;
				CLANG_WARN_UNREACHABLE_CODE = YES;
				CLANG_WARN__DUPLICATE_METHOD_MATCH = YES;
				CODE_SIGN_IDENTITY = "";
				"CODE_SIGN_IDENTITY[sdk=iphoneos*]" = "iPhone Developer";
				COPY_PHASE_STRIP = NO;
				CURRENT_PROJECT_VERSION = 1;
				DEBUG_INFORMATION_FORMAT = dwarf;
				ENABLE_STRICT_OBJC_MSGSEND = YES;
				ENABLE_TESTABILITY = YES;
				GCC_C_LANGUAGE_STANDARD = gnu11;
				GCC_DYNAMIC_NO_PIC = NO;
				GCC_NO_COMMON_BLOCKS = YES;
				GCC_OPTIMIZATION_LEVEL = 0;
				GCC_PREPROCESSOR_DEFINITIONS = (
					"DEBUG=1",
					"$(inherited)",
				);
				GCC_WARN_64_TO_32_BIT_CONVERSION = YES;
				GCC_WARN_ABOUT_RETURN_TYPE = YES_ERROR;
				GCC_WARN_UNDECLARED_SELECTOR = YES;
				GCC_WARN_UNINITIALIZED_AUTOS = YES_AGGRESSIVE;
				GCC_WARN_UNUSED_FUNCTION = YES;
				GCC_WARN_UNUSED_VARIABLE = YES;
				IPHONEOS_DEPLOYMENT_TARGET = 12.0;
				MACOSX_DEPLOYMENT_TARGET = 10.15;
				MTL_ENABLE_DEBUG_INFO = YES;
				ONLY_ACTIVE_ARCH = YES;
				SDKROOT = iphoneos;
				SWIFT_ACTIVE_COMPILATION_CONDITIONS = DEBUG;
				SWIFT_OPTIMIZATION_LEVEL = "-Onone";
				TVOS_DEPLOYMENT_TARGET = 12.0;
				VERSIONING_SYSTEM = "apple-generic";
				VERSION_INFO_PREFIX = "";
				WATCHOS_DEPLOYMENT_TARGET = 6.0;
			};
			name = Debug;
		};
		2341308E1F9605F5002BE7FC /* Release */ = {
			isa = XCBuildConfiguration;
			buildSettings = {
				ALWAYS_SEARCH_USER_PATHS = NO;
				CLANG_ANALYZER_NONNULL = YES;
				CLANG_ANALYZER_NUMBER_OBJECT_CONVERSION = YES_AGGRESSIVE;
				CLANG_CXX_LANGUAGE_STANDARD = "gnu++14";
				CLANG_CXX_LIBRARY = "libc++";
				CLANG_ENABLE_MODULES = YES;
				CLANG_ENABLE_OBJC_ARC = YES;
				CLANG_WARN_BLOCK_CAPTURE_AUTORELEASING = YES;
				CLANG_WARN_BOOL_CONVERSION = YES;
				CLANG_WARN_COMMA = YES;
				CLANG_WARN_CONSTANT_CONVERSION = YES;
				CLANG_WARN_DEPRECATED_OBJC_IMPLEMENTATIONS = YES;
				CLANG_WARN_DIRECT_OBJC_ISA_USAGE = YES_ERROR;
				CLANG_WARN_DOCUMENTATION_COMMENTS = YES;
				CLANG_WARN_EMPTY_BODY = YES;
				CLANG_WARN_ENUM_CONVERSION = YES;
				CLANG_WARN_INFINITE_RECURSION = YES;
				CLANG_WARN_INT_CONVERSION = YES;
				CLANG_WARN_NON_LITERAL_NULL_CONVERSION = YES;
				CLANG_WARN_OBJC_IMPLICIT_RETAIN_SELF = YES;
				CLANG_WARN_OBJC_LITERAL_CONVERSION = YES;
				CLANG_WARN_OBJC_ROOT_CLASS = YES_ERROR;
				CLANG_WARN_QUOTED_INCLUDE_IN_FRAMEWORK_HEADER = YES;
				CLANG_WARN_RANGE_LOOP_ANALYSIS = YES;
				CLANG_WARN_STRICT_PROTOTYPES = YES;
				CLANG_WARN_SUSPICIOUS_MOVE = YES;
				CLANG_WARN_UNGUARDED_AVAILABILITY = YES_AGGRESSIVE;
				CLANG_WARN_UNREACHABLE_CODE = YES;
				CLANG_WARN__DUPLICATE_METHOD_MATCH = YES;
				CODE_SIGN_IDENTITY = "";
				"CODE_SIGN_IDENTITY[sdk=iphoneos*]" = "iPhone Developer";
				COPY_PHASE_STRIP = NO;
				CURRENT_PROJECT_VERSION = 1;
				DEBUG_INFORMATION_FORMAT = "dwarf-with-dsym";
				ENABLE_NS_ASSERTIONS = NO;
				ENABLE_STRICT_OBJC_MSGSEND = YES;
				GCC_C_LANGUAGE_STANDARD = gnu11;
				GCC_NO_COMMON_BLOCKS = YES;
				GCC_WARN_64_TO_32_BIT_CONVERSION = YES;
				GCC_WARN_ABOUT_RETURN_TYPE = YES_ERROR;
				GCC_WARN_UNDECLARED_SELECTOR = YES;
				GCC_WARN_UNINITIALIZED_AUTOS = YES_AGGRESSIVE;
				GCC_WARN_UNUSED_FUNCTION = YES;
				GCC_WARN_UNUSED_VARIABLE = YES;
				IPHONEOS_DEPLOYMENT_TARGET = 12.0;
				MACOSX_DEPLOYMENT_TARGET = 10.15;
				MTL_ENABLE_DEBUG_INFO = NO;
				SDKROOT = iphoneos;
				SWIFT_OPTIMIZATION_LEVEL = "-Owholemodule";
				TVOS_DEPLOYMENT_TARGET = 12.0;
				VALIDATE_PRODUCT = YES;
				VERSIONING_SYSTEM = "apple-generic";
				VERSION_INFO_PREFIX = "";
				WATCHOS_DEPLOYMENT_TARGET = 6.0;
			};
			name = Release;
		};
		234130901F9605F5002BE7FC /* Debug */ = {
			isa = XCBuildConfiguration;
			buildSettings = {
				APPLICATION_EXTENSION_API_ONLY = YES;
				BITCODE_GENERATION_MODE = marker;
				CLANG_ENABLE_MODULES = YES;
				CLANG_STATIC_ANALYZER_MODE = shallow;
				CODE_SIGN_IDENTITY = "";
				CODE_SIGN_STYLE = Automatic;
				DEFINES_MODULE = YES;
				DYLIB_COMPATIBILITY_VERSION = 1;
				DYLIB_CURRENT_VERSION = 1;
				DYLIB_INSTALL_NAME_BASE = "@rpath";
				INFOPLIST_FILE = Support/Info.plist;
				INSTALL_PATH = "$(LOCAL_LIBRARY_DIR)/Frameworks";
				IPHONEOS_DEPLOYMENT_TARGET = 12.0;
				LD_RUNPATH_SEARCH_PATHS = "$(inherited) @executable_path/Frameworks @loader_path/Frameworks";
				MACOSX_DEPLOYMENT_TARGET = 10.14;
				PRODUCT_BUNDLE_IDENTIFIER = com.alessandromarzoli.AdvancedOperation;
				PRODUCT_NAME = AdvancedOperation;
				RUN_CLANG_STATIC_ANALYZER = YES;
				SKIP_INSTALL = YES;
				SWIFT_OPTIMIZATION_LEVEL = "-Onone";
				SWIFT_VERSION = 5.0;
				TARGETED_DEVICE_FAMILY = "1,2";
				TVOS_DEPLOYMENT_TARGET = 12.0;
				WATCHOS_DEPLOYMENT_TARGET = 6.0;
			};
			name = Debug;
		};
		234130911F9605F5002BE7FC /* Release */ = {
			isa = XCBuildConfiguration;
			buildSettings = {
				APPLICATION_EXTENSION_API_ONLY = YES;
				BITCODE_GENERATION_MODE = bitcode;
				CLANG_ENABLE_MODULES = YES;
				CLANG_STATIC_ANALYZER_MODE = shallow;
				CODE_SIGN_IDENTITY = "";
				CODE_SIGN_STYLE = Automatic;
				DEFINES_MODULE = YES;
				DYLIB_COMPATIBILITY_VERSION = 1;
				DYLIB_CURRENT_VERSION = 1;
				DYLIB_INSTALL_NAME_BASE = "@rpath";
				ENABLE_TESTABILITY = YES;
				INFOPLIST_FILE = Support/Info.plist;
				INSTALL_PATH = "$(LOCAL_LIBRARY_DIR)/Frameworks";
				IPHONEOS_DEPLOYMENT_TARGET = 12.0;
				LD_RUNPATH_SEARCH_PATHS = "$(inherited) @executable_path/Frameworks @loader_path/Frameworks";
				MACOSX_DEPLOYMENT_TARGET = 10.14;
				PRODUCT_BUNDLE_IDENTIFIER = com.alessandromarzoli.AdvancedOperation;
				PRODUCT_NAME = AdvancedOperation;
				RUN_CLANG_STATIC_ANALYZER = YES;
				SKIP_INSTALL = YES;
				SWIFT_VERSION = 5.0;
				TARGETED_DEVICE_FAMILY = "1,2";
				TVOS_DEPLOYMENT_TARGET = 12.0;
				WATCHOS_DEPLOYMENT_TARGET = 6.0;
			};
			name = Release;
		};
		234130A01F960691002BE7FC /* Debug */ = {
			isa = XCBuildConfiguration;
			buildSettings = {
				APPLICATION_EXTENSION_API_ONLY = YES;
				CLANG_ENABLE_MODULES = YES;
				CODE_SIGN_IDENTITY = "-";
				CODE_SIGN_STYLE = Automatic;
				COMBINE_HIDPI_IMAGES = YES;
				DEFINES_MODULE = YES;
				DYLIB_COMPATIBILITY_VERSION = 1;
				DYLIB_CURRENT_VERSION = 1;
				DYLIB_INSTALL_NAME_BASE = "@rpath";
				FRAMEWORK_VERSION = A;
				INFOPLIST_FILE = Support/Info.plist;
				INSTALL_PATH = "$(LOCAL_LIBRARY_DIR)/Frameworks";
				IPHONEOS_DEPLOYMENT_TARGET = 12.0;
				LD_RUNPATH_SEARCH_PATHS = "$(inherited) @executable_path/../Frameworks @loader_path/Frameworks";
				MACOSX_DEPLOYMENT_TARGET = 10.14;
				PRODUCT_BUNDLE_IDENTIFIER = com.alessandromarzoli.AdvancedOperation;
				PRODUCT_NAME = AdvancedOperation;
				RUN_CLANG_STATIC_ANALYZER = YES;
				SDKROOT = macosx;
				SKIP_INSTALL = YES;
				SWIFT_OPTIMIZATION_LEVEL = "-Onone";
				SWIFT_VERSION = 5.0;
				TVOS_DEPLOYMENT_TARGET = 12.0;
				WATCHOS_DEPLOYMENT_TARGET = 6.0;
			};
			name = Debug;
		};
		234130A11F960691002BE7FC /* Release */ = {
			isa = XCBuildConfiguration;
			buildSettings = {
				APPLICATION_EXTENSION_API_ONLY = YES;
				CLANG_ENABLE_MODULES = YES;
				CODE_SIGN_IDENTITY = "-";
				CODE_SIGN_STYLE = Automatic;
				COMBINE_HIDPI_IMAGES = YES;
				DEFINES_MODULE = YES;
				DYLIB_COMPATIBILITY_VERSION = 1;
				DYLIB_CURRENT_VERSION = 1;
				DYLIB_INSTALL_NAME_BASE = "@rpath";
				FRAMEWORK_VERSION = A;
				INFOPLIST_FILE = Support/Info.plist;
				INSTALL_PATH = "$(LOCAL_LIBRARY_DIR)/Frameworks";
				IPHONEOS_DEPLOYMENT_TARGET = 12.0;
				LD_RUNPATH_SEARCH_PATHS = "$(inherited) @executable_path/../Frameworks @loader_path/Frameworks";
				MACOSX_DEPLOYMENT_TARGET = 10.14;
				PRODUCT_BUNDLE_IDENTIFIER = com.alessandromarzoli.AdvancedOperation;
				PRODUCT_NAME = AdvancedOperation;
				RUN_CLANG_STATIC_ANALYZER = YES;
				SDKROOT = macosx;
				SKIP_INSTALL = YES;
				SWIFT_VERSION = 5.0;
				TVOS_DEPLOYMENT_TARGET = 12.0;
				WATCHOS_DEPLOYMENT_TARGET = 6.0;
			};
			name = Release;
		};
		234130AD1F9606B8002BE7FC /* Debug */ = {
			isa = XCBuildConfiguration;
			buildSettings = {
				APPLICATION_EXTENSION_API_ONLY = YES;
				CLANG_ENABLE_MODULES = YES;
				CODE_SIGN_IDENTITY = "";
				CODE_SIGN_STYLE = Automatic;
				DEFINES_MODULE = YES;
				DYLIB_COMPATIBILITY_VERSION = 1;
				DYLIB_CURRENT_VERSION = 1;
				DYLIB_INSTALL_NAME_BASE = "@rpath";
				INFOPLIST_FILE = Support/Info.plist;
				INSTALL_PATH = "$(LOCAL_LIBRARY_DIR)/Frameworks";
				IPHONEOS_DEPLOYMENT_TARGET = 12.0;
				LD_RUNPATH_SEARCH_PATHS = "$(inherited) @executable_path/Frameworks @loader_path/Frameworks";
				MACOSX_DEPLOYMENT_TARGET = 10.14;
				PRODUCT_BUNDLE_IDENTIFIER = com.alessandromarzoli.AdvancedOperation;
				PRODUCT_NAME = AdvancedOperation;
				RUN_CLANG_STATIC_ANALYZER = YES;
				SDKROOT = appletvos;
				SKIP_INSTALL = YES;
				SWIFT_OPTIMIZATION_LEVEL = "-Onone";
				SWIFT_VERSION = 5.0;
				TARGETED_DEVICE_FAMILY = 3;
				TVOS_DEPLOYMENT_TARGET = 12.0;
				WATCHOS_DEPLOYMENT_TARGET = 6.0;
			};
			name = Debug;
		};
		234130AE1F9606B8002BE7FC /* Release */ = {
			isa = XCBuildConfiguration;
			buildSettings = {
				APPLICATION_EXTENSION_API_ONLY = YES;
				CLANG_ENABLE_MODULES = YES;
				CODE_SIGN_IDENTITY = "";
				CODE_SIGN_STYLE = Automatic;
				DEFINES_MODULE = YES;
				DYLIB_COMPATIBILITY_VERSION = 1;
				DYLIB_CURRENT_VERSION = 1;
				DYLIB_INSTALL_NAME_BASE = "@rpath";
				ENABLE_TESTABILITY = YES;
				INFOPLIST_FILE = Support/Info.plist;
				INSTALL_PATH = "$(LOCAL_LIBRARY_DIR)/Frameworks";
				IPHONEOS_DEPLOYMENT_TARGET = 12.0;
				LD_RUNPATH_SEARCH_PATHS = "$(inherited) @executable_path/Frameworks @loader_path/Frameworks";
				MACOSX_DEPLOYMENT_TARGET = 10.14;
				PRODUCT_BUNDLE_IDENTIFIER = com.alessandromarzoli.AdvancedOperation;
				PRODUCT_NAME = AdvancedOperation;
				RUN_CLANG_STATIC_ANALYZER = YES;
				SDKROOT = appletvos;
				SKIP_INSTALL = YES;
				SWIFT_VERSION = 5.0;
				TARGETED_DEVICE_FAMILY = 3;
				TVOS_DEPLOYMENT_TARGET = 12.0;
				WATCHOS_DEPLOYMENT_TARGET = 6.0;
			};
			name = Release;
		};
		234130BA1F9606CD002BE7FC /* Debug */ = {
			isa = XCBuildConfiguration;
			buildSettings = {
				APPLICATION_EXTENSION_API_ONLY = YES;
				CLANG_ENABLE_MODULES = YES;
				CODE_SIGN_IDENTITY = "";
				CODE_SIGN_STYLE = Automatic;
				DEFINES_MODULE = YES;
				DYLIB_COMPATIBILITY_VERSION = 1;
				DYLIB_CURRENT_VERSION = 1;
				DYLIB_INSTALL_NAME_BASE = "@rpath";
				INFOPLIST_FILE = Support/Info.plist;
				INSTALL_PATH = "$(LOCAL_LIBRARY_DIR)/Frameworks";
				IPHONEOS_DEPLOYMENT_TARGET = 12.0;
				LD_RUNPATH_SEARCH_PATHS = "$(inherited) @executable_path/Frameworks @loader_path/Frameworks";
				MACOSX_DEPLOYMENT_TARGET = 10.14;
				PRODUCT_BUNDLE_IDENTIFIER = com.alessandromarzoli.AdvancedOperation;
				PRODUCT_NAME = AdvancedOperation;
				RUN_CLANG_STATIC_ANALYZER = YES;
				SDKROOT = watchos;
				SKIP_INSTALL = YES;
				SWIFT_OPTIMIZATION_LEVEL = "-Onone";
				SWIFT_VERSION = 5.0;
				TARGETED_DEVICE_FAMILY = 4;
				TVOS_DEPLOYMENT_TARGET = 12.0;
				WATCHOS_DEPLOYMENT_TARGET = 6.0;
			};
			name = Debug;
		};
		234130BB1F9606CD002BE7FC /* Release */ = {
			isa = XCBuildConfiguration;
			buildSettings = {
				APPLICATION_EXTENSION_API_ONLY = YES;
				CLANG_ENABLE_MODULES = YES;
				CODE_SIGN_IDENTITY = "";
				CODE_SIGN_STYLE = Automatic;
				DEFINES_MODULE = YES;
				DYLIB_COMPATIBILITY_VERSION = 1;
				DYLIB_CURRENT_VERSION = 1;
				DYLIB_INSTALL_NAME_BASE = "@rpath";
				INFOPLIST_FILE = Support/Info.plist;
				INSTALL_PATH = "$(LOCAL_LIBRARY_DIR)/Frameworks";
				IPHONEOS_DEPLOYMENT_TARGET = 12.0;
				LD_RUNPATH_SEARCH_PATHS = "$(inherited) @executable_path/Frameworks @loader_path/Frameworks";
				MACOSX_DEPLOYMENT_TARGET = 10.14;
				PRODUCT_BUNDLE_IDENTIFIER = com.alessandromarzoli.AdvancedOperation;
				PRODUCT_NAME = AdvancedOperation;
				RUN_CLANG_STATIC_ANALYZER = YES;
				SDKROOT = watchos;
				SKIP_INSTALL = YES;
				SWIFT_VERSION = 5.0;
				TARGETED_DEVICE_FAMILY = 4;
				TVOS_DEPLOYMENT_TARGET = 12.0;
				WATCHOS_DEPLOYMENT_TARGET = 6.0;
			};
			name = Release;
		};
		2372507A200522820000A442 /* Debug */ = {
			isa = XCBuildConfiguration;
			buildSettings = {
				ALWAYS_EMBED_SWIFT_STANDARD_LIBRARIES = YES;
				CLANG_ENABLE_MODULES = YES;
				CLANG_STATIC_ANALYZER_MODE = deep;
				CODE_SIGN_IDENTITY = "-";
				CODE_SIGN_STYLE = Automatic;
				COMBINE_HIDPI_IMAGES = YES;
				INFOPLIST_FILE = "Support/Info-Tests.plist";
				IPHONEOS_DEPLOYMENT_TARGET = 12.0;
				LD_RUNPATH_SEARCH_PATHS = "$(inherited) @executable_path/../Frameworks @loader_path/../Frameworks";
				MACOSX_DEPLOYMENT_TARGET = 10.15;
				PRODUCT_BUNDLE_IDENTIFIER = "com.alessandromarzoli.$(PRODUCT_NAME:rfc1034identifier)";
				PRODUCT_NAME = "$(TARGET_NAME)";
				RUN_CLANG_STATIC_ANALYZER = YES;
				SDKROOT = macosx;
				SWIFT_OBJC_BRIDGING_HEADER = "";
				SWIFT_OPTIMIZATION_LEVEL = "-Onone";
				SWIFT_VERSION = 5.0;
				TVOS_DEPLOYMENT_TARGET = 12.0;
				WATCHOS_DEPLOYMENT_TARGET = 6.0;
			};
			name = Debug;
		};
		2372507B200522820000A442 /* Release */ = {
			isa = XCBuildConfiguration;
			buildSettings = {
				ALWAYS_EMBED_SWIFT_STANDARD_LIBRARIES = YES;
				CLANG_ENABLE_MODULES = YES;
				CLANG_STATIC_ANALYZER_MODE = deep;
				CODE_SIGN_IDENTITY = "-";
				CODE_SIGN_STYLE = Automatic;
				COMBINE_HIDPI_IMAGES = YES;
				INFOPLIST_FILE = "Support/Info-Tests.plist";
				IPHONEOS_DEPLOYMENT_TARGET = 12.0;
				LD_RUNPATH_SEARCH_PATHS = "$(inherited) @executable_path/../Frameworks @loader_path/../Frameworks";
				MACOSX_DEPLOYMENT_TARGET = 10.15;
				PRODUCT_BUNDLE_IDENTIFIER = "com.alessandromarzoli.$(PRODUCT_NAME:rfc1034identifier)";
				PRODUCT_NAME = "$(TARGET_NAME)";
				RUN_CLANG_STATIC_ANALYZER = YES;
				SDKROOT = macosx;
				SWIFT_OBJC_BRIDGING_HEADER = "";
				SWIFT_VERSION = 5.0;
				TVOS_DEPLOYMENT_TARGET = 12.0;
				WATCHOS_DEPLOYMENT_TARGET = 6.0;
			};
			name = Release;
		};
		2372B4361F960DBA00189A32 /* Debug */ = {
			isa = XCBuildConfiguration;
			buildSettings = {
				ALWAYS_EMBED_SWIFT_STANDARD_LIBRARIES = YES;
				CLANG_ENABLE_MODULES = YES;
				CLANG_STATIC_ANALYZER_MODE = deep;
				CODE_SIGN_STYLE = Automatic;
				DEVELOPMENT_TEAM = "";
				INFOPLIST_FILE = "Support/Info-Tests.plist";
				IPHONEOS_DEPLOYMENT_TARGET = 12.0;
				LD_RUNPATH_SEARCH_PATHS = "$(inherited) @executable_path/Frameworks @loader_path/Frameworks";
				MACOSX_DEPLOYMENT_TARGET = 10.15;
				PRODUCT_BUNDLE_IDENTIFIER = "com.alessandromarzoli.$(PRODUCT_NAME:rfc1034identifier)";
				PRODUCT_NAME = "$(TARGET_NAME)";
				RUN_CLANG_STATIC_ANALYZER = YES;
				SWIFT_OBJC_BRIDGING_HEADER = "";
				SWIFT_OPTIMIZATION_LEVEL = "-Onone";
				SWIFT_VERSION = 5.0;
				TARGETED_DEVICE_FAMILY = "1,2";
				TVOS_DEPLOYMENT_TARGET = 12.0;
				WATCHOS_DEPLOYMENT_TARGET = 6.0;
			};
			name = Debug;
		};
		2372B4371F960DBA00189A32 /* Release */ = {
			isa = XCBuildConfiguration;
			buildSettings = {
				ALWAYS_EMBED_SWIFT_STANDARD_LIBRARIES = YES;
				CLANG_ENABLE_MODULES = YES;
				CLANG_STATIC_ANALYZER_MODE = deep;
				CODE_SIGN_STYLE = Automatic;
				DEVELOPMENT_TEAM = "";
				INFOPLIST_FILE = "Support/Info-Tests.plist";
				IPHONEOS_DEPLOYMENT_TARGET = 12.0;
				LD_RUNPATH_SEARCH_PATHS = "$(inherited) @executable_path/Frameworks @loader_path/Frameworks";
				MACOSX_DEPLOYMENT_TARGET = 10.15;
				PRODUCT_BUNDLE_IDENTIFIER = "com.alessandromarzoli.$(PRODUCT_NAME:rfc1034identifier)";
				PRODUCT_NAME = "$(TARGET_NAME)";
				RUN_CLANG_STATIC_ANALYZER = YES;
				SWIFT_OBJC_BRIDGING_HEADER = "";
				SWIFT_VERSION = 5.0;
				TARGETED_DEVICE_FAMILY = "1,2";
				TVOS_DEPLOYMENT_TARGET = 12.0;
				WATCHOS_DEPLOYMENT_TARGET = 6.0;
			};
			name = Release;
		};
		2372B4461F960DCB00189A32 /* Debug */ = {
			isa = XCBuildConfiguration;
			buildSettings = {
				ALWAYS_EMBED_SWIFT_STANDARD_LIBRARIES = YES;
				CLANG_ENABLE_MODULES = YES;
				CLANG_STATIC_ANALYZER_MODE = deep;
				CODE_SIGN_STYLE = Automatic;
				INFOPLIST_FILE = "Support/Info-Tests.plist";
				IPHONEOS_DEPLOYMENT_TARGET = 12.0;
				LD_RUNPATH_SEARCH_PATHS = "$(inherited) @executable_path/Frameworks @loader_path/Frameworks";
				MACOSX_DEPLOYMENT_TARGET = 10.15;
				PRODUCT_BUNDLE_IDENTIFIER = "com.alessandromarzoli.$(PRODUCT_NAME:rfc1034identifier)";
				PRODUCT_NAME = "$(TARGET_NAME)";
				RUN_CLANG_STATIC_ANALYZER = YES;
				SDKROOT = appletvos;
				SWIFT_OBJC_BRIDGING_HEADER = "";
				SWIFT_OPTIMIZATION_LEVEL = "-Onone";
				SWIFT_VERSION = 5.0;
				TARGETED_DEVICE_FAMILY = 3;
				TVOS_DEPLOYMENT_TARGET = 12.0;
				WATCHOS_DEPLOYMENT_TARGET = 6.0;
			};
			name = Debug;
		};
		2372B4471F960DCB00189A32 /* Release */ = {
			isa = XCBuildConfiguration;
			buildSettings = {
				ALWAYS_EMBED_SWIFT_STANDARD_LIBRARIES = YES;
				CLANG_ENABLE_MODULES = YES;
				CLANG_STATIC_ANALYZER_MODE = deep;
				CODE_SIGN_STYLE = Automatic;
				INFOPLIST_FILE = "Support/Info-Tests.plist";
				IPHONEOS_DEPLOYMENT_TARGET = 12.0;
				LD_RUNPATH_SEARCH_PATHS = "$(inherited) @executable_path/Frameworks @loader_path/Frameworks";
				MACOSX_DEPLOYMENT_TARGET = 10.15;
				PRODUCT_BUNDLE_IDENTIFIER = "com.alessandromarzoli.$(PRODUCT_NAME:rfc1034identifier)";
				PRODUCT_NAME = "$(TARGET_NAME)";
				RUN_CLANG_STATIC_ANALYZER = YES;
				SDKROOT = appletvos;
				SWIFT_OBJC_BRIDGING_HEADER = "";
				SWIFT_VERSION = 5.0;
				TARGETED_DEVICE_FAMILY = 3;
				TVOS_DEPLOYMENT_TARGET = 12.0;
				WATCHOS_DEPLOYMENT_TARGET = 6.0;
			};
			name = Release;
		};
		23DC2C7F2014F5DB00270CA3 /* Debug */ = {
			isa = XCBuildConfiguration;
			buildSettings = {
				CODE_SIGN_STYLE = Automatic;
				PRODUCT_NAME = "$(TARGET_NAME)";
			};
			name = Debug;
		};
		23DC2C802014F5DB00270CA3 /* Release */ = {
			isa = XCBuildConfiguration;
			buildSettings = {
				CODE_SIGN_STYLE = Automatic;
				PRODUCT_NAME = "$(TARGET_NAME)";
			};
			name = Release;
		};
		D2F96AB325FE53630085641B /* Debug */ = {
			isa = XCBuildConfiguration;
			buildSettings = {
				CLANG_ENABLE_OBJC_WEAK = YES;
				CODE_SIGN_STYLE = Automatic;
				INFOPLIST_FILE = "AdvancedOperation Tests watchOS/Info.plist";
				LD_RUNPATH_SEARCH_PATHS = "$(inherited) @executable_path/Frameworks @loader_path/Frameworks";
				MTL_ENABLE_DEBUG_INFO = INCLUDE_SOURCE;
				MTL_FAST_MATH = YES;
				PRODUCT_BUNDLE_IDENTIFIER = "com.alessandromarzoli.AdvancedOperation-Tests-watchOS";
				PRODUCT_NAME = "$(TARGET_NAME)";
				SDKROOT = watchos;
				SWIFT_VERSION = 5.0;
				TARGETED_DEVICE_FAMILY = 4;
				WATCHOS_DEPLOYMENT_TARGET = 7.4;
			};
			name = Debug;
		};
		D2F96AB425FE53630085641B /* Release */ = {
			isa = XCBuildConfiguration;
			buildSettings = {
				CLANG_ENABLE_OBJC_WEAK = YES;
				CODE_SIGN_STYLE = Automatic;
				INFOPLIST_FILE = "AdvancedOperation Tests watchOS/Info.plist";
				LD_RUNPATH_SEARCH_PATHS = "$(inherited) @executable_path/Frameworks @loader_path/Frameworks";
				MTL_FAST_MATH = YES;
				PRODUCT_BUNDLE_IDENTIFIER = "com.alessandromarzoli.AdvancedOperation-Tests-watchOS";
				PRODUCT_NAME = "$(TARGET_NAME)";
				SDKROOT = watchos;
				SWIFT_VERSION = 5.0;
				TARGETED_DEVICE_FAMILY = 4;
				WATCHOS_DEPLOYMENT_TARGET = 7.4;
			};
			name = Release;
		};
/* End XCBuildConfiguration section */

/* Begin XCConfigurationList section */
		230B47FB200EA87900F46852 /* Build configuration list for PBXAggregateTarget "SwiftLint" */ = {
			isa = XCConfigurationList;
			buildConfigurations = (
				230B47F9200EA87900F46852 /* Debug */,
				230B47FA200EA87900F46852 /* Release */,
			);
			defaultConfigurationIsVisible = 0;
			defaultConfigurationName = Release;
		};
		234130811F9605F5002BE7FC /* Build configuration list for PBXProject "AdvancedOperation" */ = {
			isa = XCConfigurationList;
			buildConfigurations = (
				2341308D1F9605F5002BE7FC /* Debug */,
				2341308E1F9605F5002BE7FC /* Release */,
			);
			defaultConfigurationIsVisible = 0;
			defaultConfigurationName = Release;
		};
		2341308F1F9605F5002BE7FC /* Build configuration list for PBXNativeTarget "AdvancedOperation iOS" */ = {
			isa = XCConfigurationList;
			buildConfigurations = (
				234130901F9605F5002BE7FC /* Debug */,
				234130911F9605F5002BE7FC /* Release */,
			);
			defaultConfigurationIsVisible = 0;
			defaultConfigurationName = Release;
		};
		2341309F1F960691002BE7FC /* Build configuration list for PBXNativeTarget "AdvancedOperation macOS" */ = {
			isa = XCConfigurationList;
			buildConfigurations = (
				234130A01F960691002BE7FC /* Debug */,
				234130A11F960691002BE7FC /* Release */,
			);
			defaultConfigurationIsVisible = 0;
			defaultConfigurationName = Release;
		};
		234130AC1F9606B8002BE7FC /* Build configuration list for PBXNativeTarget "AdvancedOperation tvOS" */ = {
			isa = XCConfigurationList;
			buildConfigurations = (
				234130AD1F9606B8002BE7FC /* Debug */,
				234130AE1F9606B8002BE7FC /* Release */,
			);
			defaultConfigurationIsVisible = 0;
			defaultConfigurationName = Release;
		};
		234130B91F9606CD002BE7FC /* Build configuration list for PBXNativeTarget "AdvancedOperation watchOS" */ = {
			isa = XCConfigurationList;
			buildConfigurations = (
				234130BA1F9606CD002BE7FC /* Debug */,
				234130BB1F9606CD002BE7FC /* Release */,
			);
			defaultConfigurationIsVisible = 0;
			defaultConfigurationName = Release;
		};
		23725079200522820000A442 /* Build configuration list for PBXNativeTarget "AdvancedOperation Tests macOS" */ = {
			isa = XCConfigurationList;
			buildConfigurations = (
				2372507A200522820000A442 /* Debug */,
				2372507B200522820000A442 /* Release */,
			);
			defaultConfigurationIsVisible = 0;
			defaultConfigurationName = Release;
		};
		2372B4381F960DBA00189A32 /* Build configuration list for PBXNativeTarget "AdvancedOperation Tests iOS" */ = {
			isa = XCConfigurationList;
			buildConfigurations = (
				2372B4361F960DBA00189A32 /* Debug */,
				2372B4371F960DBA00189A32 /* Release */,
			);
			defaultConfigurationIsVisible = 0;
			defaultConfigurationName = Release;
		};
		2372B4451F960DCB00189A32 /* Build configuration list for PBXNativeTarget "AdvancedOperation Tests tvOS" */ = {
			isa = XCConfigurationList;
			buildConfigurations = (
				2372B4461F960DCB00189A32 /* Debug */,
				2372B4471F960DCB00189A32 /* Release */,
			);
			defaultConfigurationIsVisible = 0;
			defaultConfigurationName = Release;
		};
		23DC2C812014F5DB00270CA3 /* Build configuration list for PBXAggregateTarget "Cleanup whitespace" */ = {
			isa = XCConfigurationList;
			buildConfigurations = (
				23DC2C7F2014F5DB00270CA3 /* Debug */,
				23DC2C802014F5DB00270CA3 /* Release */,
			);
			defaultConfigurationIsVisible = 0;
			defaultConfigurationName = Release;
		};
		D2F96AB525FE53630085641B /* Build configuration list for PBXNativeTarget "AdvancedOperation Tests watchOS" */ = {
			isa = XCConfigurationList;
			buildConfigurations = (
				D2F96AB325FE53630085641B /* Debug */,
				D2F96AB425FE53630085641B /* Release */,
			);
			defaultConfigurationIsVisible = 0;
			defaultConfigurationName = Release;
		};
/* End XCConfigurationList section */
	};
	rootObject = 2341307E1F9605F5002BE7FC /* Project object */;
}
